{
  "version": 4,
  "terraform_version": "1.6.5",
  "serial": 41,
  "lineage": "61eafe40-fc9a-c124-1b33-6423f7c812fb",
  "outputs": {
    "ADNames": {
      "value": [
        "njRo:EU-FRANKFURT-1-AD-1",
        "njRo:EU-FRANKFURT-1-AD-2",
        "njRo:EU-FRANKFURT-1-AD-3"
      ],
      "type": [
        "tuple",
        [
          "string",
          "string",
          "string"
        ]
      ]
    },
    "AllServicesDestination": {
      "value": [
        {
          "cidr_block": "all-fra-services-in-oracle-services-network",
          "description": "All FRA Services In Oracle Services Network",
          "id": "ocid1.service.oc1.eu-frankfurt-1.aaaaaaaa7ncsqkj6lkz36dehifizupyn6qjqsmtepsegs23yyntnsy7qrvea",
          "name": "All FRA Services In Oracle Services Network"
        }
      ],
      "type": [
        "list",
        [
          "object",
          {
            "cidr_block": "string",
            "description": "string",
            "id": "string",
            "name": "string"
          }
        ]
      ]
    },
    "Home_Region_Name": {
      "value": "eu-frankfurt-1",
      "type": "string"
    },
    "ObjectStorageServicesDestination": {
      "value": {
        "filter": [
          {
            "name": "cidr_block",
            "regex": true,
            "values": [
              "\\w*objectstorage"
            ]
          }
        ],
        "id": "CoreServicesDataSource-0",
        "services": [
          {
            "cidr_block": "oci-fra-objectstorage",
            "description": "OCI FRA Object Storage",
            "id": "ocid1.service.oc1.eu-frankfurt-1.aaaaaaaalblrg4eycfxwohulzwwq63btwptzs2hva3muxfan5ro5x7glehtq",
            "name": "OCI FRA Object Storage"
          }
        ]
      },
      "type": [
        "object",
        {
          "filter": [
            "set",
            [
              "object",
              {
                "name": "string",
                "regex": "bool",
                "values": [
                  "list",
                  "string"
                ]
              }
            ]
          ],
          "id": "string",
          "services": [
            "list",
            [
              "object",
              {
                "cidr_block": "string",
                "description": "string",
                "id": "string",
                "name": "string"
              }
            ]
          ]
        }
      ]
    },
    "Okit_287ec2af89c941eca1e4c6da503cb322Id": {
      "value": "ocid1.compartment.oc1..aaaaaaaaw54otb3tc2rns2xzfk7phgul4c6edror5pdrl3fnqypty477yvsq",
      "type": "string"
    },
    "Okit_6f8394f5a1024176b7c7d011fa004a2dId": {
      "value": "ocid1.compartment.oc1..aaaaaaaaiaj3rw5kmtfzvlapibjednkxqkcowyloo6fd2wahujfi7eqqor7q",
      "type": "string"
    },
    "Okit_857cddee5ba5440daf16e40e038ad535Id": {
      "value": "ocid1.compartment.oc1..aaaaaaaazssgidvryyk3ptjq35dstrbjoc3ndub6lznuhnuqgqommezjddfa",
      "type": "string"
    }
  },
  "resources": [
    {
      "mode": "data",
      "type": "oci_core_images",
      "name": "InstanceImages",
      "provider": "provider[\"registry.terraform.io/oracle/oci\"]",
      "instances": [
        {
          "schema_version": 0,
          "attributes": {
            "compartment_id": "ocid1.compartment.oc1..aaaaaaaazssgidvryyk3ptjq35dstrbjoc3ndub6lznuhnuqgqommezjddfa",
            "display_name": null,
            "filter": null,
            "id": "CoreImagesDataSource-1219429346",
            "images": [
              {
                "agent_features": [],
                "base_image_id": "",
                "billable_size_in_gbs": "15",
                "compartment_id": "",
                "create_image_allowed": true,
                "defined_tags": {},
                "display_name": "Windows-Server-2022-Standard-Edition-VM-PV-2023.10.10-0",
                "freeform_tags": {},
                "id": "ocid1.image.oc1.eu-frankfurt-1.aaaaaaaakzzr6i4kcudezgu6xjmrps4nqdn3od2nw726yxer3ub4vy7c4rkq",
                "image_source_details": [],
                "instance_id": "",
                "launch_mode": "CUSTOM",
                "launch_options": [
                  {
                    "boot_volume_type": "PARAVIRTUALIZED",
                    "firmware": "UEFI_64",
                    "is_consistent_volume_naming_enabled": false,
                    "is_pv_encryption_in_transit_enabled": true,
                    "network_type": "PARAVIRTUALIZED",
                    "remote_data_volume_type": "PARAVIRTUALIZED"
                  }
                ],
                "listing_type": "",
                "operating_system": "Windows",
                "operating_system_version": "Server 2022 Standard",
                "size_in_mbs": "48128",
                "state": "AVAILABLE",
                "time_created": "2023-11-20 13:57:57.949 +0000 UTC"
              },
              {
                "agent_features": [],
                "base_image_id": "",
                "billable_size_in_gbs": "15",
                "compartment_id": "",
                "create_image_allowed": true,
                "defined_tags": {},
                "display_name": "Windows-Server-2022-Standard-Edition-VM-PV-2023.09.12-0",
                "freeform_tags": {},
                "id": "ocid1.image.oc1.eu-frankfurt-1.aaaaaaaa6nc3l5s3tlhwvoesjlvjvpj2ntirl4gl7mfy2enz7id5h7awtzmq",
                "image_source_details": [],
                "instance_id": "",
                "launch_mode": "CUSTOM",
                "launch_options": [
                  {
                    "boot_volume_type": "PARAVIRTUALIZED",
                    "firmware": "UEFI_64",
                    "is_consistent_volume_naming_enabled": false,
                    "is_pv_encryption_in_transit_enabled": true,
                    "network_type": "PARAVIRTUALIZED",
                    "remote_data_volume_type": "PARAVIRTUALIZED"
                  }
                ],
                "listing_type": "",
                "operating_system": "Windows",
                "operating_system_version": "Server 2022 Standard",
                "size_in_mbs": "48128",
                "state": "AVAILABLE",
                "time_created": "2023-10-06 08:10:40.511 +0000 UTC"
              },
              {
                "agent_features": [],
                "base_image_id": "",
                "billable_size_in_gbs": "15",
                "compartment_id": "",
                "create_image_allowed": true,
                "defined_tags": {},
                "display_name": "Windows-Server-2022-Standard-Edition-VM-PV-2023.08.17-0",
                "freeform_tags": {},
                "id": "ocid1.image.oc1.eu-frankfurt-1.aaaaaaaafzo32routdfe46c2lgjp5kywpudr3i5bouki72hiajbubsmkc6ba",
                "image_source_details": [],
                "instance_id": "",
                "launch_mode": "CUSTOM",
                "launch_options": [
                  {
                    "boot_volume_type": "PARAVIRTUALIZED",
                    "firmware": "UEFI_64",
                    "is_consistent_volume_naming_enabled": false,
                    "is_pv_encryption_in_transit_enabled": true,
                    "network_type": "PARAVIRTUALIZED",
                    "remote_data_volume_type": "PARAVIRTUALIZED"
                  }
                ],
                "listing_type": "",
                "operating_system": "Windows",
                "operating_system_version": "Server 2022 Standard",
                "size_in_mbs": "48128",
                "state": "AVAILABLE",
                "time_created": "2023-09-06 07:59:16.887 +0000 UTC"
              },
              {
                "agent_features": [],
                "base_image_id": "",
                "billable_size_in_gbs": "15",
                "compartment_id": "",
                "create_image_allowed": true,
                "defined_tags": {},
                "display_name": "Windows-Server-2022-Standard-Edition-VM-2023.10.10-0",
                "freeform_tags": {},
                "id": "ocid1.image.oc1.eu-frankfurt-1.aaaaaaaaado3qpo2htt6elrfvupjshrostyzxnlufwdmd2egtieof6ynsdpa",
                "image_source_details": [],
                "instance_id": "",
                "launch_mode": "CUSTOM",
                "launch_options": [
                  {
                    "boot_volume_type": "PARAVIRTUALIZED",
                    "firmware": "UEFI_64",
                    "is_consistent_volume_naming_enabled": false,
                    "is_pv_encryption_in_transit_enabled": true,
                    "network_type": "PARAVIRTUALIZED",
                    "remote_data_volume_type": "PARAVIRTUALIZED"
                  }
                ],
                "listing_type": "",
                "operating_system": "Windows",
                "operating_system_version": "Server 2022 Standard",
                "size_in_mbs": "48128",
                "state": "AVAILABLE",
                "time_created": "2023-11-20 13:58:11.576 +0000 UTC"
              },
              {
                "agent_features": [],
                "base_image_id": "",
                "billable_size_in_gbs": "15",
                "compartment_id": "",
                "create_image_allowed": true,
                "defined_tags": {},
                "display_name": "Windows-Server-2022-Standard-Edition-VM-2023.09.28-0",
                "freeform_tags": {},
                "id": "ocid1.image.oc1.eu-frankfurt-1.aaaaaaaa2dygzshpzpof5qdy7tycd4i6ux3d7doe7jfm7satxtydp4sbad3q",
                "image_source_details": [],
                "instance_id": "",
                "launch_mode": "CUSTOM",
                "launch_options": [
                  {
                    "boot_volume_type": "PARAVIRTUALIZED",
                    "firmware": "UEFI_64",
                    "is_consistent_volume_naming_enabled": false,
                    "is_pv_encryption_in_transit_enabled": true,
                    "network_type": "PARAVIRTUALIZED",
                    "remote_data_volume_type": "PARAVIRTUALIZED"
                  }
                ],
                "listing_type": "",
                "operating_system": "Windows",
                "operating_system_version": "Server 2022 Standard",
                "size_in_mbs": "48128",
                "state": "AVAILABLE",
                "time_created": "2023-10-06 08:10:36.225 +0000 UTC"
              },
              {
                "agent_features": [],
                "base_image_id": "",
                "billable_size_in_gbs": "15",
                "compartment_id": "",
                "create_image_allowed": true,
                "defined_tags": {},
                "display_name": "Windows-Server-2022-Standard-Edition-VM-2023.08.17-0",
                "freeform_tags": {},
                "id": "ocid1.image.oc1.eu-frankfurt-1.aaaaaaaapb3uaj2dki4ozaebzok2khgzurxob4zkyqum57zzivkmprkikgja",
                "image_source_details": [],
                "instance_id": "",
                "launch_mode": "CUSTOM",
                "launch_options": [
                  {
                    "boot_volume_type": "PARAVIRTUALIZED",
                    "firmware": "UEFI_64",
                    "is_consistent_volume_naming_enabled": false,
                    "is_pv_encryption_in_transit_enabled": true,
                    "network_type": "PARAVIRTUALIZED",
                    "remote_data_volume_type": "PARAVIRTUALIZED"
                  }
                ],
                "listing_type": "",
                "operating_system": "Windows",
                "operating_system_version": "Server 2022 Standard",
                "size_in_mbs": "48128",
                "state": "AVAILABLE",
                "time_created": "2023-09-06 07:58:52.756 +0000 UTC"
              },
              {
                "agent_features": [],
                "base_image_id": "",
                "billable_size_in_gbs": "10",
                "compartment_id": "",
                "create_image_allowed": true,
                "defined_tags": {},
                "display_name": "Windows-Server-2022-Standard-Core-VM-2023.10.10-0",
                "freeform_tags": {},
                "id": "ocid1.image.oc1.eu-frankfurt-1.aaaaaaaa4gggcf5xfzaeu36aepl6ll3bkswink6bw53ivitl22wg7o2tkbga",
                "image_source_details": [],
                "instance_id": "",
                "launch_mode": "CUSTOM",
                "launch_options": [
                  {
                    "boot_volume_type": "PARAVIRTUALIZED",
                    "firmware": "UEFI_64",
                    "is_consistent_volume_naming_enabled": false,
                    "is_pv_encryption_in_transit_enabled": true,
                    "network_type": "PARAVIRTUALIZED",
                    "remote_data_volume_type": "PARAVIRTUALIZED"
                  }
                ],
                "listing_type": "",
                "operating_system": "Windows",
                "operating_system_version": "Server 2022 Standard Core",
                "size_in_mbs": "48128",
                "state": "AVAILABLE",
                "time_created": "2023-11-20 13:57:38.58 +0000 UTC"
              },
              {
                "agent_features": [],
                "base_image_id": "",
                "billable_size_in_gbs": "10",
                "compartment_id": "",
                "create_image_allowed": true,
                "defined_tags": {},
                "display_name": "Windows-Server-2022-Standard-Core-VM-2023.09.28-0",
                "freeform_tags": {},
                "id": "ocid1.image.oc1.eu-frankfurt-1.aaaaaaaaqr7ithyjmhpyenvv4mzdvobgi4x5jlqgfq7zu4ftqjyicbonqzfq",
                "image_source_details": [],
                "instance_id": "",
                "launch_mode": "CUSTOM",
                "launch_options": [
                  {
                    "boot_volume_type": "PARAVIRTUALIZED",
                    "firmware": "UEFI_64",
                    "is_consistent_volume_naming_enabled": false,
                    "is_pv_encryption_in_transit_enabled": true,
                    "network_type": "PARAVIRTUALIZED",
                    "remote_data_volume_type": "PARAVIRTUALIZED"
                  }
                ],
                "listing_type": "",
                "operating_system": "Windows",
                "operating_system_version": "Server 2022 Standard Core",
                "size_in_mbs": "48128",
                "state": "AVAILABLE",
                "time_created": "2023-10-06 08:11:01.52 +0000 UTC"
              },
              {
                "agent_features": [],
                "base_image_id": "",
                "billable_size_in_gbs": "10",
                "compartment_id": "",
                "create_image_allowed": true,
                "defined_tags": {},
                "display_name": "Windows-Server-2022-Standard-Core-VM-2023.08.17-0",
                "freeform_tags": {},
                "id": "ocid1.image.oc1.eu-frankfurt-1.aaaaaaaa3yazurmf3ncsvw3llmu3ony2c3zuzflzj377hngbofdlhnzp54ka",
                "image_source_details": [],
                "instance_id": "",
                "launch_mode": "CUSTOM",
                "launch_options": [
                  {
                    "boot_volume_type": "PARAVIRTUALIZED",
                    "firmware": "UEFI_64",
                    "is_consistent_volume_naming_enabled": false,
                    "is_pv_encryption_in_transit_enabled": true,
                    "network_type": "PARAVIRTUALIZED",
                    "remote_data_volume_type": "PARAVIRTUALIZED"
                  }
                ],
                "listing_type": "",
                "operating_system": "Windows",
                "operating_system_version": "Server 2022 Standard Core",
                "size_in_mbs": "48128",
                "state": "AVAILABLE",
                "time_created": "2023-09-06 07:58:26.05 +0000 UTC"
              },
              {
                "agent_features": [],
                "base_image_id": "",
                "billable_size_in_gbs": "15",
                "compartment_id": "",
                "create_image_allowed": true,
                "defined_tags": {},
                "display_name": "Windows-Server-2022-Datacenter-Edition-BM-X9-2023.10.10-0",
                "freeform_tags": {},
                "id": "ocid1.image.oc1.eu-frankfurt-1.aaaaaaaaga3h2xn2zqnl537tjarz6jrg53zokjkzsc47tqwa53p7vjelepdq",
                "image_source_details": [],
                "instance_id": "",
                "launch_mode": "PARAVIRTUALIZED",
                "launch_options": [
                  {
                    "boot_volume_type": "PARAVIRTUALIZED",
                    "firmware": "UEFI_64",
                    "is_consistent_volume_naming_enabled": false,
                    "is_pv_encryption_in_transit_enabled": true,
                    "network_type": "VFIO",
                    "remote_data_volume_type": "PARAVIRTUALIZED"
                  }
                ],
                "listing_type": "",
                "operating_system": "Windows",
                "operating_system_version": "Server 2022 Datacenter",
                "size_in_mbs": "48128",
                "state": "AVAILABLE",
                "time_created": "2023-11-20 14:14:07.561 +0000 UTC"
              },
              {
                "agent_features": [],
                "base_image_id": "",
                "billable_size_in_gbs": "15",
                "compartment_id": "",
                "create_image_allowed": true,
                "defined_tags": {},
                "display_name": "Windows-Server-2022-Datacenter-Edition-BM-X9-2023.09.12-0",
                "freeform_tags": {},
                "id": "ocid1.image.oc1.eu-frankfurt-1.aaaaaaaauuy5sees63slqs7epoe62ge4crmxc56ctqmjojntrdharhifj34a",
                "image_source_details": [],
                "instance_id": "",
                "launch_mode": "PARAVIRTUALIZED",
                "launch_options": [
                  {
                    "boot_volume_type": "PARAVIRTUALIZED",
                    "firmware": "UEFI_64",
                    "is_consistent_volume_naming_enabled": false,
                    "is_pv_encryption_in_transit_enabled": true,
                    "network_type": "VFIO",
                    "remote_data_volume_type": "PARAVIRTUALIZED"
                  }
                ],
                "listing_type": "",
                "operating_system": "Windows",
                "operating_system_version": "Server 2022 Datacenter",
                "size_in_mbs": "48128",
                "state": "AVAILABLE",
                "time_created": "2023-10-09 07:02:23.039 +0000 UTC"
              },
              {
                "agent_features": [],
                "base_image_id": "",
                "billable_size_in_gbs": "14",
                "compartment_id": "",
                "create_image_allowed": true,
                "defined_tags": {},
                "display_name": "Windows-Server-2022-Datacenter-Edition-BM-X9-2023.08.21-0",
                "freeform_tags": {},
                "id": "ocid1.image.oc1.eu-frankfurt-1.aaaaaaaao2ly5olauhqy2rp7rbmdjwmgwrm3j6tmlokm44gv3xyrazqjgjsq",
                "image_source_details": [],
                "instance_id": "",
                "launch_mode": "PARAVIRTUALIZED",
                "launch_options": [
                  {
                    "boot_volume_type": "PARAVIRTUALIZED",
                    "firmware": "UEFI_64",
                    "is_consistent_volume_naming_enabled": false,
                    "is_pv_encryption_in_transit_enabled": true,
                    "network_type": "VFIO",
                    "remote_data_volume_type": "PARAVIRTUALIZED"
                  }
                ],
                "listing_type": "",
                "operating_system": "Windows",
                "operating_system_version": "Server 2022 Datacenter",
                "size_in_mbs": "48128",
                "state": "AVAILABLE",
                "time_created": "2023-09-06 07:59:04.712 +0000 UTC"
              },
              {
                "agent_features": [],
                "base_image_id": "",
                "billable_size_in_gbs": "15",
                "compartment_id": "",
                "create_image_allowed": true,
                "defined_tags": {},
                "display_name": "Windows-Server-2022-Datacenter-Edition-BM-E5-2023.10.18-0",
                "freeform_tags": {},
                "id": "ocid1.image.oc1.eu-frankfurt-1.aaaaaaaawjn462n5zpsyndyskvozl6oi7cq3x5yylelzybic35ty3k3apf7a",
                "image_source_details": [],
                "instance_id": "",
                "launch_mode": "PARAVIRTUALIZED",
                "launch_options": [
                  {
                    "boot_volume_type": "PARAVIRTUALIZED",
                    "firmware": "UEFI_64",
                    "is_consistent_volume_naming_enabled": false,
                    "is_pv_encryption_in_transit_enabled": true,
                    "network_type": "VFIO",
                    "remote_data_volume_type": "PARAVIRTUALIZED"
                  }
                ],
                "listing_type": "",
                "operating_system": "Windows",
                "operating_system_version": "Server 2022 Datacenter",
                "size_in_mbs": "48128",
                "state": "AVAILABLE",
                "time_created": "2023-11-20 14:14:08.287 +0000 UTC"
              },
              {
                "agent_features": [],
                "base_image_id": "",
                "billable_size_in_gbs": "15",
                "compartment_id": "",
                "create_image_allowed": true,
                "defined_tags": {},
                "display_name": "Windows-Server-2022-Datacenter-Edition-BM-E5-2023.09.12-0",
                "freeform_tags": {},
                "id": "ocid1.image.oc1.eu-frankfurt-1.aaaaaaaa3xvugvw5pxhnkqpqllne6jw7xdgdg5h2c2jnyz6ui7bmxvi5qq3q",
                "image_source_details": [],
                "instance_id": "",
                "launch_mode": "PARAVIRTUALIZED",
                "launch_options": [
                  {
                    "boot_volume_type": "PARAVIRTUALIZED",
                    "firmware": "UEFI_64",
                    "is_consistent_volume_naming_enabled": false,
                    "is_pv_encryption_in_transit_enabled": true,
                    "network_type": "VFIO",
                    "remote_data_volume_type": "PARAVIRTUALIZED"
                  }
                ],
                "listing_type": "",
                "operating_system": "Windows",
                "operating_system_version": "Server 2022 Datacenter",
                "size_in_mbs": "48128",
                "state": "AVAILABLE",
                "time_created": "2023-10-09 07:02:49.035 +0000 UTC"
              },
              {
                "agent_features": [],
                "base_image_id": "",
                "billable_size_in_gbs": "15",
                "compartment_id": "",
                "create_image_allowed": true,
                "defined_tags": {},
                "display_name": "Windows-Server-2022-Datacenter-Edition-BM-E5-2023.08.28-0",
                "freeform_tags": {},
                "id": "ocid1.image.oc1.eu-frankfurt-1.aaaaaaaaie2p6z3tssa43ucp7qpsjhm4p4vxhbqangtbtzfhlfrr64k6ws7q",
                "image_source_details": [],
                "instance_id": "",
                "launch_mode": "PARAVIRTUALIZED",
                "launch_options": [
                  {
                    "boot_volume_type": "PARAVIRTUALIZED",
                    "firmware": "UEFI_64",
                    "is_consistent_volume_naming_enabled": false,
                    "is_pv_encryption_in_transit_enabled": true,
                    "network_type": "VFIO",
                    "remote_data_volume_type": "PARAVIRTUALIZED"
                  }
                ],
                "listing_type": "",
                "operating_system": "Windows",
                "operating_system_version": "Server 2022 Datacenter",
                "size_in_mbs": "48128",
                "state": "AVAILABLE",
                "time_created": "2023-09-06 07:59:40.215 +0000 UTC"
              },
              {
                "agent_features": [],
                "base_image_id": "",
                "billable_size_in_gbs": "15",
                "compartment_id": "",
                "create_image_allowed": true,
                "defined_tags": {},
                "display_name": "Windows-Server-2022-Datacenter-Edition-BM-E4-DenseIO-2023.10.17-0",
                "freeform_tags": {},
                "id": "ocid1.image.oc1.eu-frankfurt-1.aaaaaaaad6cdzqlypidfnc7o5tcddptahiskvjvkwobf46ejkrwyj4xxmyeq",
                "image_source_details": [],
                "instance_id": "",
                "launch_mode": "PARAVIRTUALIZED",
                "launch_options": [
                  {
                    "boot_volume_type": "PARAVIRTUALIZED",
                    "firmware": "UEFI_64",
                    "is_consistent_volume_naming_enabled": false,
                    "is_pv_encryption_in_transit_enabled": true,
                    "network_type": "VFIO",
                    "remote_data_volume_type": "PARAVIRTUALIZED"
                  }
                ],
                "listing_type": "",
                "operating_system": "Windows",
                "operating_system_version": "Server 2022 Datacenter",
                "size_in_mbs": "48128",
                "state": "AVAILABLE",
                "time_created": "2023-11-20 14:14:23.195 +0000 UTC"
              },
              {
                "agent_features": [],
                "base_image_id": "",
                "billable_size_in_gbs": "15",
                "compartment_id": "",
                "create_image_allowed": true,
                "defined_tags": {},
                "display_name": "Windows-Server-2022-Datacenter-Edition-BM-E4-2023.10.10-0",
                "freeform_tags": {},
                "id": "ocid1.image.oc1.eu-frankfurt-1.aaaaaaaa6ryl2u6xpou3j5frxhowu3rctwt6oewoekbjjuiwnc7rczzkg2lq",
                "image_source_details": [],
                "instance_id": "",
                "launch_mode": "PARAVIRTUALIZED",
                "launch_options": [
                  {
                    "boot_volume_type": "PARAVIRTUALIZED",
                    "firmware": "UEFI_64",
                    "is_consistent_volume_naming_enabled": false,
                    "is_pv_encryption_in_transit_enabled": true,
                    "network_type": "VFIO",
                    "remote_data_volume_type": "PARAVIRTUALIZED"
                  }
                ],
                "listing_type": "",
                "operating_system": "Windows",
                "operating_system_version": "Server 2022 Datacenter",
                "size_in_mbs": "48128",
                "state": "AVAILABLE",
                "time_created": "2023-11-20 14:14:28.765 +0000 UTC"
              },
              {
                "agent_features": [],
                "base_image_id": "",
                "billable_size_in_gbs": "15",
                "compartment_id": "",
                "create_image_allowed": true,
                "defined_tags": {},
                "display_name": "Windows-Server-2022-Datacenter-Edition-BM-E4-2023.09.28-0",
                "freeform_tags": {},
                "id": "ocid1.image.oc1.eu-frankfurt-1.aaaaaaaa5eiula3ua7viyn6ejcmyddl4y3aqjslhqsixi3omycblcxdlyerq",
                "image_source_details": [],
                "instance_id": "",
                "launch_mode": "PARAVIRTUALIZED",
                "launch_options": [
                  {
                    "boot_volume_type": "PARAVIRTUALIZED",
                    "firmware": "UEFI_64",
                    "is_consistent_volume_naming_enabled": false,
                    "is_pv_encryption_in_transit_enabled": true,
                    "network_type": "VFIO",
                    "remote_data_volume_type": "PARAVIRTUALIZED"
                  }
                ],
                "listing_type": "",
                "operating_system": "Windows",
                "operating_system_version": "Server 2022 Datacenter",
                "size_in_mbs": "48128",
                "state": "AVAILABLE",
                "time_created": "2023-10-09 07:02:56.057 +0000 UTC"
              },
              {
                "agent_features": [],
                "base_image_id": "",
                "billable_size_in_gbs": "14",
                "compartment_id": "",
                "create_image_allowed": true,
                "defined_tags": {},
                "display_name": "Windows-Server-2022-Datacenter-Edition-BM-E4-2023.06.13-0",
                "freeform_tags": {},
                "id": "ocid1.image.oc1.eu-frankfurt-1.aaaaaaaaqczsew3gj25qyrsysrkbu4ca6jxqlcx6jictqivykzmw4ot4e2ga",
                "image_source_details": [],
                "instance_id": "",
                "launch_mode": "CUSTOM",
                "launch_options": [
                  {
                    "boot_volume_type": "PARAVIRTUALIZED",
                    "firmware": "UEFI_64",
                    "is_consistent_volume_naming_enabled": false,
                    "is_pv_encryption_in_transit_enabled": true,
                    "network_type": "VFIO",
                    "remote_data_volume_type": "PARAVIRTUALIZED"
                  }
                ],
                "listing_type": "",
                "operating_system": "Windows",
                "operating_system_version": "Server 2022 Datacenter",
                "size_in_mbs": "48128",
                "state": "AVAILABLE",
                "time_created": "2023-07-14 20:19:11.183 +0000 UTC"
              },
              {
                "agent_features": [],
                "base_image_id": "",
                "billable_size_in_gbs": "15",
                "compartment_id": "",
                "create_image_allowed": true,
                "defined_tags": {},
                "display_name": "Windows-Server-2022-Datacenter-Edition-BM-E3-2023.10.10-0",
                "freeform_tags": {},
                "id": "ocid1.image.oc1.eu-frankfurt-1.aaaaaaaamcon26crv62xojygssyoxvzm52qzqg46bdy5cmglku3s37b4vpeq",
                "image_source_details": [],
                "instance_id": "",
                "launch_mode": "PARAVIRTUALIZED",
                "launch_options": [
                  {
                    "boot_volume_type": "PARAVIRTUALIZED",
                    "firmware": "UEFI_64",
                    "is_consistent_volume_naming_enabled": false,
                    "is_pv_encryption_in_transit_enabled": true,
                    "network_type": "VFIO",
                    "remote_data_volume_type": "PARAVIRTUALIZED"
                  }
                ],
                "listing_type": "",
                "operating_system": "Windows",
                "operating_system_version": "Server 2022 Datacenter",
                "size_in_mbs": "48128",
                "state": "AVAILABLE",
                "time_created": "2023-11-20 14:13:44.067 +0000 UTC"
              },
              {
                "agent_features": [],
                "base_image_id": "",
                "billable_size_in_gbs": "15",
                "compartment_id": "",
                "create_image_allowed": true,
                "defined_tags": {},
                "display_name": "Windows-Server-2022-Datacenter-Edition-BM-E3-2023.09.12-0",
                "freeform_tags": {},
                "id": "ocid1.image.oc1.eu-frankfurt-1.aaaaaaaa4rdc7qpelgujd5cwk65ecnvno5xxhvhcjzos5izxwxqcaiqvbiha",
                "image_source_details": [],
                "instance_id": "",
                "launch_mode": "PARAVIRTUALIZED",
                "launch_options": [
                  {
                    "boot_volume_type": "PARAVIRTUALIZED",
                    "firmware": "UEFI_64",
                    "is_consistent_volume_naming_enabled": false,
                    "is_pv_encryption_in_transit_enabled": true,
                    "network_type": "VFIO",
                    "remote_data_volume_type": "PARAVIRTUALIZED"
                  }
                ],
                "listing_type": "",
                "operating_system": "Windows",
                "operating_system_version": "Server 2022 Datacenter",
                "size_in_mbs": "48128",
                "state": "AVAILABLE",
                "time_created": "2023-10-09 07:03:19.02 +0000 UTC"
              },
              {
                "agent_features": [],
                "base_image_id": "",
                "billable_size_in_gbs": "14",
                "compartment_id": "",
                "create_image_allowed": true,
                "defined_tags": {},
                "display_name": "Windows-Server-2022-Datacenter-Edition-BM-E3-2023.08.17-0",
                "freeform_tags": {},
                "id": "ocid1.image.oc1.eu-frankfurt-1.aaaaaaaa7kwiklbiyhhdzqnuomij4qbktb3vob7t5orc2wbprqubbjcayy6q",
                "image_source_details": [],
                "instance_id": "",
                "launch_mode": "PARAVIRTUALIZED",
                "launch_options": [
                  {
                    "boot_volume_type": "PARAVIRTUALIZED",
                    "firmware": "UEFI_64",
                    "is_consistent_volume_naming_enabled": false,
                    "is_pv_encryption_in_transit_enabled": true,
                    "network_type": "VFIO",
                    "remote_data_volume_type": "PARAVIRTUALIZED"
                  }
                ],
                "listing_type": "",
                "operating_system": "Windows",
                "operating_system_version": "Server 2022 Datacenter",
                "size_in_mbs": "48128",
                "state": "AVAILABLE",
                "time_created": "2023-09-06 07:59:05.31 +0000 UTC"
              },
              {
                "agent_features": [],
                "base_image_id": "",
                "billable_size_in_gbs": "15",
                "compartment_id": "",
                "create_image_allowed": true,
                "defined_tags": {},
                "display_name": "Windows-Server-2019-Standard-Edition-VM-Gen2-2023.10.10-0",
                "freeform_tags": {},
                "id": "ocid1.image.oc1.eu-frankfurt-1.aaaaaaaaitjppesbirclfxzntyyohzsiqv6rd5rgl4btlvv4i6fq7uepvzqq",
                "image_source_details": [],
                "instance_id": "",
                "launch_mode": "CUSTOM",
                "launch_options": [
                  {
                    "boot_volume_type": "PARAVIRTUALIZED",
                    "firmware": "UEFI_64",
                    "is_consistent_volume_naming_enabled": false,
                    "is_pv_encryption_in_transit_enabled": true,
                    "network_type": "PARAVIRTUALIZED",
                    "remote_data_volume_type": "PARAVIRTUALIZED"
                  }
                ],
                "listing_type": "",
                "operating_system": "Windows",
                "operating_system_version": "Server 2019 Standard",
                "size_in_mbs": "48128",
                "state": "AVAILABLE",
                "time_created": "2023-11-20 13:57:26.899 +0000 UTC"
              },
              {
                "agent_features": [],
                "base_image_id": "",
                "billable_size_in_gbs": "15",
                "compartment_id": "",
                "create_image_allowed": true,
                "defined_tags": {},
                "display_name": "Windows-Server-2019-Standard-Edition-VM-Gen2-2023.09.12-0",
                "freeform_tags": {},
                "id": "ocid1.image.oc1.eu-frankfurt-1.aaaaaaaarkz3ict6p2jftp52dpe7f44culhu7sq2fgbfwqoj77aam5cyi5nq",
                "image_source_details": [],
                "instance_id": "",
                "launch_mode": "CUSTOM",
                "launch_options": [
                  {
                    "boot_volume_type": "PARAVIRTUALIZED",
                    "firmware": "UEFI_64",
                    "is_consistent_volume_naming_enabled": false,
                    "is_pv_encryption_in_transit_enabled": true,
                    "network_type": "PARAVIRTUALIZED",
                    "remote_data_volume_type": "PARAVIRTUALIZED"
                  }
                ],
                "listing_type": "",
                "operating_system": "Windows",
                "operating_system_version": "Server 2019 Standard",
                "size_in_mbs": "48128",
                "state": "AVAILABLE",
                "time_created": "2023-10-06 08:10:15.961 +0000 UTC"
              },
              {
                "agent_features": [],
                "base_image_id": "",
                "billable_size_in_gbs": "15",
                "compartment_id": "",
                "create_image_allowed": true,
                "defined_tags": {},
                "display_name": "Windows-Server-2019-Standard-Edition-VM-Gen2-2023.08.17-0",
                "freeform_tags": {},
                "id": "ocid1.image.oc1.eu-frankfurt-1.aaaaaaaa277bu6frtsqgvaty6zr53pytwbdhirrdegbgvyi53eew6odlvqxq",
                "image_source_details": [],
                "instance_id": "",
                "launch_mode": "CUSTOM",
                "launch_options": [
                  {
                    "boot_volume_type": "PARAVIRTUALIZED",
                    "firmware": "UEFI_64",
                    "is_consistent_volume_naming_enabled": false,
                    "is_pv_encryption_in_transit_enabled": true,
                    "network_type": "PARAVIRTUALIZED",
                    "remote_data_volume_type": "PARAVIRTUALIZED"
                  }
                ],
                "listing_type": "",
                "operating_system": "Windows",
                "operating_system_version": "Server 2019 Standard",
                "size_in_mbs": "48128",
                "state": "AVAILABLE",
                "time_created": "2023-09-06 07:58:12.2 +0000 UTC"
              },
              {
                "agent_features": [],
                "base_image_id": "",
                "billable_size_in_gbs": "15",
                "compartment_id": "",
                "create_image_allowed": true,
                "defined_tags": {},
                "display_name": "Windows-Server-2019-Standard-Edition-VM-2023.10.10-0",
                "freeform_tags": {},
                "id": "ocid1.image.oc1.eu-frankfurt-1.aaaaaaaa6qlwzivzg6bhpyxi63dzsnyarqchfz2gnddtwfbypxmigi4c4nzq",
                "image_source_details": [],
                "instance_id": "",
                "launch_mode": "CUSTOM",
                "launch_options": [
                  {
                    "boot_volume_type": "PARAVIRTUALIZED",
                    "firmware": "UEFI_64",
                    "is_consistent_volume_naming_enabled": false,
                    "is_pv_encryption_in_transit_enabled": true,
                    "network_type": "PARAVIRTUALIZED",
                    "remote_data_volume_type": "PARAVIRTUALIZED"
                  }
                ],
                "listing_type": "",
                "operating_system": "Windows",
                "operating_system_version": "Server 2019 Standard",
                "size_in_mbs": "48128",
                "state": "AVAILABLE",
                "time_created": "2023-11-20 13:57:30.631 +0000 UTC"
              },
              {
                "agent_features": [],
                "base_image_id": "",
                "billable_size_in_gbs": "15",
                "compartment_id": "",
                "create_image_allowed": true,
                "defined_tags": {},
                "display_name": "Windows-Server-2019-Standard-Edition-VM-2023.09.28-0",
                "freeform_tags": {},
                "id": "ocid1.image.oc1.eu-frankfurt-1.aaaaaaaaj6q2xuegjxdt3gqp5cho55mn2kuwmrezrwumk32oh5g5uq76iopa",
                "image_source_details": [],
                "instance_id": "",
                "launch_mode": "CUSTOM",
                "launch_options": [
                  {
                    "boot_volume_type": "PARAVIRTUALIZED",
                    "firmware": "UEFI_64",
                    "is_consistent_volume_naming_enabled": false,
                    "is_pv_encryption_in_transit_enabled": true,
                    "network_type": "PARAVIRTUALIZED",
                    "remote_data_volume_type": "PARAVIRTUALIZED"
                  }
                ],
                "listing_type": "",
                "operating_system": "Windows",
                "operating_system_version": "Server 2019 Standard",
                "size_in_mbs": "48128",
                "state": "AVAILABLE",
                "time_created": "2023-10-06 08:10:41.98 +0000 UTC"
              },
              {
                "agent_features": [],
                "base_image_id": "",
                "billable_size_in_gbs": "15",
                "compartment_id": "",
                "create_image_allowed": true,
                "defined_tags": {},
                "display_name": "Windows-Server-2019-Standard-Edition-VM-2023.08.17-0",
                "freeform_tags": {},
                "id": "ocid1.image.oc1.eu-frankfurt-1.aaaaaaaatreacnqvcytbnrmjfrueu2xudqqsq5o4ennhdpk76d2gilv672iq",
                "image_source_details": [],
                "instance_id": "",
                "launch_mode": "CUSTOM",
                "launch_options": [
                  {
                    "boot_volume_type": "PARAVIRTUALIZED",
                    "firmware": "UEFI_64",
                    "is_consistent_volume_naming_enabled": false,
                    "is_pv_encryption_in_transit_enabled": true,
                    "network_type": "PARAVIRTUALIZED",
                    "remote_data_volume_type": "PARAVIRTUALIZED"
                  }
                ],
                "listing_type": "",
                "operating_system": "Windows",
                "operating_system_version": "Server 2019 Standard",
                "size_in_mbs": "48128",
                "state": "AVAILABLE",
                "time_created": "2023-09-06 07:58:11.529 +0000 UTC"
              },
              {
                "agent_features": [],
                "base_image_id": "",
                "billable_size_in_gbs": "11",
                "compartment_id": "",
                "create_image_allowed": true,
                "defined_tags": {},
                "display_name": "Windows-Server-2019-Standard-Core-VM-2023.10.10-0",
                "freeform_tags": {},
                "id": "ocid1.image.oc1.eu-frankfurt-1.aaaaaaaa23qikluv5xjmzwspslzawx2kr476wxyjmrtairrobe5koi36kc3q",
                "image_source_details": [],
                "instance_id": "",
                "launch_mode": "CUSTOM",
                "launch_options": [
                  {
                    "boot_volume_type": "PARAVIRTUALIZED",
                    "firmware": "UEFI_64",
                    "is_consistent_volume_naming_enabled": false,
                    "is_pv_encryption_in_transit_enabled": true,
                    "network_type": "PARAVIRTUALIZED",
                    "remote_data_volume_type": "PARAVIRTUALIZED"
                  }
                ],
                "listing_type": "",
                "operating_system": "Windows",
                "operating_system_version": "Server 2019 Standard Core",
                "size_in_mbs": "48128",
                "state": "AVAILABLE",
                "time_created": "2023-11-20 13:57:59.094 +0000 UTC"
              },
              {
                "agent_features": [],
                "base_image_id": "",
                "billable_size_in_gbs": "11",
                "compartment_id": "",
                "create_image_allowed": true,
                "defined_tags": {},
                "display_name": "Windows-Server-2019-Standard-Core-VM-2023.09.28-0",
                "freeform_tags": {},
                "id": "ocid1.image.oc1.eu-frankfurt-1.aaaaaaaav7tk5zoa4rhhmnxkd6rip7qx7wyriw7f7xyw7djgj6a62c3xneiq",
                "image_source_details": [],
                "instance_id": "",
                "launch_mode": "CUSTOM",
                "launch_options": [
                  {
                    "boot_volume_type": "PARAVIRTUALIZED",
                    "firmware": "UEFI_64",
                    "is_consistent_volume_naming_enabled": false,
                    "is_pv_encryption_in_transit_enabled": true,
                    "network_type": "PARAVIRTUALIZED",
                    "remote_data_volume_type": "PARAVIRTUALIZED"
                  }
                ],
                "listing_type": "",
                "operating_system": "Windows",
                "operating_system_version": "Server 2019 Standard Core",
                "size_in_mbs": "48128",
                "state": "AVAILABLE",
                "time_created": "2023-10-06 08:10:16.578 +0000 UTC"
              },
              {
                "agent_features": [],
                "base_image_id": "",
                "billable_size_in_gbs": "11",
                "compartment_id": "",
                "create_image_allowed": true,
                "defined_tags": {},
                "display_name": "Windows-Server-2019-Standard-Core-VM-2023.08.17-0",
                "freeform_tags": {},
                "id": "ocid1.image.oc1.eu-frankfurt-1.aaaaaaaakd7do7cqldzdr436zbvqbpxqzjwy3okwmba44fofejxaaapdv5ra",
                "image_source_details": [],
                "instance_id": "",
                "launch_mode": "CUSTOM",
                "launch_options": [
                  {
                    "boot_volume_type": "PARAVIRTUALIZED",
                    "firmware": "UEFI_64",
                    "is_consistent_volume_naming_enabled": false,
                    "is_pv_encryption_in_transit_enabled": true,
                    "network_type": "PARAVIRTUALIZED",
                    "remote_data_volume_type": "PARAVIRTUALIZED"
                  }
                ],
                "listing_type": "",
                "operating_system": "Windows",
                "operating_system_version": "Server 2019 Standard Core",
                "size_in_mbs": "48128",
                "state": "AVAILABLE",
                "time_created": "2023-09-06 07:57:54.638 +0000 UTC"
              },
              {
                "agent_features": [],
                "base_image_id": "",
                "billable_size_in_gbs": "15",
                "compartment_id": "",
                "create_image_allowed": true,
                "defined_tags": {},
                "display_name": "Windows-Server-2019-Datacenter-Edition-BM-X9-2023.10.10-0",
                "freeform_tags": {},
                "id": "ocid1.image.oc1.eu-frankfurt-1.aaaaaaaaq67hxyutsplj465uppxm34oax3fwdmrnspwqvu7abl4qish7cx2a",
                "image_source_details": [],
                "instance_id": "",
                "launch_mode": "PARAVIRTUALIZED",
                "launch_options": [
                  {
                    "boot_volume_type": "PARAVIRTUALIZED",
                    "firmware": "UEFI_64",
                    "is_consistent_volume_naming_enabled": false,
                    "is_pv_encryption_in_transit_enabled": true,
                    "network_type": "VFIO",
                    "remote_data_volume_type": "PARAVIRTUALIZED"
                  }
                ],
                "listing_type": "",
                "operating_system": "Windows",
                "operating_system_version": "Server 2019 Datacenter",
                "size_in_mbs": "48128",
                "state": "AVAILABLE",
                "time_created": "2023-11-20 14:13:53.916 +0000 UTC"
              },
              {
                "agent_features": [],
                "base_image_id": "",
                "billable_size_in_gbs": "15",
                "compartment_id": "",
                "create_image_allowed": true,
                "defined_tags": {},
                "display_name": "Windows-Server-2019-Datacenter-Edition-BM-X9-2023.09.28-0",
                "freeform_tags": {},
                "id": "ocid1.image.oc1.eu-frankfurt-1.aaaaaaaamlantvyfqkd6dkga5c3q3wkqzmztlsk26jjk6nl4xsudpqj3exya",
                "image_source_details": [],
                "instance_id": "",
                "launch_mode": "PARAVIRTUALIZED",
                "launch_options": [
                  {
                    "boot_volume_type": "PARAVIRTUALIZED",
                    "firmware": "UEFI_64",
                    "is_consistent_volume_naming_enabled": false,
                    "is_pv_encryption_in_transit_enabled": true,
                    "network_type": "VFIO",
                    "remote_data_volume_type": "PARAVIRTUALIZED"
                  }
                ],
                "listing_type": "",
                "operating_system": "Windows",
                "operating_system_version": "Server 2019 Datacenter",
                "size_in_mbs": "48128",
                "state": "AVAILABLE",
                "time_created": "2023-10-09 07:02:52.017 +0000 UTC"
              },
              {
                "agent_features": [],
                "base_image_id": "",
                "billable_size_in_gbs": "15",
                "compartment_id": "",
                "create_image_allowed": true,
                "defined_tags": {},
                "display_name": "Windows-Server-2019-Datacenter-Edition-BM-X9-2023.08.17-0",
                "freeform_tags": {},
                "id": "ocid1.image.oc1.eu-frankfurt-1.aaaaaaaa3rx4kdbrpzcykths5ahdcqlhfhs7xi35vpu72enng4ykl5loo7qa",
                "image_source_details": [],
                "instance_id": "",
                "launch_mode": "PARAVIRTUALIZED",
                "launch_options": [
                  {
                    "boot_volume_type": "PARAVIRTUALIZED",
                    "firmware": "UEFI_64",
                    "is_consistent_volume_naming_enabled": false,
                    "is_pv_encryption_in_transit_enabled": true,
                    "network_type": "VFIO",
                    "remote_data_volume_type": "PARAVIRTUALIZED"
                  }
                ],
                "listing_type": "",
                "operating_system": "Windows",
                "operating_system_version": "Server 2019 Datacenter",
                "size_in_mbs": "48128",
                "state": "AVAILABLE",
                "time_created": "2023-09-06 07:59:08.295 +0000 UTC"
              },
              {
                "agent_features": [],
                "base_image_id": "",
                "billable_size_in_gbs": "15",
                "compartment_id": "",
                "create_image_allowed": true,
                "defined_tags": {},
                "display_name": "Windows-Server-2019-Datacenter-Edition-BM-E5-2023.10.12-0",
                "freeform_tags": {},
                "id": "ocid1.image.oc1.eu-frankfurt-1.aaaaaaaajenmgjqoe3qomvtdwymj7uiyiu47f3uwbtbiadec75sfxrgdwsoa",
                "image_source_details": [],
                "instance_id": "",
                "launch_mode": "PARAVIRTUALIZED",
                "launch_options": [
                  {
                    "boot_volume_type": "PARAVIRTUALIZED",
                    "firmware": "UEFI_64",
                    "is_consistent_volume_naming_enabled": false,
                    "is_pv_encryption_in_transit_enabled": true,
                    "network_type": "VFIO",
                    "remote_data_volume_type": "PARAVIRTUALIZED"
                  }
                ],
                "listing_type": "",
                "operating_system": "Windows",
                "operating_system_version": "Server 2019 Datacenter",
                "size_in_mbs": "48128",
                "state": "AVAILABLE",
                "time_created": "2023-11-20 14:13:47.425 +0000 UTC"
              },
              {
                "agent_features": [],
                "base_image_id": "",
                "billable_size_in_gbs": "15",
                "compartment_id": "",
                "create_image_allowed": true,
                "defined_tags": {},
                "display_name": "Windows-Server-2019-Datacenter-Edition-BM-E5-2023.09.13-0",
                "freeform_tags": {},
                "id": "ocid1.image.oc1.eu-frankfurt-1.aaaaaaaat2exaj4zon7dkq7357b6ahhlyfbpzm2xtwvvnwypeuw2auw6cdia",
                "image_source_details": [],
                "instance_id": "",
                "launch_mode": "PARAVIRTUALIZED",
                "launch_options": [
                  {
                    "boot_volume_type": "PARAVIRTUALIZED",
                    "firmware": "UEFI_64",
                    "is_consistent_volume_naming_enabled": false,
                    "is_pv_encryption_in_transit_enabled": true,
                    "network_type": "VFIO",
                    "remote_data_volume_type": "PARAVIRTUALIZED"
                  }
                ],
                "listing_type": "",
                "operating_system": "Windows",
                "operating_system_version": "Server 2019 Datacenter",
                "size_in_mbs": "48128",
                "state": "AVAILABLE",
                "time_created": "2023-10-09 07:02:28.507 +0000 UTC"
              },
              {
                "agent_features": [],
                "base_image_id": "",
                "billable_size_in_gbs": "15",
                "compartment_id": "",
                "create_image_allowed": true,
                "defined_tags": {},
                "display_name": "Windows-Server-2019-Datacenter-Edition-BM-E5-2023.08.28-0",
                "freeform_tags": {},
                "id": "ocid1.image.oc1.eu-frankfurt-1.aaaaaaaahn3aiu64aar3ar73fs7q67gq5zmha2xm6bhxqaavdft3jrprofrq",
                "image_source_details": [],
                "instance_id": "",
                "launch_mode": "PARAVIRTUALIZED",
                "launch_options": [
                  {
                    "boot_volume_type": "PARAVIRTUALIZED",
                    "firmware": "UEFI_64",
                    "is_consistent_volume_naming_enabled": false,
                    "is_pv_encryption_in_transit_enabled": true,
                    "network_type": "VFIO",
                    "remote_data_volume_type": "PARAVIRTUALIZED"
                  }
                ],
                "listing_type": "",
                "operating_system": "Windows",
                "operating_system_version": "Server 2019 Datacenter",
                "size_in_mbs": "48128",
                "state": "AVAILABLE",
                "time_created": "2023-09-06 07:58:37.022 +0000 UTC"
              },
              {
                "agent_features": [],
                "base_image_id": "",
                "billable_size_in_gbs": "15",
                "compartment_id": "",
                "create_image_allowed": true,
                "defined_tags": {},
                "display_name": "Windows-Server-2019-Datacenter-Edition-BM-E4-DenseIO-2023.10.17-0",
                "freeform_tags": {},
                "id": "ocid1.image.oc1.eu-frankfurt-1.aaaaaaaalvo5lu2oznylfstdyoidnikjdlsxro4ibqy6aief42cmaekxmv2a",
                "image_source_details": [],
                "instance_id": "",
                "launch_mode": "PARAVIRTUALIZED",
                "launch_options": [
                  {
                    "boot_volume_type": "PARAVIRTUALIZED",
                    "firmware": "UEFI_64",
                    "is_consistent_volume_naming_enabled": false,
                    "is_pv_encryption_in_transit_enabled": true,
                    "network_type": "VFIO",
                    "remote_data_volume_type": "PARAVIRTUALIZED"
                  }
                ],
                "listing_type": "",
                "operating_system": "Windows",
                "operating_system_version": "Server 2019 Datacenter",
                "size_in_mbs": "48128",
                "state": "AVAILABLE",
                "time_created": "2023-11-20 14:14:25.029 +0000 UTC"
              },
              {
                "agent_features": [],
                "base_image_id": "",
                "billable_size_in_gbs": "15",
                "compartment_id": "",
                "create_image_allowed": true,
                "defined_tags": {},
                "display_name": "Windows-Server-2019-Datacenter-Edition-BM-E4-2023.10.10-0",
                "freeform_tags": {},
                "id": "ocid1.image.oc1.eu-frankfurt-1.aaaaaaaak5foto2hzwibn5dthj74p5v6k6vozuqibgapkjog24mjduzgzgcq",
                "image_source_details": [],
                "instance_id": "",
                "launch_mode": "PARAVIRTUALIZED",
                "launch_options": [
                  {
                    "boot_volume_type": "PARAVIRTUALIZED",
                    "firmware": "UEFI_64",
                    "is_consistent_volume_naming_enabled": false,
                    "is_pv_encryption_in_transit_enabled": true,
                    "network_type": "VFIO",
                    "remote_data_volume_type": "PARAVIRTUALIZED"
                  }
                ],
                "listing_type": "",
                "operating_system": "Windows",
                "operating_system_version": "Server 2019 Datacenter",
                "size_in_mbs": "48128",
                "state": "AVAILABLE",
                "time_created": "2023-11-20 14:13:31.44 +0000 UTC"
              },
              {
                "agent_features": [],
                "base_image_id": "",
                "billable_size_in_gbs": "15",
                "compartment_id": "",
                "create_image_allowed": true,
                "defined_tags": {},
                "display_name": "Windows-Server-2019-Datacenter-Edition-BM-E4-2023.09.25-0",
                "freeform_tags": {},
                "id": "ocid1.image.oc1.eu-frankfurt-1.aaaaaaaanoytit7gtiuxkuupgfo4etgm7kvfqbcyogt3kn2xux4kh5swq2kq",
                "image_source_details": [],
                "instance_id": "",
                "launch_mode": "PARAVIRTUALIZED",
                "launch_options": [
                  {
                    "boot_volume_type": "PARAVIRTUALIZED",
                    "firmware": "UEFI_64",
                    "is_consistent_volume_naming_enabled": false,
                    "is_pv_encryption_in_transit_enabled": true,
                    "network_type": "VFIO",
                    "remote_data_volume_type": "PARAVIRTUALIZED"
                  }
                ],
                "listing_type": "",
                "operating_system": "Windows",
                "operating_system_version": "Server 2019 Datacenter",
                "size_in_mbs": "48128",
                "state": "AVAILABLE",
                "time_created": "2023-10-09 07:02:43.403 +0000 UTC"
              },
              {
                "agent_features": [],
                "base_image_id": "",
                "billable_size_in_gbs": "15",
                "compartment_id": "",
                "create_image_allowed": true,
                "defined_tags": {},
                "display_name": "Windows-Server-2019-Datacenter-Edition-BM-E4-2023.07.12-0",
                "freeform_tags": {},
                "id": "ocid1.image.oc1.eu-frankfurt-1.aaaaaaaavhrkq22plsdig5sv2ka7ybnue7aecut5325d6rmfbztkp7ss6qrq",
                "image_source_details": [],
                "instance_id": "",
                "launch_mode": "PARAVIRTUALIZED",
                "launch_options": [
                  {
                    "boot_volume_type": "PARAVIRTUALIZED",
                    "firmware": "UEFI_64",
                    "is_consistent_volume_naming_enabled": false,
                    "is_pv_encryption_in_transit_enabled": true,
                    "network_type": "VFIO",
                    "remote_data_volume_type": "PARAVIRTUALIZED"
                  }
                ],
                "listing_type": "",
                "operating_system": "Windows",
                "operating_system_version": "Server 2019 Datacenter",
                "size_in_mbs": "48128",
                "state": "AVAILABLE",
                "time_created": "2023-08-02 06:44:54.137 +0000 UTC"
              },
              {
                "agent_features": [],
                "base_image_id": "",
                "billable_size_in_gbs": "15",
                "compartment_id": "",
                "create_image_allowed": true,
                "defined_tags": {},
                "display_name": "Windows-Server-2019-Datacenter-Edition-BM-E3-2023.10.10-0",
                "freeform_tags": {},
                "id": "ocid1.image.oc1.eu-frankfurt-1.aaaaaaaa4qrrmibhte5hpqafs6uddgvciktmjl7m55ttjhdsbg3zbfadsf6a",
                "image_source_details": [],
                "instance_id": "",
                "launch_mode": "PARAVIRTUALIZED",
                "launch_options": [
                  {
                    "boot_volume_type": "PARAVIRTUALIZED",
                    "firmware": "UEFI_64",
                    "is_consistent_volume_naming_enabled": false,
                    "is_pv_encryption_in_transit_enabled": true,
                    "network_type": "VFIO",
                    "remote_data_volume_type": "PARAVIRTUALIZED"
                  }
                ],
                "listing_type": "",
                "operating_system": "Windows",
                "operating_system_version": "Server 2019 Datacenter",
                "size_in_mbs": "48128",
                "state": "AVAILABLE",
                "time_created": "2023-11-20 14:13:44.904 +0000 UTC"
              },
              {
                "agent_features": [],
                "base_image_id": "",
                "billable_size_in_gbs": "15",
                "compartment_id": "",
                "create_image_allowed": true,
                "defined_tags": {},
                "display_name": "Windows-Server-2019-Datacenter-Edition-BM-E3-2023.09.12-0",
                "freeform_tags": {},
                "id": "ocid1.image.oc1.eu-frankfurt-1.aaaaaaaagxedypqw4jgbjdod35lg7dyziyf5nlj34myezuu53hvmfgvuogdq",
                "image_source_details": [],
                "instance_id": "",
                "launch_mode": "PARAVIRTUALIZED",
                "launch_options": [
                  {
                    "boot_volume_type": "PARAVIRTUALIZED",
                    "firmware": "UEFI_64",
                    "is_consistent_volume_naming_enabled": false,
                    "is_pv_encryption_in_transit_enabled": true,
                    "network_type": "VFIO",
                    "remote_data_volume_type": "PARAVIRTUALIZED"
                  }
                ],
                "listing_type": "",
                "operating_system": "Windows",
                "operating_system_version": "Server 2019 Datacenter",
                "size_in_mbs": "48128",
                "state": "AVAILABLE",
                "time_created": "2023-10-09 07:02:46.893 +0000 UTC"
              },
              {
                "agent_features": [],
                "base_image_id": "",
                "billable_size_in_gbs": "15",
                "compartment_id": "",
                "create_image_allowed": true,
                "defined_tags": {},
                "display_name": "Windows-Server-2019-Datacenter-Edition-BM-E3-2023.08.18-0",
                "freeform_tags": {},
                "id": "ocid1.image.oc1.eu-frankfurt-1.aaaaaaaamhyuzmkrikokbe3lzioaoxlniguk6ptya7cwvl62emq7l5ly6ema",
                "image_source_details": [],
                "instance_id": "",
                "launch_mode": "PARAVIRTUALIZED",
                "launch_options": [
                  {
                    "boot_volume_type": "PARAVIRTUALIZED",
                    "firmware": "UEFI_64",
                    "is_consistent_volume_naming_enabled": false,
                    "is_pv_encryption_in_transit_enabled": true,
                    "network_type": "VFIO",
                    "remote_data_volume_type": "PARAVIRTUALIZED"
                  }
                ],
                "listing_type": "",
                "operating_system": "Windows",
                "operating_system_version": "Server 2019 Datacenter",
                "size_in_mbs": "48128",
                "state": "AVAILABLE",
                "time_created": "2023-09-06 07:58:23.98 +0000 UTC"
              },
              {
                "agent_features": [],
                "base_image_id": "",
                "billable_size_in_gbs": "0",
                "compartment_id": "",
                "create_image_allowed": true,
                "defined_tags": {},
                "display_name": "Windows-Server-2016-Standard-Edition-VM-B1-2021.03.18-0",
                "freeform_tags": {},
                "id": "ocid1.image.oc1.eu-frankfurt-1.aaaaaaaalthgt7uduvlcjqntkxchwso3z2ge5k7k27z3s2tbapzpfjzsj3ia",
                "image_source_details": [],
                "instance_id": "",
                "launch_mode": "CUSTOM",
                "launch_options": [
                  {
                    "boot_volume_type": "PARAVIRTUALIZED",
                    "firmware": "UEFI_64",
                    "is_consistent_volume_naming_enabled": false,
                    "is_pv_encryption_in_transit_enabled": true,
                    "network_type": "VFIO",
                    "remote_data_volume_type": "PARAVIRTUALIZED"
                  }
                ],
                "listing_type": "",
                "operating_system": "Windows",
                "operating_system_version": "Server 2016 Standard",
                "size_in_mbs": "262144",
                "state": "AVAILABLE",
                "time_created": "2021-03-24 19:42:53.68 +0000 UTC"
              },
              {
                "agent_features": [],
                "base_image_id": "",
                "billable_size_in_gbs": "0",
                "compartment_id": "",
                "create_image_allowed": true,
                "defined_tags": {},
                "display_name": "Windows-Server-2016-Standard-Edition-VM-B1-2021.02.13-0",
                "freeform_tags": {},
                "id": "ocid1.image.oc1.eu-frankfurt-1.aaaaaaaazhlsk2xptzg7mkepmpkm5o52fsez23e62sphcg3qtkhol37kfvmq",
                "image_source_details": [],
                "instance_id": "",
                "launch_mode": "CUSTOM",
                "launch_options": [
                  {
                    "boot_volume_type": "PARAVIRTUALIZED",
                    "firmware": "UEFI_64",
                    "is_consistent_volume_naming_enabled": false,
                    "is_pv_encryption_in_transit_enabled": true,
                    "network_type": "VFIO",
                    "remote_data_volume_type": "PARAVIRTUALIZED"
                  }
                ],
                "listing_type": "",
                "operating_system": "Windows",
                "operating_system_version": "Server 2016 Standard",
                "size_in_mbs": "262144",
                "state": "AVAILABLE",
                "time_created": "2021-02-20 05:16:59.498 +0000 UTC"
              },
              {
                "agent_features": [],
                "base_image_id": "",
                "billable_size_in_gbs": "19",
                "compartment_id": "",
                "create_image_allowed": true,
                "defined_tags": {},
                "display_name": "Windows-Server-2016-Standard-Edition-VM-2023.10.10-0",
                "freeform_tags": {},
                "id": "ocid1.image.oc1.eu-frankfurt-1.aaaaaaaaosxag7nzyovpz7rejrv3b4oan7q5iwveczg24utgganlgcmoaf4a",
                "image_source_details": [],
                "instance_id": "",
                "launch_mode": "CUSTOM",
                "launch_options": [
                  {
                    "boot_volume_type": "PARAVIRTUALIZED",
                    "firmware": "UEFI_64",
                    "is_consistent_volume_naming_enabled": false,
                    "is_pv_encryption_in_transit_enabled": true,
                    "network_type": "PARAVIRTUALIZED",
                    "remote_data_volume_type": "PARAVIRTUALIZED"
                  }
                ],
                "listing_type": "",
                "operating_system": "Windows",
                "operating_system_version": "Server 2016 Standard",
                "size_in_mbs": "48128",
                "state": "AVAILABLE",
                "time_created": "2023-11-20 13:57:44.966 +0000 UTC"
              },
              {
                "agent_features": [],
                "base_image_id": "",
                "billable_size_in_gbs": "19",
                "compartment_id": "",
                "create_image_allowed": true,
                "defined_tags": {},
                "display_name": "Windows-Server-2016-Standard-Edition-VM-2023.09.16-0",
                "freeform_tags": {},
                "id": "ocid1.image.oc1.eu-frankfurt-1.aaaaaaaadgmrqv5r2u25k6fv6x2bqik7myns4vl2paf6mtcu3buj4mnhnsnq",
                "image_source_details": [],
                "instance_id": "",
                "launch_mode": "CUSTOM",
                "launch_options": [
                  {
                    "boot_volume_type": "PARAVIRTUALIZED",
                    "firmware": "UEFI_64",
                    "is_consistent_volume_naming_enabled": false,
                    "is_pv_encryption_in_transit_enabled": true,
                    "network_type": "PARAVIRTUALIZED",
                    "remote_data_volume_type": "PARAVIRTUALIZED"
                  }
                ],
                "listing_type": "",
                "operating_system": "Windows",
                "operating_system_version": "Server 2016 Standard",
                "size_in_mbs": "48128",
                "state": "AVAILABLE",
                "time_created": "2023-10-06 08:10:27.048 +0000 UTC"
              },
              {
                "agent_features": [],
                "base_image_id": "",
                "billable_size_in_gbs": "19",
                "compartment_id": "",
                "create_image_allowed": true,
                "defined_tags": {},
                "display_name": "Windows-Server-2016-Standard-Edition-VM-2023.08.17-0",
                "freeform_tags": {},
                "id": "ocid1.image.oc1.eu-frankfurt-1.aaaaaaaagliupoa2ysh6fq2laghvad6ydb2ffxit3xdktfg2kqswa75w5joa",
                "image_source_details": [],
                "instance_id": "",
                "launch_mode": "CUSTOM",
                "launch_options": [
                  {
                    "boot_volume_type": "PARAVIRTUALIZED",
                    "firmware": "UEFI_64",
                    "is_consistent_volume_naming_enabled": false,
                    "is_pv_encryption_in_transit_enabled": true,
                    "network_type": "PARAVIRTUALIZED",
                    "remote_data_volume_type": "PARAVIRTUALIZED"
                  }
                ],
                "listing_type": "",
                "operating_system": "Windows",
                "operating_system_version": "Server 2016 Standard",
                "size_in_mbs": "48128",
                "state": "AVAILABLE",
                "time_created": "2023-09-06 07:57:43.145 +0000 UTC"
              },
              {
                "agent_features": [],
                "base_image_id": "",
                "billable_size_in_gbs": "13",
                "compartment_id": "",
                "create_image_allowed": true,
                "defined_tags": {},
                "display_name": "Windows-Server-2016-Standard-Core-VM-2023.10.10-0",
                "freeform_tags": {},
                "id": "ocid1.image.oc1.eu-frankfurt-1.aaaaaaaawyqmwtr3ojxsh3hcqbbuhqt3jrxb35x74uhwb5xumbhqlaf3slpq",
                "image_source_details": [],
                "instance_id": "",
                "launch_mode": "CUSTOM",
                "launch_options": [
                  {
                    "boot_volume_type": "PARAVIRTUALIZED",
                    "firmware": "UEFI_64",
                    "is_consistent_volume_naming_enabled": false,
                    "is_pv_encryption_in_transit_enabled": true,
                    "network_type": "PARAVIRTUALIZED",
                    "remote_data_volume_type": "PARAVIRTUALIZED"
                  }
                ],
                "listing_type": "",
                "operating_system": "Windows",
                "operating_system_version": "Server 2016 Standard Core",
                "size_in_mbs": "48128",
                "state": "AVAILABLE",
                "time_created": "2023-11-20 13:57:40.443 +0000 UTC"
              },
              {
                "agent_features": [],
                "base_image_id": "",
                "billable_size_in_gbs": "13",
                "compartment_id": "",
                "create_image_allowed": true,
                "defined_tags": {},
                "display_name": "Windows-Server-2016-Standard-Core-VM-2023.09.25-0",
                "freeform_tags": {},
                "id": "ocid1.image.oc1.eu-frankfurt-1.aaaaaaaaq5s7no7zhhcvyon4t6mjigrfflsfhlghggwbmu3ytudmdsu2gd3a",
                "image_source_details": [],
                "instance_id": "",
                "launch_mode": "CUSTOM",
                "launch_options": [
                  {
                    "boot_volume_type": "PARAVIRTUALIZED",
                    "firmware": "UEFI_64",
                    "is_consistent_volume_naming_enabled": false,
                    "is_pv_encryption_in_transit_enabled": true,
                    "network_type": "PARAVIRTUALIZED",
                    "remote_data_volume_type": "PARAVIRTUALIZED"
                  }
                ],
                "listing_type": "",
                "operating_system": "Windows",
                "operating_system_version": "Server 2016 Standard Core",
                "size_in_mbs": "48128",
                "state": "AVAILABLE",
                "time_created": "2023-10-06 08:10:20.859 +0000 UTC"
              },
              {
                "agent_features": [],
                "base_image_id": "",
                "billable_size_in_gbs": "12",
                "compartment_id": "",
                "create_image_allowed": true,
                "defined_tags": {},
                "display_name": "Windows-Server-2016-Standard-Core-VM-2023.08.17-0",
                "freeform_tags": {},
                "id": "ocid1.image.oc1.eu-frankfurt-1.aaaaaaaa7tq4xzudkqvleinjp64uwjpy3rjcj3cqkmvgxqi7cevdw2l6rqua",
                "image_source_details": [],
                "instance_id": "",
                "launch_mode": "CUSTOM",
                "launch_options": [
                  {
                    "boot_volume_type": "PARAVIRTUALIZED",
                    "firmware": "UEFI_64",
                    "is_consistent_volume_naming_enabled": false,
                    "is_pv_encryption_in_transit_enabled": true,
                    "network_type": "PARAVIRTUALIZED",
                    "remote_data_volume_type": "PARAVIRTUALIZED"
                  }
                ],
                "listing_type": "",
                "operating_system": "Windows",
                "operating_system_version": "Server 2016 Standard Core",
                "size_in_mbs": "48128",
                "state": "AVAILABLE",
                "time_created": "2023-09-06 07:57:37.61 +0000 UTC"
              },
              {
                "agent_features": [],
                "base_image_id": "",
                "billable_size_in_gbs": "19",
                "compartment_id": "",
                "create_image_allowed": true,
                "defined_tags": {},
                "display_name": "Windows-Server-2016-Datacenter-Edition-BM-X9-2023.10.10-0",
                "freeform_tags": {},
                "id": "ocid1.image.oc1.eu-frankfurt-1.aaaaaaaahigz76o2yk2kdqejrfcv5umhsaxha34ovaiwfn26alr2ldvvr7ka",
                "image_source_details": [],
                "instance_id": "",
                "launch_mode": "PARAVIRTUALIZED",
                "launch_options": [
                  {
                    "boot_volume_type": "PARAVIRTUALIZED",
                    "firmware": "UEFI_64",
                    "is_consistent_volume_naming_enabled": false,
                    "is_pv_encryption_in_transit_enabled": true,
                    "network_type": "VFIO",
                    "remote_data_volume_type": "PARAVIRTUALIZED"
                  }
                ],
                "listing_type": "",
                "operating_system": "Windows",
                "operating_system_version": "Server 2016 Datacenter",
                "size_in_mbs": "48128",
                "state": "AVAILABLE",
                "time_created": "2023-11-20 14:13:40.158 +0000 UTC"
              },
              {
                "agent_features": [],
                "base_image_id": "",
                "billable_size_in_gbs": "19",
                "compartment_id": "",
                "create_image_allowed": true,
                "defined_tags": {},
                "display_name": "Windows-Server-2016-Datacenter-Edition-BM-X9-2023.09.12-0",
                "freeform_tags": {},
                "id": "ocid1.image.oc1.eu-frankfurt-1.aaaaaaaayf4upgbuj2fuievkbusozufyz4pg3icvkpyysith77iki2w62cyq",
                "image_source_details": [],
                "instance_id": "",
                "launch_mode": "PARAVIRTUALIZED",
                "launch_options": [
                  {
                    "boot_volume_type": "PARAVIRTUALIZED",
                    "firmware": "UEFI_64",
                    "is_consistent_volume_naming_enabled": false,
                    "is_pv_encryption_in_transit_enabled": true,
                    "network_type": "VFIO",
                    "remote_data_volume_type": "PARAVIRTUALIZED"
                  }
                ],
                "listing_type": "",
                "operating_system": "Windows",
                "operating_system_version": "Server 2016 Datacenter",
                "size_in_mbs": "48128",
                "state": "AVAILABLE",
                "time_created": "2023-10-09 07:02:39.793 +0000 UTC"
              },
              {
                "agent_features": [],
                "base_image_id": "",
                "billable_size_in_gbs": "19",
                "compartment_id": "",
                "create_image_allowed": true,
                "defined_tags": {},
                "display_name": "Windows-Server-2016-Datacenter-Edition-BM-X9-2023.08.17-0",
                "freeform_tags": {},
                "id": "ocid1.image.oc1.eu-frankfurt-1.aaaaaaaa76x3ee2hoj7iyieepo7dp2ij6wdu4hbireo7sjp6gx7hvltmiz5a",
                "image_source_details": [],
                "instance_id": "",
                "launch_mode": "PARAVIRTUALIZED",
                "launch_options": [
                  {
                    "boot_volume_type": "PARAVIRTUALIZED",
                    "firmware": "UEFI_64",
                    "is_consistent_volume_naming_enabled": false,
                    "is_pv_encryption_in_transit_enabled": true,
                    "network_type": "VFIO",
                    "remote_data_volume_type": "PARAVIRTUALIZED"
                  }
                ],
                "listing_type": "",
                "operating_system": "Windows",
                "operating_system_version": "Server 2016 Datacenter",
                "size_in_mbs": "48128",
                "state": "AVAILABLE",
                "time_created": "2023-09-06 07:58:48.157 +0000 UTC"
              },
              {
                "agent_features": [],
                "base_image_id": "",
                "billable_size_in_gbs": "19",
                "compartment_id": "",
                "create_image_allowed": true,
                "defined_tags": {},
                "display_name": "Windows-Server-2016-Datacenter-Edition-BM-Gen2-E2-2023.10.10-0",
                "freeform_tags": {},
                "id": "ocid1.image.oc1.eu-frankfurt-1.aaaaaaaaw3twikrhrg24cmx576u4assmghz3jrrdnwxrwnswy5dm7woh3faa",
                "image_source_details": [],
                "instance_id": "",
                "launch_mode": "NATIVE",
                "launch_options": [
                  {
                    "boot_volume_type": "PARAVIRTUALIZED",
                    "firmware": "UEFI_64",
                    "is_consistent_volume_naming_enabled": false,
                    "is_pv_encryption_in_transit_enabled": true,
                    "network_type": "VFIO",
                    "remote_data_volume_type": "PARAVIRTUALIZED"
                  }
                ],
                "listing_type": "",
                "operating_system": "Windows",
                "operating_system_version": "Server 2016 Datacenter",
                "size_in_mbs": "48128",
                "state": "AVAILABLE",
                "time_created": "2023-11-20 14:13:23.821 +0000 UTC"
              },
              {
                "agent_features": [],
                "base_image_id": "",
                "billable_size_in_gbs": "19",
                "compartment_id": "",
                "create_image_allowed": true,
                "defined_tags": {},
                "display_name": "Windows-Server-2016-Datacenter-Edition-BM-Gen2-E2-2023.09.12-0",
                "freeform_tags": {},
                "id": "ocid1.image.oc1.eu-frankfurt-1.aaaaaaaaulemjrcw4tvvjiaxj7zqidkeyld2ioulqujblutpk7pwnw5tz6tq",
                "image_source_details": [],
                "instance_id": "",
                "launch_mode": "NATIVE",
                "launch_options": [
                  {
                    "boot_volume_type": "PARAVIRTUALIZED",
                    "firmware": "UEFI_64",
                    "is_consistent_volume_naming_enabled": false,
                    "is_pv_encryption_in_transit_enabled": true,
                    "network_type": "VFIO",
                    "remote_data_volume_type": "PARAVIRTUALIZED"
                  }
                ],
                "listing_type": "",
                "operating_system": "Windows",
                "operating_system_version": "Server 2016 Datacenter",
                "size_in_mbs": "48128",
                "state": "AVAILABLE",
                "time_created": "2023-10-09 07:02:40.815 +0000 UTC"
              },
              {
                "agent_features": [],
                "base_image_id": "",
                "billable_size_in_gbs": "19",
                "compartment_id": "",
                "create_image_allowed": true,
                "defined_tags": {},
                "display_name": "Windows-Server-2016-Datacenter-Edition-BM-Gen2-E2-2023.08.17-0",
                "freeform_tags": {},
                "id": "ocid1.image.oc1.eu-frankfurt-1.aaaaaaaaxzjx3touz2gvqdfmtewhub53lt5tmurybgta4wtlv4bfmwoksksa",
                "image_source_details": [],
                "instance_id": "",
                "launch_mode": "NATIVE",
                "launch_options": [
                  {
                    "boot_volume_type": "PARAVIRTUALIZED",
                    "firmware": "UEFI_64",
                    "is_consistent_volume_naming_enabled": false,
                    "is_pv_encryption_in_transit_enabled": true,
                    "network_type": "VFIO",
                    "remote_data_volume_type": "PARAVIRTUALIZED"
                  }
                ],
                "listing_type": "",
                "operating_system": "Windows",
                "operating_system_version": "Server 2016 Datacenter",
                "size_in_mbs": "48128",
                "state": "AVAILABLE",
                "time_created": "2023-09-06 07:58:04.173 +0000 UTC"
              },
              {
                "agent_features": [],
                "base_image_id": "",
                "billable_size_in_gbs": "19",
                "compartment_id": "",
                "create_image_allowed": true,
                "defined_tags": {},
                "display_name": "Windows-Server-2016-Datacenter-Edition-BM-Gen2-DenseIO-2023.10.10-0",
                "freeform_tags": {},
                "id": "ocid1.image.oc1.eu-frankfurt-1.aaaaaaaaxumsf4kqdgcznakfb4mnfc5vs3gxnz4jtnxcrpt2zvyorf7arcqq",
                "image_source_details": [],
                "instance_id": "",
                "launch_mode": "NATIVE",
                "launch_options": [
                  {
                    "boot_volume_type": "PARAVIRTUALIZED",
                    "firmware": "UEFI_64",
                    "is_consistent_volume_naming_enabled": false,
                    "is_pv_encryption_in_transit_enabled": true,
                    "network_type": "VFIO",
                    "remote_data_volume_type": "PARAVIRTUALIZED"
                  }
                ],
                "listing_type": "",
                "operating_system": "Windows",
                "operating_system_version": "Server 2016 Datacenter",
                "size_in_mbs": "48128",
                "state": "AVAILABLE",
                "time_created": "2023-11-20 14:13:33.568 +0000 UTC"
              },
              {
                "agent_features": [],
                "base_image_id": "",
                "billable_size_in_gbs": "19",
                "compartment_id": "",
                "create_image_allowed": true,
                "defined_tags": {},
                "display_name": "Windows-Server-2016-Datacenter-Edition-BM-Gen2-DenseIO-2023.09.12-0",
                "freeform_tags": {},
                "id": "ocid1.image.oc1.eu-frankfurt-1.aaaaaaaanzaure43k2keow3uxyuzcnhv3tvpopvgjj5g5wpv4rdwozaxip5q",
                "image_source_details": [],
                "instance_id": "",
                "launch_mode": "NATIVE",
                "launch_options": [
                  {
                    "boot_volume_type": "PARAVIRTUALIZED",
                    "firmware": "UEFI_64",
                    "is_consistent_volume_naming_enabled": false,
                    "is_pv_encryption_in_transit_enabled": true,
                    "network_type": "VFIO",
                    "remote_data_volume_type": "PARAVIRTUALIZED"
                  }
                ],
                "listing_type": "",
                "operating_system": "Windows",
                "operating_system_version": "Server 2016 Datacenter",
                "size_in_mbs": "48128",
                "state": "AVAILABLE",
                "time_created": "2023-10-09 07:03:02.551 +0000 UTC"
              },
              {
                "agent_features": [],
                "base_image_id": "",
                "billable_size_in_gbs": "19",
                "compartment_id": "",
                "create_image_allowed": true,
                "defined_tags": {},
                "display_name": "Windows-Server-2016-Datacenter-Edition-BM-Gen2-DenseIO-2023.08.17-0",
                "freeform_tags": {},
                "id": "ocid1.image.oc1.eu-frankfurt-1.aaaaaaaafevh7xqupdghvm5dlbqxjtivrz62xkzfctigscdfo45qrsfqfqva",
                "image_source_details": [],
                "instance_id": "",
                "launch_mode": "NATIVE",
                "launch_options": [
                  {
                    "boot_volume_type": "PARAVIRTUALIZED",
                    "firmware": "UEFI_64",
                    "is_consistent_volume_naming_enabled": false,
                    "is_pv_encryption_in_transit_enabled": true,
                    "network_type": "VFIO",
                    "remote_data_volume_type": "PARAVIRTUALIZED"
                  }
                ],
                "listing_type": "",
                "operating_system": "Windows",
                "operating_system_version": "Server 2016 Datacenter",
                "size_in_mbs": "48128",
                "state": "AVAILABLE",
                "time_created": "2023-09-06 07:58:31.479 +0000 UTC"
              },
              {
                "agent_features": [],
                "base_image_id": "",
                "billable_size_in_gbs": "19",
                "compartment_id": "",
                "create_image_allowed": true,
                "defined_tags": {},
                "display_name": "Windows-Server-2016-Datacenter-Edition-BM-Gen2-2023.10.10-0",
                "freeform_tags": {},
                "id": "ocid1.image.oc1.eu-frankfurt-1.aaaaaaaao3wc4nwt7hdxglvvyosbqteiqgkv7wmkhy6yonwes5ae5jnf7uja",
                "image_source_details": [],
                "instance_id": "",
                "launch_mode": "NATIVE",
                "launch_options": [
                  {
                    "boot_volume_type": "PARAVIRTUALIZED",
                    "firmware": "UEFI_64",
                    "is_consistent_volume_naming_enabled": false,
                    "is_pv_encryption_in_transit_enabled": true,
                    "network_type": "VFIO",
                    "remote_data_volume_type": "PARAVIRTUALIZED"
                  }
                ],
                "listing_type": "",
                "operating_system": "Windows",
                "operating_system_version": "Server 2016 Datacenter",
                "size_in_mbs": "48128",
                "state": "AVAILABLE",
                "time_created": "2023-11-20 14:13:32.847 +0000 UTC"
              },
              {
                "agent_features": [],
                "base_image_id": "",
                "billable_size_in_gbs": "19",
                "compartment_id": "",
                "create_image_allowed": true,
                "defined_tags": {},
                "display_name": "Windows-Server-2016-Datacenter-Edition-BM-Gen2-2023.09.12-0",
                "freeform_tags": {},
                "id": "ocid1.image.oc1.eu-frankfurt-1.aaaaaaaaltrk3kphpjj3clqf4tnzsxiogiwpgnmmtkjxii3chkgab4laalqq",
                "image_source_details": [],
                "instance_id": "",
                "launch_mode": "NATIVE",
                "launch_options": [
                  {
                    "boot_volume_type": "PARAVIRTUALIZED",
                    "firmware": "UEFI_64",
                    "is_consistent_volume_naming_enabled": false,
                    "is_pv_encryption_in_transit_enabled": true,
                    "network_type": "VFIO",
                    "remote_data_volume_type": "PARAVIRTUALIZED"
                  }
                ],
                "listing_type": "",
                "operating_system": "Windows",
                "operating_system_version": "Server 2016 Datacenter",
                "size_in_mbs": "48128",
                "state": "AVAILABLE",
                "time_created": "2023-10-09 07:02:25.442 +0000 UTC"
              },
              {
                "agent_features": [],
                "base_image_id": "",
                "billable_size_in_gbs": "19",
                "compartment_id": "",
                "create_image_allowed": true,
                "defined_tags": {},
                "display_name": "Windows-Server-2016-Datacenter-Edition-BM-Gen2-2023.08.17-0",
                "freeform_tags": {},
                "id": "ocid1.image.oc1.eu-frankfurt-1.aaaaaaaavfl3czmezoih3jui5gfcthczjjh2tue7h2kp4b3o7jjj76mgy32a",
                "image_source_details": [],
                "instance_id": "",
                "launch_mode": "NATIVE",
                "launch_options": [
                  {
                    "boot_volume_type": "PARAVIRTUALIZED",
                    "firmware": "UEFI_64",
                    "is_consistent_volume_naming_enabled": false,
                    "is_pv_encryption_in_transit_enabled": true,
                    "network_type": "VFIO",
                    "remote_data_volume_type": "PARAVIRTUALIZED"
                  }
                ],
                "listing_type": "",
                "operating_system": "Windows",
                "operating_system_version": "Server 2016 Datacenter",
                "size_in_mbs": "48128",
                "state": "AVAILABLE",
                "time_created": "2023-09-06 07:58:04.087 +0000 UTC"
              },
              {
                "agent_features": [],
                "base_image_id": "",
                "billable_size_in_gbs": "16",
                "compartment_id": "",
                "create_image_allowed": true,
                "defined_tags": {},
                "display_name": "Windows-Server-2012-R2-Standard-Edition-VM-2023.10.10-0",
                "freeform_tags": {},
                "id": "ocid1.image.oc1.eu-frankfurt-1.aaaaaaaanxnyrrlwppyu4z5fboas7piek5q35b7vale46m7gpi5tgy527wjq",
                "image_source_details": [],
                "instance_id": "",
                "launch_mode": "CUSTOM",
                "launch_options": [
                  {
                    "boot_volume_type": "PARAVIRTUALIZED",
                    "firmware": "UEFI_64",
                    "is_consistent_volume_naming_enabled": false,
                    "is_pv_encryption_in_transit_enabled": true,
                    "network_type": "PARAVIRTUALIZED",
                    "remote_data_volume_type": "PARAVIRTUALIZED"
                  }
                ],
                "listing_type": "",
                "operating_system": "Windows",
                "operating_system_version": "Server 2012 R2 Standard",
                "size_in_mbs": "48128",
                "state": "AVAILABLE",
                "time_created": "2023-11-20 13:57:18.953 +0000 UTC"
              },
              {
                "agent_features": [],
                "base_image_id": "",
                "billable_size_in_gbs": "17",
                "compartment_id": "",
                "create_image_allowed": true,
                "defined_tags": {},
                "display_name": "Windows-Server-2012-R2-Standard-Edition-VM-2023.09.12-0",
                "freeform_tags": {},
                "id": "ocid1.image.oc1.eu-frankfurt-1.aaaaaaaatvwoui6ow6tan2p26ocsx7qyw4wlwczp7gt77gp7wdnm6lm5474q",
                "image_source_details": [],
                "instance_id": "",
                "launch_mode": "CUSTOM",
                "launch_options": [
                  {
                    "boot_volume_type": "PARAVIRTUALIZED",
                    "firmware": "UEFI_64",
                    "is_consistent_volume_naming_enabled": false,
                    "is_pv_encryption_in_transit_enabled": true,
                    "network_type": "PARAVIRTUALIZED",
                    "remote_data_volume_type": "PARAVIRTUALIZED"
                  }
                ],
                "listing_type": "",
                "operating_system": "Windows",
                "operating_system_version": "Server 2012 R2 Standard",
                "size_in_mbs": "48128",
                "state": "AVAILABLE",
                "time_created": "2023-10-06 08:10:10.959 +0000 UTC"
              },
              {
                "agent_features": [],
                "base_image_id": "",
                "billable_size_in_gbs": "17",
                "compartment_id": "",
                "create_image_allowed": true,
                "defined_tags": {},
                "display_name": "Windows-Server-2012-R2-Standard-Edition-VM-2023.08.17-0",
                "freeform_tags": {},
                "id": "ocid1.image.oc1.eu-frankfurt-1.aaaaaaaarerm3rvgbkwt3jy3c3qjpdehlipphx2f3imc7mizd2bpae6ran7q",
                "image_source_details": [],
                "instance_id": "",
                "launch_mode": "CUSTOM",
                "launch_options": [
                  {
                    "boot_volume_type": "PARAVIRTUALIZED",
                    "firmware": "UEFI_64",
                    "is_consistent_volume_naming_enabled": false,
                    "is_pv_encryption_in_transit_enabled": true,
                    "network_type": "PARAVIRTUALIZED",
                    "remote_data_volume_type": "PARAVIRTUALIZED"
                  }
                ],
                "listing_type": "",
                "operating_system": "Windows",
                "operating_system_version": "Server 2012 R2 Standard",
                "size_in_mbs": "48128",
                "state": "AVAILABLE",
                "time_created": "2023-09-06 07:57:39.465 +0000 UTC"
              },
              {
                "agent_features": [],
                "base_image_id": "",
                "billable_size_in_gbs": "17",
                "compartment_id": "",
                "create_image_allowed": true,
                "defined_tags": {},
                "display_name": "Windows-Server-2012-R2-Datacenter-Edition-BM-Gen2-E2-2023.10.10-0",
                "freeform_tags": {},
                "id": "ocid1.image.oc1.eu-frankfurt-1.aaaaaaaa7yaqwy3pdwhygqr5o6lo5t4soxf4klpstzptvcmcioqxqymbzi5a",
                "image_source_details": [],
                "instance_id": "",
                "launch_mode": "NATIVE",
                "launch_options": [
                  {
                    "boot_volume_type": "PARAVIRTUALIZED",
                    "firmware": "UEFI_64",
                    "is_consistent_volume_naming_enabled": false,
                    "is_pv_encryption_in_transit_enabled": true,
                    "network_type": "VFIO",
                    "remote_data_volume_type": "PARAVIRTUALIZED"
                  }
                ],
                "listing_type": "",
                "operating_system": "Windows",
                "operating_system_version": "Server 2012 R2 Datacenter",
                "size_in_mbs": "262144",
                "state": "AVAILABLE",
                "time_created": "2023-11-20 14:13:29.551 +0000 UTC"
              },
              {
                "agent_features": [],
                "base_image_id": "",
                "billable_size_in_gbs": "16",
                "compartment_id": "",
                "create_image_allowed": true,
                "defined_tags": {},
                "display_name": "Windows-Server-2012-R2-Datacenter-Edition-BM-Gen2-E2-2023.09.13-0",
                "freeform_tags": {},
                "id": "ocid1.image.oc1.eu-frankfurt-1.aaaaaaaajopmzzzbmqvsvjpbn6hbzobmjgf5vmjyj4le26k754oxrzygoz4q",
                "image_source_details": [],
                "instance_id": "",
                "launch_mode": "NATIVE",
                "launch_options": [
                  {
                    "boot_volume_type": "PARAVIRTUALIZED",
                    "firmware": "UEFI_64",
                    "is_consistent_volume_naming_enabled": false,
                    "is_pv_encryption_in_transit_enabled": true,
                    "network_type": "VFIO",
                    "remote_data_volume_type": "PARAVIRTUALIZED"
                  }
                ],
                "listing_type": "",
                "operating_system": "Windows",
                "operating_system_version": "Server 2012 R2 Datacenter",
                "size_in_mbs": "262144",
                "state": "AVAILABLE",
                "time_created": "2023-10-09 07:02:49.132 +0000 UTC"
              },
              {
                "agent_features": [],
                "base_image_id": "",
                "billable_size_in_gbs": "16",
                "compartment_id": "",
                "create_image_allowed": true,
                "defined_tags": {},
                "display_name": "Windows-Server-2012-R2-Datacenter-Edition-BM-Gen2-E2-2023.08.17-0",
                "freeform_tags": {},
                "id": "ocid1.image.oc1.eu-frankfurt-1.aaaaaaaa7usapyiygwovwopz66ks5jg7nilpsg5kacu32z7gw34kzuiehqxq",
                "image_source_details": [],
                "instance_id": "",
                "launch_mode": "NATIVE",
                "launch_options": [
                  {
                    "boot_volume_type": "PARAVIRTUALIZED",
                    "firmware": "UEFI_64",
                    "is_consistent_volume_naming_enabled": false,
                    "is_pv_encryption_in_transit_enabled": true,
                    "network_type": "VFIO",
                    "remote_data_volume_type": "PARAVIRTUALIZED"
                  }
                ],
                "listing_type": "",
                "operating_system": "Windows",
                "operating_system_version": "Server 2012 R2 Datacenter",
                "size_in_mbs": "262144",
                "state": "AVAILABLE",
                "time_created": "2023-09-06 07:58:27.48 +0000 UTC"
              },
              {
                "agent_features": [],
                "base_image_id": "",
                "billable_size_in_gbs": "16",
                "compartment_id": "",
                "create_image_allowed": true,
                "defined_tags": {},
                "display_name": "Windows-Server-2012-R2-Datacenter-Edition-BM-Gen2-DenseIO-2023.10.10-0",
                "freeform_tags": {},
                "id": "ocid1.image.oc1.eu-frankfurt-1.aaaaaaaaxj6a4mil2pfhj3jb2zqf4ofsyuai6v7ykoahjwpiqdpzrsgb6l5a",
                "image_source_details": [],
                "instance_id": "",
                "launch_mode": "NATIVE",
                "launch_options": [
                  {
                    "boot_volume_type": "PARAVIRTUALIZED",
                    "firmware": "UEFI_64",
                    "is_consistent_volume_naming_enabled": false,
                    "is_pv_encryption_in_transit_enabled": true,
                    "network_type": "VFIO",
                    "remote_data_volume_type": "PARAVIRTUALIZED"
                  }
                ],
                "listing_type": "",
                "operating_system": "Windows",
                "operating_system_version": "Server 2012 R2 Datacenter",
                "size_in_mbs": "262144",
                "state": "AVAILABLE",
                "time_created": "2023-11-20 14:13:24.132 +0000 UTC"
              },
              {
                "agent_features": [],
                "base_image_id": "",
                "billable_size_in_gbs": "16",
                "compartment_id": "",
                "create_image_allowed": true,
                "defined_tags": {},
                "display_name": "Windows-Server-2012-R2-Datacenter-Edition-BM-Gen2-DenseIO-2023.09.12-0",
                "freeform_tags": {},
                "id": "ocid1.image.oc1.eu-frankfurt-1.aaaaaaaawmb66ulqcscph6bl5ur4m3m6gbxg353ivfjs37mhsj2aie4bkezq",
                "image_source_details": [],
                "instance_id": "",
                "launch_mode": "NATIVE",
                "launch_options": [
                  {
                    "boot_volume_type": "PARAVIRTUALIZED",
                    "firmware": "UEFI_64",
                    "is_consistent_volume_naming_enabled": false,
                    "is_pv_encryption_in_transit_enabled": true,
                    "network_type": "VFIO",
                    "remote_data_volume_type": "PARAVIRTUALIZED"
                  }
                ],
                "listing_type": "",
                "operating_system": "Windows",
                "operating_system_version": "Server 2012 R2 Datacenter",
                "size_in_mbs": "262144",
                "state": "AVAILABLE",
                "time_created": "2023-10-09 07:02:24.32 +0000 UTC"
              },
              {
                "agent_features": [],
                "base_image_id": "",
                "billable_size_in_gbs": "16",
                "compartment_id": "",
                "create_image_allowed": true,
                "defined_tags": {},
                "display_name": "Windows-Server-2012-R2-Datacenter-Edition-BM-Gen2-DenseIO-2023.08.17-0",
                "freeform_tags": {},
                "id": "ocid1.image.oc1.eu-frankfurt-1.aaaaaaaahevfge23uj3ap2jxiv755rhtmf7ribluxc2xjm6ofs4bh7yywxta",
                "image_source_details": [],
                "instance_id": "",
                "launch_mode": "NATIVE",
                "launch_options": [
                  {
                    "boot_volume_type": "PARAVIRTUALIZED",
                    "firmware": "UEFI_64",
                    "is_consistent_volume_naming_enabled": false,
                    "is_pv_encryption_in_transit_enabled": true,
                    "network_type": "VFIO",
                    "remote_data_volume_type": "PARAVIRTUALIZED"
                  }
                ],
                "listing_type": "",
                "operating_system": "Windows",
                "operating_system_version": "Server 2012 R2 Datacenter",
                "size_in_mbs": "262144",
                "state": "AVAILABLE",
                "time_created": "2023-09-06 07:58:02.758 +0000 UTC"
              },
              {
                "agent_features": [],
                "base_image_id": "",
                "billable_size_in_gbs": "16",
                "compartment_id": "",
                "create_image_allowed": true,
                "defined_tags": {},
                "display_name": "Windows-Server-2012-R2-Datacenter-Edition-BM-Gen2-2023.10.10-0",
                "freeform_tags": {},
                "id": "ocid1.image.oc1.eu-frankfurt-1.aaaaaaaansjnl5l53cv5zo3w4uzhea5aaai4roiyp26is6ulmykz2ozzmx4a",
                "image_source_details": [],
                "instance_id": "",
                "launch_mode": "NATIVE",
                "launch_options": [
                  {
                    "boot_volume_type": "PARAVIRTUALIZED",
                    "firmware": "UEFI_64",
                    "is_consistent_volume_naming_enabled": false,
                    "is_pv_encryption_in_transit_enabled": true,
                    "network_type": "VFIO",
                    "remote_data_volume_type": "PARAVIRTUALIZED"
                  }
                ],
                "listing_type": "",
                "operating_system": "Windows",
                "operating_system_version": "Server 2012 R2 Datacenter",
                "size_in_mbs": "262144",
                "state": "AVAILABLE",
                "time_created": "2023-11-20 14:13:28.6 +0000 UTC"
              },
              {
                "agent_features": [],
                "base_image_id": "",
                "billable_size_in_gbs": "16",
                "compartment_id": "",
                "create_image_allowed": true,
                "defined_tags": {},
                "display_name": "Windows-Server-2012-R2-Datacenter-Edition-BM-Gen2-2023.09.13-0",
                "freeform_tags": {},
                "id": "ocid1.image.oc1.eu-frankfurt-1.aaaaaaaafbihau3iy4meb7tpmyqfujvpj5saugzaj6j2zndlyj3k4j32ig7q",
                "image_source_details": [],
                "instance_id": "",
                "launch_mode": "NATIVE",
                "launch_options": [
                  {
                    "boot_volume_type": "PARAVIRTUALIZED",
                    "firmware": "UEFI_64",
                    "is_consistent_volume_naming_enabled": false,
                    "is_pv_encryption_in_transit_enabled": true,
                    "network_type": "VFIO",
                    "remote_data_volume_type": "PARAVIRTUALIZED"
                  }
                ],
                "listing_type": "",
                "operating_system": "Windows",
                "operating_system_version": "Server 2012 R2 Datacenter",
                "size_in_mbs": "262144",
                "state": "AVAILABLE",
                "time_created": "2023-10-09 07:02:45.972 +0000 UTC"
              },
              {
                "agent_features": [],
                "base_image_id": "",
                "billable_size_in_gbs": "16",
                "compartment_id": "",
                "create_image_allowed": true,
                "defined_tags": {},
                "display_name": "Windows-Server-2012-R2-Datacenter-Edition-BM-Gen2-2023.08.18-0",
                "freeform_tags": {},
                "id": "ocid1.image.oc1.eu-frankfurt-1.aaaaaaaatufzyi6nm4ijy6vovj7jymgzyuvjw3zzmwee6kbu37bf7whpw7wa",
                "image_source_details": [],
                "instance_id": "",
                "launch_mode": "NATIVE",
                "launch_options": [
                  {
                    "boot_volume_type": "PARAVIRTUALIZED",
                    "firmware": "UEFI_64",
                    "is_consistent_volume_naming_enabled": false,
                    "is_pv_encryption_in_transit_enabled": true,
                    "network_type": "VFIO",
                    "remote_data_volume_type": "PARAVIRTUALIZED"
                  }
                ],
                "listing_type": "",
                "operating_system": "Windows",
                "operating_system_version": "Server 2012 R2 Datacenter",
                "size_in_mbs": "262144",
                "state": "AVAILABLE",
                "time_created": "2023-09-06 07:58:00.713 +0000 UTC"
              },
              {
                "agent_features": [],
                "base_image_id": "",
                "billable_size_in_gbs": "0",
                "compartment_id": "",
                "create_image_allowed": true,
                "defined_tags": {},
                "display_name": "Windows-Server-2012-R2-Datacenter-Edition-BM-2021.02.19-0",
                "freeform_tags": {},
                "id": "ocid1.image.oc1.eu-frankfurt-1.aaaaaaaa4mlfcygiuaenpe5lk6pxrkdik3chdha2yuxa4w4777litt5qhm4q",
                "image_source_details": [],
                "instance_id": "",
                "launch_mode": "NATIVE",
                "launch_options": [
                  {
                    "boot_volume_type": "PARAVIRTUALIZED",
                    "firmware": "UEFI_64",
                    "is_consistent_volume_naming_enabled": false,
                    "is_pv_encryption_in_transit_enabled": true,
                    "network_type": "VFIO",
                    "remote_data_volume_type": "PARAVIRTUALIZED"
                  }
                ],
                "listing_type": "",
                "operating_system": "Windows",
                "operating_system_version": "Server 2012 R2 Datacenter",
                "size_in_mbs": "262144",
                "state": "AVAILABLE",
                "time_created": "2021-02-20 05:16:08.5 +0000 UTC"
              },
              {
                "agent_features": [],
                "base_image_id": "",
                "billable_size_in_gbs": "0",
                "compartment_id": "",
                "create_image_allowed": true,
                "defined_tags": {},
                "display_name": "Windows-Server-2012-R2-Datacenter-Edition-BM-2020.12.15-0",
                "freeform_tags": {},
                "id": "ocid1.image.oc1.eu-frankfurt-1.aaaaaaaa43yzb3wks44z34mpex5z44zs4ekemyvqosny2ujbe4strlut2zoq",
                "image_source_details": [],
                "instance_id": "",
                "launch_mode": "NATIVE",
                "launch_options": [
                  {
                    "boot_volume_type": "PARAVIRTUALIZED",
                    "firmware": "UEFI_64",
                    "is_consistent_volume_naming_enabled": false,
                    "is_pv_encryption_in_transit_enabled": true,
                    "network_type": "VFIO",
                    "remote_data_volume_type": "PARAVIRTUALIZED"
                  }
                ],
                "listing_type": "",
                "operating_system": "Windows",
                "operating_system_version": "Server 2012 R2 Datacenter",
                "size_in_mbs": "262144",
                "state": "AVAILABLE",
                "time_created": "2020-12-19 04:06:09.128 +0000 UTC"
              },
              {
                "agent_features": [],
                "base_image_id": "",
                "billable_size_in_gbs": "0",
                "compartment_id": "",
                "create_image_allowed": true,
                "defined_tags": {},
                "display_name": "Windows-Server-2012-R2-Datacenter-Edition-BM-2020.11.14-0",
                "freeform_tags": {},
                "id": "ocid1.image.oc1.eu-frankfurt-1.aaaaaaaazsrj6wuweqjs3du4glga226p42fqxh6nsct4qx6foptz6ddz7t7a",
                "image_source_details": [],
                "instance_id": "",
                "launch_mode": "NATIVE",
                "launch_options": [
                  {
                    "boot_volume_type": "PARAVIRTUALIZED",
                    "firmware": "UEFI_64",
                    "is_consistent_volume_naming_enabled": false,
                    "is_pv_encryption_in_transit_enabled": true,
                    "network_type": "VFIO",
                    "remote_data_volume_type": "PARAVIRTUALIZED"
                  }
                ],
                "listing_type": "",
                "operating_system": "Windows",
                "operating_system_version": "Server 2012 R2 Datacenter",
                "size_in_mbs": "262144",
                "state": "AVAILABLE",
                "time_created": "2020-11-29 09:23:53.015 +0000 UTC"
              },
              {
                "agent_features": [],
                "base_image_id": "",
                "billable_size_in_gbs": "22",
                "compartment_id": "",
                "create_image_allowed": true,
                "defined_tags": {},
                "display_name": "Oracle-Linux-Cloud-Developer-8.7-aarch64-2023.04.28-2",
                "freeform_tags": {},
                "id": "ocid1.image.oc1.eu-frankfurt-1.aaaaaaaacmz7jahqhxcweku2tv33wuinju37cxfqfecmfkavd4tbhwug7i2a",
                "image_source_details": [],
                "instance_id": "",
                "launch_mode": "PARAVIRTUALIZED",
                "launch_options": [
                  {
                    "boot_volume_type": "PARAVIRTUALIZED",
                    "firmware": "UEFI_64",
                    "is_consistent_volume_naming_enabled": true,
                    "is_pv_encryption_in_transit_enabled": true,
                    "network_type": "PARAVIRTUALIZED",
                    "remote_data_volume_type": "PARAVIRTUALIZED"
                  }
                ],
                "listing_type": "",
                "operating_system": "Oracle Linux Cloud Developer",
                "operating_system_version": "8",
                "size_in_mbs": "51200",
                "state": "AVAILABLE",
                "time_created": "2023-06-07 16:07:14.525 +0000 UTC"
              },
              {
                "agent_features": [],
                "base_image_id": "",
                "billable_size_in_gbs": "25",
                "compartment_id": "",
                "create_image_allowed": true,
                "defined_tags": {},
                "display_name": "Oracle-Linux-Cloud-Developer-8.7-2023.04.28-1",
                "freeform_tags": {},
                "id": "ocid1.image.oc1.eu-frankfurt-1.aaaaaaaa4st2hq6mnettoripiwsvup7mdpyqhzbxt52i2ukk7wu5silkvdfq",
                "image_source_details": [],
                "instance_id": "",
                "launch_mode": "PARAVIRTUALIZED",
                "launch_options": [
                  {
                    "boot_volume_type": "PARAVIRTUALIZED",
                    "firmware": "UEFI_64",
                    "is_consistent_volume_naming_enabled": true,
                    "is_pv_encryption_in_transit_enabled": true,
                    "network_type": "PARAVIRTUALIZED",
                    "remote_data_volume_type": "PARAVIRTUALIZED"
                  }
                ],
                "listing_type": "",
                "operating_system": "Oracle Linux Cloud Developer",
                "operating_system_version": "8",
                "size_in_mbs": "51200",
                "state": "AVAILABLE",
                "time_created": "2023-06-07 09:52:02.326 +0000 UTC"
              },
              {
                "agent_features": [],
                "base_image_id": "",
                "billable_size_in_gbs": "18",
                "compartment_id": "",
                "create_image_allowed": true,
                "defined_tags": {},
                "display_name": "Oracle-Linux-Cloud-Developer-8.5-aarch64-2022.05.22-0",
                "freeform_tags": {},
                "id": "ocid1.image.oc1.eu-frankfurt-1.aaaaaaaa3yvruxz66322mggw5ygdqy5s4jwihkj2mmpobcuxybxa62iydnra",
                "image_source_details": [],
                "instance_id": "",
                "launch_mode": "PARAVIRTUALIZED",
                "launch_options": [
                  {
                    "boot_volume_type": "PARAVIRTUALIZED",
                    "firmware": "UEFI_64",
                    "is_consistent_volume_naming_enabled": true,
                    "is_pv_encryption_in_transit_enabled": true,
                    "network_type": "PARAVIRTUALIZED",
                    "remote_data_volume_type": "PARAVIRTUALIZED"
                  }
                ],
                "listing_type": "",
                "operating_system": "Oracle Linux Cloud Developer",
                "operating_system_version": "8",
                "size_in_mbs": "47694",
                "state": "AVAILABLE",
                "time_created": "2022-06-15 23:22:41.443 +0000 UTC"
              },
              {
                "agent_features": [],
                "base_image_id": "",
                "billable_size_in_gbs": "24",
                "compartment_id": "",
                "create_image_allowed": true,
                "defined_tags": {},
                "display_name": "Oracle-Linux-Cloud-Developer-8.5-2022.05.22-0",
                "freeform_tags": {},
                "id": "ocid1.image.oc1.eu-frankfurt-1.aaaaaaaa3mdtxzi5rx2ids2tb74wmm77zvsqdaxbjlgvjpr4ytzc5njtksjq",
                "image_source_details": [],
                "instance_id": "",
                "launch_mode": "PARAVIRTUALIZED",
                "launch_options": [
                  {
                    "boot_volume_type": "PARAVIRTUALIZED",
                    "firmware": "UEFI_64",
                    "is_consistent_volume_naming_enabled": true,
                    "is_pv_encryption_in_transit_enabled": true,
                    "network_type": "PARAVIRTUALIZED",
                    "remote_data_volume_type": "PARAVIRTUALIZED"
                  }
                ],
                "listing_type": "",
                "operating_system": "Oracle Linux Cloud Developer",
                "operating_system_version": "8",
                "size_in_mbs": "47694",
                "state": "AVAILABLE",
                "time_created": "2022-06-15 23:22:39.097 +0000 UTC"
              },
              {
                "agent_features": [],
                "base_image_id": "",
                "billable_size_in_gbs": "14",
                "compartment_id": "",
                "create_image_allowed": true,
                "defined_tags": {},
                "display_name": "Oracle-Linux-Cloud-Developer-8.4-aarch64-2021.08.27-0",
                "freeform_tags": {},
                "id": "ocid1.image.oc1.eu-frankfurt-1.aaaaaaaaz2ib5englusvczhkmz2rqlhdb4qyvbet5s4iiy2vanzz4m5rsejq",
                "image_source_details": [],
                "instance_id": "",
                "launch_mode": "PARAVIRTUALIZED",
                "launch_options": [
                  {
                    "boot_volume_type": "PARAVIRTUALIZED",
                    "firmware": "UEFI_64",
                    "is_consistent_volume_naming_enabled": true,
                    "is_pv_encryption_in_transit_enabled": true,
                    "network_type": "PARAVIRTUALIZED",
                    "remote_data_volume_type": "PARAVIRTUALIZED"
                  }
                ],
                "listing_type": "",
                "operating_system": "Oracle Linux Cloud Developer",
                "operating_system_version": "8",
                "size_in_mbs": "51200",
                "state": "AVAILABLE",
                "time_created": "2021-08-30 23:42:49.087 +0000 UTC"
              },
              {
                "agent_features": [],
                "base_image_id": "",
                "billable_size_in_gbs": "19",
                "compartment_id": "",
                "create_image_allowed": true,
                "defined_tags": {},
                "display_name": "Oracle-Linux-Cloud-Developer-8.4-2021.08.27-0",
                "freeform_tags": {},
                "id": "ocid1.image.oc1.eu-frankfurt-1.aaaaaaaa7lzlvp6re2qyum4vmyryjk2okyfj7vp7lj2rd6qk2ovp7yfssoxa",
                "image_source_details": [],
                "instance_id": "",
                "launch_mode": "NATIVE",
                "launch_options": [
                  {
                    "boot_volume_type": "PARAVIRTUALIZED",
                    "firmware": "UEFI_64",
                    "is_consistent_volume_naming_enabled": true,
                    "is_pv_encryption_in_transit_enabled": true,
                    "network_type": "PARAVIRTUALIZED",
                    "remote_data_volume_type": "PARAVIRTUALIZED"
                  }
                ],
                "listing_type": "",
                "operating_system": "Oracle Linux Cloud Developer",
                "operating_system_version": "8",
                "size_in_mbs": "51200",
                "state": "AVAILABLE",
                "time_created": "2021-08-30 23:49:42.031 +0000 UTC"
              },
              {
                "agent_features": [],
                "base_image_id": "",
                "billable_size_in_gbs": "5",
                "compartment_id": "",
                "create_image_allowed": true,
                "defined_tags": {},
                "display_name": "Oracle-Linux-9.2-aarch64-2023.10.24-0",
                "freeform_tags": {},
                "id": "ocid1.image.oc1.eu-frankfurt-1.aaaaaaaaipc2p6iq75swnwzfvbcxtk6i4mjeevlldpua533ixe7gsecyuavq",
                "image_source_details": [],
                "instance_id": "",
                "launch_mode": "NATIVE",
                "launch_options": [
                  {
                    "boot_volume_type": "PARAVIRTUALIZED",
                    "firmware": "UEFI_64",
                    "is_consistent_volume_naming_enabled": true,
                    "is_pv_encryption_in_transit_enabled": true,
                    "network_type": "PARAVIRTUALIZED",
                    "remote_data_volume_type": "PARAVIRTUALIZED"
                  }
                ],
                "listing_type": "",
                "operating_system": "Oracle Linux",
                "operating_system_version": "9",
                "size_in_mbs": "47694",
                "state": "AVAILABLE",
                "time_created": "2023-11-20 06:12:21.461 +0000 UTC"
              },
              {
                "agent_features": [],
                "base_image_id": "",
                "billable_size_in_gbs": "5",
                "compartment_id": "",
                "create_image_allowed": true,
                "defined_tags": {},
                "display_name": "Oracle-Linux-9.2-aarch64-2023.09.26-0",
                "freeform_tags": {},
                "id": "ocid1.image.oc1.eu-frankfurt-1.aaaaaaaazx2qdl6chhboztrb7lw6leu5mqcl46pazn6cqlv6fo47x2p5plya",
                "image_source_details": [],
                "instance_id": "",
                "launch_mode": "NATIVE",
                "launch_options": [
                  {
                    "boot_volume_type": "PARAVIRTUALIZED",
                    "firmware": "UEFI_64",
                    "is_consistent_volume_naming_enabled": true,
                    "is_pv_encryption_in_transit_enabled": true,
                    "network_type": "PARAVIRTUALIZED",
                    "remote_data_volume_type": "PARAVIRTUALIZED"
                  }
                ],
                "listing_type": "",
                "operating_system": "Oracle Linux",
                "operating_system_version": "9",
                "size_in_mbs": "47694",
                "state": "AVAILABLE",
                "time_created": "2023-10-05 00:05:40.053 +0000 UTC"
              },
              {
                "agent_features": [],
                "base_image_id": "",
                "billable_size_in_gbs": "5",
                "compartment_id": "",
                "create_image_allowed": true,
                "defined_tags": {},
                "display_name": "Oracle-Linux-9.2-aarch64-2023.08.31-0",
                "freeform_tags": {},
                "id": "ocid1.image.oc1.eu-frankfurt-1.aaaaaaaa7ubsczqlxi7fdtyyptie5cqnmxxb632yq3fks43n2pbbu4ivehmq",
                "image_source_details": [],
                "instance_id": "",
                "launch_mode": "NATIVE",
                "launch_options": [
                  {
                    "boot_volume_type": "PARAVIRTUALIZED",
                    "firmware": "UEFI_64",
                    "is_consistent_volume_naming_enabled": true,
                    "is_pv_encryption_in_transit_enabled": true,
                    "network_type": "PARAVIRTUALIZED",
                    "remote_data_volume_type": "PARAVIRTUALIZED"
                  }
                ],
                "listing_type": "",
                "operating_system": "Oracle Linux",
                "operating_system_version": "9",
                "size_in_mbs": "47694",
                "state": "AVAILABLE",
                "time_created": "2023-09-07 09:27:49.396 +0000 UTC"
              },
              {
                "agent_features": [],
                "base_image_id": "",
                "billable_size_in_gbs": "5",
                "compartment_id": "",
                "create_image_allowed": true,
                "defined_tags": {},
                "display_name": "Oracle-Linux-9.2-2023.09.26-0",
                "freeform_tags": {},
                "id": "ocid1.image.oc1.eu-frankfurt-1.aaaaaaaasb6rctjif7eew2riwmjhd2ocrp43epbosfo3y5tecfr5lphkqj4q",
                "image_source_details": [],
                "instance_id": "",
                "launch_mode": "NATIVE",
                "launch_options": [
                  {
                    "boot_volume_type": "PARAVIRTUALIZED",
                    "firmware": "UEFI_64",
                    "is_consistent_volume_naming_enabled": true,
                    "is_pv_encryption_in_transit_enabled": true,
                    "network_type": "PARAVIRTUALIZED",
                    "remote_data_volume_type": "PARAVIRTUALIZED"
                  }
                ],
                "listing_type": "",
                "operating_system": "Oracle Linux",
                "operating_system_version": "9",
                "size_in_mbs": "47694",
                "state": "AVAILABLE",
                "time_created": "2023-10-05 00:05:40.13 +0000 UTC"
              },
              {
                "agent_features": [],
                "base_image_id": "",
                "billable_size_in_gbs": "5",
                "compartment_id": "",
                "create_image_allowed": true,
                "defined_tags": {},
                "display_name": "Oracle-Linux-9.2-2023.08.31-0",
                "freeform_tags": {},
                "id": "ocid1.image.oc1.eu-frankfurt-1.aaaaaaaae2zn7rxwjswrt2lzloa6agyj4ukg6inedeya4uhikauk2ugwspva",
                "image_source_details": [],
                "instance_id": "",
                "launch_mode": "NATIVE",
                "launch_options": [
                  {
                    "boot_volume_type": "PARAVIRTUALIZED",
                    "firmware": "UEFI_64",
                    "is_consistent_volume_naming_enabled": true,
                    "is_pv_encryption_in_transit_enabled": true,
                    "network_type": "PARAVIRTUALIZED",
                    "remote_data_volume_type": "PARAVIRTUALIZED"
                  }
                ],
                "listing_type": "",
                "operating_system": "Oracle Linux",
                "operating_system_version": "9",
                "size_in_mbs": "47694",
                "state": "AVAILABLE",
                "time_created": "2023-09-07 09:27:51.851 +0000 UTC"
              },
              {
                "agent_features": [],
                "base_image_id": "",
                "billable_size_in_gbs": "2",
                "compartment_id": "",
                "create_image_allowed": true,
                "defined_tags": {},
                "display_name": "Oracle-Linux-9.1-Minimal-2023.07.07-0",
                "freeform_tags": {},
                "id": "ocid1.image.oc1.eu-frankfurt-1.aaaaaaaagwan4zazdbxnnlqvp5o4grnicupsjubjdurydsc3jlgr53cne4nq",
                "image_source_details": [],
                "instance_id": "",
                "launch_mode": "NATIVE",
                "launch_options": [
                  {
                    "boot_volume_type": "PARAVIRTUALIZED",
                    "firmware": "UEFI_64",
                    "is_consistent_volume_naming_enabled": true,
                    "is_pv_encryption_in_transit_enabled": true,
                    "network_type": "PARAVIRTUALIZED",
                    "remote_data_volume_type": "PARAVIRTUALIZED"
                  }
                ],
                "listing_type": "",
                "operating_system": "Oracle Linux",
                "operating_system_version": "9 Minimal",
                "size_in_mbs": "47719",
                "state": "AVAILABLE",
                "time_created": "2023-07-10 17:48:00.763 +0000 UTC"
              },
              {
                "agent_features": [],
                "base_image_id": "",
                "billable_size_in_gbs": "2",
                "compartment_id": "",
                "create_image_allowed": true,
                "defined_tags": {},
                "display_name": "Oracle-Linux-9.1-Minimal-2023.06.29-0",
                "freeform_tags": {},
                "id": "ocid1.image.oc1.eu-frankfurt-1.aaaaaaaabnepgynucr7vxdp44lxghkfngt2otpdwjesn2752xon5z73b4odq",
                "image_source_details": [],
                "instance_id": "",
                "launch_mode": "NATIVE",
                "launch_options": [
                  {
                    "boot_volume_type": "PARAVIRTUALIZED",
                    "firmware": "UEFI_64",
                    "is_consistent_volume_naming_enabled": true,
                    "is_pv_encryption_in_transit_enabled": true,
                    "network_type": "PARAVIRTUALIZED",
                    "remote_data_volume_type": "PARAVIRTUALIZED"
                  }
                ],
                "listing_type": "",
                "operating_system": "Oracle Linux",
                "operating_system_version": "9 Minimal",
                "size_in_mbs": "47719",
                "state": "AVAILABLE",
                "time_created": "2023-07-05 15:15:00.329 +0000 UTC"
              },
              {
                "agent_features": [],
                "base_image_id": "",
                "billable_size_in_gbs": "5",
                "compartment_id": "",
                "create_image_allowed": true,
                "defined_tags": {},
                "display_name": "Oracle-Linux-8.8-aarch64-2023.10.24-0",
                "freeform_tags": {},
                "id": "ocid1.image.oc1.eu-frankfurt-1.aaaaaaaah4ztechann5uysuliuwjxas7obc3lhmx3bmeec4uq4pmsm5dwowq",
                "image_source_details": [],
                "instance_id": "",
                "launch_mode": "NATIVE",
                "launch_options": [
                  {
                    "boot_volume_type": "PARAVIRTUALIZED",
                    "firmware": "UEFI_64",
                    "is_consistent_volume_naming_enabled": true,
                    "is_pv_encryption_in_transit_enabled": true,
                    "network_type": "PARAVIRTUALIZED",
                    "remote_data_volume_type": "PARAVIRTUALIZED"
                  }
                ],
                "listing_type": "",
                "operating_system": "Oracle Linux",
                "operating_system_version": "8",
                "size_in_mbs": "47694",
                "state": "AVAILABLE",
                "time_created": "2023-11-20 06:12:08.51 +0000 UTC"
              },
              {
                "agent_features": [],
                "base_image_id": "",
                "billable_size_in_gbs": "5",
                "compartment_id": "",
                "create_image_allowed": true,
                "defined_tags": {},
                "display_name": "Oracle-Linux-8.8-aarch64-2023.09.26-0",
                "freeform_tags": {},
                "id": "ocid1.image.oc1.eu-frankfurt-1.aaaaaaaaofxt4vezjhycqgd25z6gpkri6jqfkuwomesnqgozksopzrvfbv4q",
                "image_source_details": [],
                "instance_id": "",
                "launch_mode": "NATIVE",
                "launch_options": [
                  {
                    "boot_volume_type": "PARAVIRTUALIZED",
                    "firmware": "UEFI_64",
                    "is_consistent_volume_naming_enabled": true,
                    "is_pv_encryption_in_transit_enabled": true,
                    "network_type": "PARAVIRTUALIZED",
                    "remote_data_volume_type": "PARAVIRTUALIZED"
                  }
                ],
                "listing_type": "",
                "operating_system": "Oracle Linux",
                "operating_system_version": "8",
                "size_in_mbs": "47694",
                "state": "AVAILABLE",
                "time_created": "2023-10-05 00:05:24.666 +0000 UTC"
              },
              {
                "agent_features": [],
                "base_image_id": "",
                "billable_size_in_gbs": "5",
                "compartment_id": "",
                "create_image_allowed": true,
                "defined_tags": {},
                "display_name": "Oracle-Linux-8.8-aarch64-2023.08.31-0",
                "freeform_tags": {},
                "id": "ocid1.image.oc1.eu-frankfurt-1.aaaaaaaacss2gcso4dvypez37y7ouitawyxwt25inivucwx5u7peads4z7qa",
                "image_source_details": [],
                "instance_id": "",
                "launch_mode": "NATIVE",
                "launch_options": [
                  {
                    "boot_volume_type": "PARAVIRTUALIZED",
                    "firmware": "UEFI_64",
                    "is_consistent_volume_naming_enabled": true,
                    "is_pv_encryption_in_transit_enabled": true,
                    "network_type": "PARAVIRTUALIZED",
                    "remote_data_volume_type": "PARAVIRTUALIZED"
                  }
                ],
                "listing_type": "",
                "operating_system": "Oracle Linux",
                "operating_system_version": "8",
                "size_in_mbs": "47694",
                "state": "AVAILABLE",
                "time_created": "2023-09-07 09:27:23.148 +0000 UTC"
              },
              {
                "agent_features": [],
                "base_image_id": "",
                "billable_size_in_gbs": "16",
                "compartment_id": "",
                "create_image_allowed": true,
                "defined_tags": {},
                "display_name": "Oracle-Linux-8.8-Gen2-GPU-2023.09.26-0",
                "freeform_tags": {},
                "id": "ocid1.image.oc1.eu-frankfurt-1.aaaaaaaa7mmhf2rff7b6us7kaard4dguzs3ns7su54qoppwo37ocnw5y5qoq",
                "image_source_details": [],
                "instance_id": "",
                "launch_mode": "NATIVE",
                "launch_options": [
                  {
                    "boot_volume_type": "PARAVIRTUALIZED",
                    "firmware": "UEFI_64",
                    "is_consistent_volume_naming_enabled": true,
                    "is_pv_encryption_in_transit_enabled": true,
                    "network_type": "PARAVIRTUALIZED",
                    "remote_data_volume_type": "PARAVIRTUALIZED"
                  }
                ],
                "listing_type": "",
                "operating_system": "Oracle Linux",
                "operating_system_version": "8",
                "size_in_mbs": "47694",
                "state": "AVAILABLE",
                "time_created": "2023-10-05 00:05:52.516 +0000 UTC"
              },
              {
                "agent_features": [],
                "base_image_id": "",
                "billable_size_in_gbs": "16",
                "compartment_id": "",
                "create_image_allowed": true,
                "defined_tags": {},
                "display_name": "Oracle-Linux-8.8-Gen2-GPU-2023.08.31-0",
                "freeform_tags": {},
                "id": "ocid1.image.oc1.eu-frankfurt-1.aaaaaaaavh6ermecbobwj42hwht7m2lmzyqrvf4ih4pv4jxa4ssb53kyvjea",
                "image_source_details": [],
                "instance_id": "",
                "launch_mode": "NATIVE",
                "launch_options": [
                  {
                    "boot_volume_type": "PARAVIRTUALIZED",
                    "firmware": "UEFI_64",
                    "is_consistent_volume_naming_enabled": true,
                    "is_pv_encryption_in_transit_enabled": true,
                    "network_type": "PARAVIRTUALIZED",
                    "remote_data_volume_type": "PARAVIRTUALIZED"
                  }
                ],
                "listing_type": "",
                "operating_system": "Oracle Linux",
                "operating_system_version": "8",
                "size_in_mbs": "47694",
                "state": "AVAILABLE",
                "time_created": "2023-09-07 09:27:55.106 +0000 UTC"
              },
              {
                "agent_features": [],
                "base_image_id": "",
                "billable_size_in_gbs": "16",
                "compartment_id": "",
                "create_image_allowed": true,
                "defined_tags": {},
                "display_name": "Oracle-Linux-8.8-Gen2-GPU-2023.08.16-0",
                "freeform_tags": {},
                "id": "ocid1.image.oc1.eu-frankfurt-1.aaaaaaaa2gblwcm7who7i5dxnaz2p5cqqykoibj7qrzzxgcvjaoyprhyjcpq",
                "image_source_details": [],
                "instance_id": "",
                "launch_mode": "NATIVE",
                "launch_options": [
                  {
                    "boot_volume_type": "PARAVIRTUALIZED",
                    "firmware": "UEFI_64",
                    "is_consistent_volume_naming_enabled": true,
                    "is_pv_encryption_in_transit_enabled": true,
                    "network_type": "PARAVIRTUALIZED",
                    "remote_data_volume_type": "PARAVIRTUALIZED"
                  }
                ],
                "listing_type": "",
                "operating_system": "Oracle Linux",
                "operating_system_version": "8",
                "size_in_mbs": "47694",
                "state": "AVAILABLE",
                "time_created": "2023-08-18 16:52:07.111 +0000 UTC"
              },
              {
                "agent_features": [],
                "base_image_id": "",
                "billable_size_in_gbs": "5",
                "compartment_id": "",
                "create_image_allowed": true,
                "defined_tags": {},
                "display_name": "Oracle-Linux-8.8-2023.09.26-0",
                "freeform_tags": {},
                "id": "ocid1.image.oc1.eu-frankfurt-1.aaaaaaaa5ww2sv5lpmouczvhp3e3udhrpngoribmotinvw734lti2avkktwa",
                "image_source_details": [],
                "instance_id": "",
                "launch_mode": "NATIVE",
                "launch_options": [
                  {
                    "boot_volume_type": "PARAVIRTUALIZED",
                    "firmware": "UEFI_64",
                    "is_consistent_volume_naming_enabled": true,
                    "is_pv_encryption_in_transit_enabled": true,
                    "network_type": "PARAVIRTUALIZED",
                    "remote_data_volume_type": "PARAVIRTUALIZED"
                  }
                ],
                "listing_type": "",
                "operating_system": "Oracle Linux",
                "operating_system_version": "8",
                "size_in_mbs": "47694",
                "state": "AVAILABLE",
                "time_created": "2023-10-05 00:05:22.669 +0000 UTC"
              },
              {
                "agent_features": [],
                "base_image_id": "",
                "billable_size_in_gbs": "5",
                "compartment_id": "",
                "create_image_allowed": true,
                "defined_tags": {},
                "display_name": "Oracle-Linux-8.8-2023.08.31-0",
                "freeform_tags": {},
                "id": "ocid1.image.oc1.eu-frankfurt-1.aaaaaaaapbmaii43g6f7aewzhubzhdrq5tl3xspw7wzwfgjn5zb7mbzoge4a",
                "image_source_details": [],
                "instance_id": "",
                "launch_mode": "NATIVE",
                "launch_options": [
                  {
                    "boot_volume_type": "PARAVIRTUALIZED",
                    "firmware": "UEFI_64",
                    "is_consistent_volume_naming_enabled": true,
                    "is_pv_encryption_in_transit_enabled": true,
                    "network_type": "PARAVIRTUALIZED",
                    "remote_data_volume_type": "PARAVIRTUALIZED"
                  }
                ],
                "listing_type": "",
                "operating_system": "Oracle Linux",
                "operating_system_version": "8",
                "size_in_mbs": "47694",
                "state": "AVAILABLE",
                "time_created": "2023-09-07 09:26:00.555 +0000 UTC"
              },
              {
                "agent_features": [],
                "base_image_id": "",
                "billable_size_in_gbs": "4",
                "compartment_id": "",
                "create_image_allowed": true,
                "defined_tags": {},
                "display_name": "Oracle-Linux-7.9-aarch64-2023.10.24-0",
                "freeform_tags": {},
                "id": "ocid1.image.oc1.eu-frankfurt-1.aaaaaaaaz34res2nvnaysg7qngq45e3cwoevveoimpgvgs2v4qm265skha7q",
                "image_source_details": [],
                "instance_id": "",
                "launch_mode": "NATIVE",
                "launch_options": [
                  {
                    "boot_volume_type": "PARAVIRTUALIZED",
                    "firmware": "UEFI_64",
                    "is_consistent_volume_naming_enabled": true,
                    "is_pv_encryption_in_transit_enabled": true,
                    "network_type": "PARAVIRTUALIZED",
                    "remote_data_volume_type": "PARAVIRTUALIZED"
                  }
                ],
                "listing_type": "",
                "operating_system": "Oracle Linux",
                "operating_system_version": "7.9",
                "size_in_mbs": "47694",
                "state": "AVAILABLE",
                "time_created": "2023-11-20 06:12:25.968 +0000 UTC"
              },
              {
                "agent_features": [],
                "base_image_id": "",
                "billable_size_in_gbs": "4",
                "compartment_id": "",
                "create_image_allowed": true,
                "defined_tags": {},
                "display_name": "Oracle-Linux-7.9-aarch64-2023.09.26-0",
                "freeform_tags": {},
                "id": "ocid1.image.oc1.eu-frankfurt-1.aaaaaaaamoe35rryo5sliozrfvz2lswjo6ho5hprhsuo7zyuddjfzb2jwsga",
                "image_source_details": [],
                "instance_id": "",
                "launch_mode": "NATIVE",
                "launch_options": [
                  {
                    "boot_volume_type": "PARAVIRTUALIZED",
                    "firmware": "UEFI_64",
                    "is_consistent_volume_naming_enabled": true,
                    "is_pv_encryption_in_transit_enabled": true,
                    "network_type": "PARAVIRTUALIZED",
                    "remote_data_volume_type": "PARAVIRTUALIZED"
                  }
                ],
                "listing_type": "",
                "operating_system": "Oracle Linux",
                "operating_system_version": "7.9",
                "size_in_mbs": "47694",
                "state": "AVAILABLE",
                "time_created": "2023-10-05 00:05:27.278 +0000 UTC"
              },
              {
                "agent_features": [],
                "base_image_id": "",
                "billable_size_in_gbs": "4",
                "compartment_id": "",
                "create_image_allowed": true,
                "defined_tags": {},
                "display_name": "Oracle-Linux-7.9-aarch64-2023.08.31-0",
                "freeform_tags": {},
                "id": "ocid1.image.oc1.eu-frankfurt-1.aaaaaaaa2kme3aqzoov7qzzfainqb2mj4rqbw6mxzi7bmnjhariam7qqxijq",
                "image_source_details": [],
                "instance_id": "",
                "launch_mode": "NATIVE",
                "launch_options": [
                  {
                    "boot_volume_type": "PARAVIRTUALIZED",
                    "firmware": "UEFI_64",
                    "is_consistent_volume_naming_enabled": true,
                    "is_pv_encryption_in_transit_enabled": true,
                    "network_type": "PARAVIRTUALIZED",
                    "remote_data_volume_type": "PARAVIRTUALIZED"
                  }
                ],
                "listing_type": "",
                "operating_system": "Oracle Linux",
                "operating_system_version": "7.9",
                "size_in_mbs": "47694",
                "state": "AVAILABLE",
                "time_created": "2023-09-07 09:26:22.57 +0000 UTC"
              },
              {
                "agent_features": [],
                "base_image_id": "",
                "billable_size_in_gbs": "14",
                "compartment_id": "",
                "create_image_allowed": true,
                "defined_tags": {},
                "display_name": "Oracle-Linux-7.9-Gen2-GPU-2023.09.26-0",
                "freeform_tags": {},
                "id": "ocid1.image.oc1.eu-frankfurt-1.aaaaaaaaqxh5i3d372giifmbffxumehioeojzvkb2izvm4jf5fijr6dsbw3q",
                "image_source_details": [],
                "instance_id": "",
                "launch_mode": "NATIVE",
                "launch_options": [
                  {
                    "boot_volume_type": "PARAVIRTUALIZED",
                    "firmware": "UEFI_64",
                    "is_consistent_volume_naming_enabled": true,
                    "is_pv_encryption_in_transit_enabled": true,
                    "network_type": "PARAVIRTUALIZED",
                    "remote_data_volume_type": "PARAVIRTUALIZED"
                  }
                ],
                "listing_type": "",
                "operating_system": "Oracle Linux",
                "operating_system_version": "7.9",
                "size_in_mbs": "47694",
                "state": "AVAILABLE",
                "time_created": "2023-10-05 00:04:17.411 +0000 UTC"
              },
              {
                "agent_features": [],
                "base_image_id": "",
                "billable_size_in_gbs": "15",
                "compartment_id": "",
                "create_image_allowed": true,
                "defined_tags": {},
                "display_name": "Oracle-Linux-7.9-Gen2-GPU-2023.08.31-0",
                "freeform_tags": {},
                "id": "ocid1.image.oc1.eu-frankfurt-1.aaaaaaaan5qextnkdbnnexwgcijagbdf54t7e62sygimhpsyjro3nrmt5c7a",
                "image_source_details": [],
                "instance_id": "",
                "launch_mode": "NATIVE",
                "launch_options": [
                  {
                    "boot_volume_type": "PARAVIRTUALIZED",
                    "firmware": "UEFI_64",
                    "is_consistent_volume_naming_enabled": true,
                    "is_pv_encryption_in_transit_enabled": true,
                    "network_type": "PARAVIRTUALIZED",
                    "remote_data_volume_type": "PARAVIRTUALIZED"
                  }
                ],
                "listing_type": "",
                "operating_system": "Oracle Linux",
                "operating_system_version": "7.9",
                "size_in_mbs": "47694",
                "state": "AVAILABLE",
                "time_created": "2023-09-07 09:27:33.932 +0000 UTC"
              },
              {
                "agent_features": [],
                "base_image_id": "",
                "billable_size_in_gbs": "14",
                "compartment_id": "",
                "create_image_allowed": true,
                "defined_tags": {},
                "display_name": "Oracle-Linux-7.9-Gen2-GPU-2023.07.31-0",
                "freeform_tags": {},
                "id": "ocid1.image.oc1.eu-frankfurt-1.aaaaaaaaavx2h4m5ihwjjr6uxz6iguokey57euuvrcvcl5unugs43w6mew3q",
                "image_source_details": [],
                "instance_id": "",
                "launch_mode": "NATIVE",
                "launch_options": [
                  {
                    "boot_volume_type": "PARAVIRTUALIZED",
                    "firmware": "UEFI_64",
                    "is_consistent_volume_naming_enabled": true,
                    "is_pv_encryption_in_transit_enabled": true,
                    "network_type": "PARAVIRTUALIZED",
                    "remote_data_volume_type": "PARAVIRTUALIZED"
                  }
                ],
                "listing_type": "",
                "operating_system": "Oracle Linux",
                "operating_system_version": "7.9",
                "size_in_mbs": "47694",
                "state": "AVAILABLE",
                "time_created": "2023-08-04 06:58:41.972 +0000 UTC"
              },
              {
                "agent_features": [],
                "base_image_id": "",
                "billable_size_in_gbs": "4",
                "compartment_id": "",
                "create_image_allowed": true,
                "defined_tags": {},
                "display_name": "Oracle-Linux-7.9-2023.09.26-0",
                "freeform_tags": {},
                "id": "ocid1.image.oc1.eu-frankfurt-1.aaaaaaaaeqva35y7ycysmhnmd27n6dbcrricdrmgoygs5qmqix4hq2zh6ydq",
                "image_source_details": [],
                "instance_id": "",
                "launch_mode": "NATIVE",
                "launch_options": [
                  {
                    "boot_volume_type": "PARAVIRTUALIZED",
                    "firmware": "UEFI_64",
                    "is_consistent_volume_naming_enabled": true,
                    "is_pv_encryption_in_transit_enabled": true,
                    "network_type": "PARAVIRTUALIZED",
                    "remote_data_volume_type": "PARAVIRTUALIZED"
                  }
                ],
                "listing_type": "",
                "operating_system": "Oracle Linux",
                "operating_system_version": "7.9",
                "size_in_mbs": "47694",
                "state": "AVAILABLE",
                "time_created": "2023-10-05 00:04:18.705 +0000 UTC"
              },
              {
                "agent_features": [],
                "base_image_id": "",
                "billable_size_in_gbs": "4",
                "compartment_id": "",
                "create_image_allowed": true,
                "defined_tags": {},
                "display_name": "Oracle-Linux-7.9-2023.08.31-0",
                "freeform_tags": {},
                "id": "ocid1.image.oc1.eu-frankfurt-1.aaaaaaaazo5x3eg2yzwmdbuxcuftnkx47oirq3ruxux2lmspzok3j45flsrq",
                "image_source_details": [],
                "instance_id": "",
                "launch_mode": "NATIVE",
                "launch_options": [
                  {
                    "boot_volume_type": "PARAVIRTUALIZED",
                    "firmware": "UEFI_64",
                    "is_consistent_volume_naming_enabled": true,
                    "is_pv_encryption_in_transit_enabled": true,
                    "network_type": "PARAVIRTUALIZED",
                    "remote_data_volume_type": "PARAVIRTUALIZED"
                  }
                ],
                "listing_type": "",
                "operating_system": "Oracle Linux",
                "operating_system_version": "7.9",
                "size_in_mbs": "47694",
                "state": "AVAILABLE",
                "time_created": "2023-09-07 09:26:18.649 +0000 UTC"
              },
              {
                "agent_features": [],
                "base_image_id": "",
                "billable_size_in_gbs": "3",
                "compartment_id": "",
                "create_image_allowed": true,
                "defined_tags": {},
                "display_name": "Oracle-Linux-6.10-2022.02.13-1",
                "freeform_tags": {},
                "id": "ocid1.image.oc1.eu-frankfurt-1.aaaaaaaa5uaelcipknraagp7mxk6vwlfairqqqkh5pjdg2uiwzg3oaxizaga",
                "image_source_details": [],
                "instance_id": "",
                "launch_mode": "NATIVE",
                "launch_options": [
                  {
                    "boot_volume_type": "PARAVIRTUALIZED",
                    "firmware": "UEFI_64",
                    "is_consistent_volume_naming_enabled": true,
                    "is_pv_encryption_in_transit_enabled": true,
                    "network_type": "PARAVIRTUALIZED",
                    "remote_data_volume_type": "PARAVIRTUALIZED"
                  }
                ],
                "listing_type": "",
                "operating_system": "Oracle Linux",
                "operating_system_version": "6.10",
                "size_in_mbs": "47694",
                "state": "AVAILABLE",
                "time_created": "2022-03-17 21:39:51.204 +0000 UTC"
              },
              {
                "agent_features": [],
                "base_image_id": "",
                "billable_size_in_gbs": "0",
                "compartment_id": "",
                "create_image_allowed": true,
                "defined_tags": {},
                "display_name": "Oracle-Linux-6.10-2021.03.17-0",
                "freeform_tags": {},
                "id": "ocid1.image.oc1.eu-frankfurt-1.aaaaaaaa3rjxpkcfs44y5hdf7xmhunx2ipdmbem2bevpayv7gmwuyycbk57a",
                "image_source_details": [],
                "instance_id": "",
                "launch_mode": "NATIVE",
                "launch_options": [
                  {
                    "boot_volume_type": "PARAVIRTUALIZED",
                    "firmware": "UEFI_64",
                    "is_consistent_volume_naming_enabled": true,
                    "is_pv_encryption_in_transit_enabled": true,
                    "network_type": "PARAVIRTUALIZED",
                    "remote_data_volume_type": "PARAVIRTUALIZED"
                  }
                ],
                "listing_type": "",
                "operating_system": "Oracle Linux",
                "operating_system_version": "6.10",
                "size_in_mbs": "47694",
                "state": "AVAILABLE",
                "time_created": "2021-03-24 02:42:38.242 +0000 UTC"
              },
              {
                "agent_features": [],
                "base_image_id": "",
                "billable_size_in_gbs": "6",
                "compartment_id": "",
                "create_image_allowed": true,
                "defined_tags": {},
                "display_name": "Oracle-Autonomous-Linux-8.8-2023.09.27-0",
                "freeform_tags": {},
                "id": "ocid1.image.oc1.eu-frankfurt-1.aaaaaaaaoolxbcftin7ialrxogzu2odhgu5rvzwmiu5gixsjjeonszhmacaa",
                "image_source_details": [],
                "instance_id": "",
                "launch_mode": "NATIVE",
                "launch_options": [
                  {
                    "boot_volume_type": "PARAVIRTUALIZED",
                    "firmware": "UEFI_64",
                    "is_consistent_volume_naming_enabled": true,
                    "is_pv_encryption_in_transit_enabled": true,
                    "network_type": "PARAVIRTUALIZED",
                    "remote_data_volume_type": "PARAVIRTUALIZED"
                  }
                ],
                "listing_type": "",
                "operating_system": "Oracle Autonomous Linux",
                "operating_system_version": "8.8",
                "size_in_mbs": "47694",
                "state": "AVAILABLE",
                "time_created": "2023-10-02 18:27:53.025 +0000 UTC"
              },
              {
                "agent_features": [],
                "base_image_id": "",
                "billable_size_in_gbs": "6",
                "compartment_id": "",
                "create_image_allowed": true,
                "defined_tags": {},
                "display_name": "Oracle-Autonomous-Linux-8.8-2023.08.31-0",
                "freeform_tags": {},
                "id": "ocid1.image.oc1.eu-frankfurt-1.aaaaaaaak2vsuketuzyqwqxbhjakidkiiipbj7y5s5ouzbpetytgrod64yeq",
                "image_source_details": [],
                "instance_id": "",
                "launch_mode": "NATIVE",
                "launch_options": [
                  {
                    "boot_volume_type": "PARAVIRTUALIZED",
                    "firmware": "UEFI_64",
                    "is_consistent_volume_naming_enabled": true,
                    "is_pv_encryption_in_transit_enabled": true,
                    "network_type": "PARAVIRTUALIZED",
                    "remote_data_volume_type": "PARAVIRTUALIZED"
                  }
                ],
                "listing_type": "",
                "operating_system": "Oracle Autonomous Linux",
                "operating_system_version": "8.8",
                "size_in_mbs": "47694",
                "state": "AVAILABLE",
                "time_created": "2023-09-12 06:15:01.935 +0000 UTC"
              },
              {
                "agent_features": [],
                "base_image_id": "",
                "billable_size_in_gbs": "6",
                "compartment_id": "",
                "create_image_allowed": true,
                "defined_tags": {},
                "display_name": "Oracle-Autonomous-Linux-8.8-2023.07.30-0",
                "freeform_tags": {},
                "id": "ocid1.image.oc1.eu-frankfurt-1.aaaaaaaa5hb5st5cnmegt6t6szunsx4mnye2gz7p4xx4mcre7kpchghrxxpa",
                "image_source_details": [],
                "instance_id": "",
                "launch_mode": "NATIVE",
                "launch_options": [
                  {
                    "boot_volume_type": "PARAVIRTUALIZED",
                    "firmware": "UEFI_64",
                    "is_consistent_volume_naming_enabled": true,
                    "is_pv_encryption_in_transit_enabled": true,
                    "network_type": "PARAVIRTUALIZED",
                    "remote_data_volume_type": "PARAVIRTUALIZED"
                  }
                ],
                "listing_type": "",
                "operating_system": "Oracle Autonomous Linux",
                "operating_system_version": "8.8",
                "size_in_mbs": "47694",
                "state": "AVAILABLE",
                "time_created": "2023-08-08 15:39:20.604 +0000 UTC"
              },
              {
                "agent_features": [],
                "base_image_id": "",
                "billable_size_in_gbs": "5",
                "compartment_id": "",
                "create_image_allowed": true,
                "defined_tags": {},
                "display_name": "Oracle-Autonomous-Linux-8.8-2023.06.30-0",
                "freeform_tags": {},
                "id": "ocid1.image.oc1.eu-frankfurt-1.aaaaaaaamn7bq3xb6wqdcwwxdis4ajcfusvvgfr6ad3vxdljujlojqvk2n4a",
                "image_source_details": [],
                "instance_id": "",
                "launch_mode": "NATIVE",
                "launch_options": [
                  {
                    "boot_volume_type": "PARAVIRTUALIZED",
                    "firmware": "UEFI_64",
                    "is_consistent_volume_naming_enabled": true,
                    "is_pv_encryption_in_transit_enabled": true,
                    "network_type": "PARAVIRTUALIZED",
                    "remote_data_volume_type": "PARAVIRTUALIZED"
                  }
                ],
                "listing_type": "",
                "operating_system": "Oracle Autonomous Linux",
                "operating_system_version": "8.8",
                "size_in_mbs": "47694",
                "state": "AVAILABLE",
                "time_created": "2023-07-12 05:25:52.085 +0000 UTC"
              },
              {
                "agent_features": [],
                "base_image_id": "",
                "billable_size_in_gbs": "5",
                "compartment_id": "",
                "create_image_allowed": true,
                "defined_tags": {},
                "display_name": "Oracle-Autonomous-Linux-8.7-2023.05.29-0",
                "freeform_tags": {},
                "id": "ocid1.image.oc1.eu-frankfurt-1.aaaaaaaakc66dq6s6qyyrgptgbrxfjzwkqrubenkqmjmxhpyn7wuczrwr3ya",
                "image_source_details": [],
                "instance_id": "",
                "launch_mode": "NATIVE",
                "launch_options": [
                  {
                    "boot_volume_type": "PARAVIRTUALIZED",
                    "firmware": "UEFI_64",
                    "is_consistent_volume_naming_enabled": true,
                    "is_pv_encryption_in_transit_enabled": true,
                    "network_type": "PARAVIRTUALIZED",
                    "remote_data_volume_type": "PARAVIRTUALIZED"
                  }
                ],
                "listing_type": "",
                "operating_system": "Oracle Autonomous Linux",
                "operating_system_version": "8.7",
                "size_in_mbs": "47694",
                "state": "AVAILABLE",
                "time_created": "2023-06-02 05:20:52.605 +0000 UTC"
              },
              {
                "agent_features": [],
                "base_image_id": "",
                "billable_size_in_gbs": "5",
                "compartment_id": "",
                "create_image_allowed": true,
                "defined_tags": {},
                "display_name": "Oracle-Autonomous-Linux-8.7-2023.04.25-0",
                "freeform_tags": {},
                "id": "ocid1.image.oc1.eu-frankfurt-1.aaaaaaaaf2xrc7lrmgqlfksambgtkh5k3z5o42erta2k25s3mfazikr3hl6a",
                "image_source_details": [],
                "instance_id": "",
                "launch_mode": "NATIVE",
                "launch_options": [
                  {
                    "boot_volume_type": "PARAVIRTUALIZED",
                    "firmware": "UEFI_64",
                    "is_consistent_volume_naming_enabled": true,
                    "is_pv_encryption_in_transit_enabled": true,
                    "network_type": "PARAVIRTUALIZED",
                    "remote_data_volume_type": "PARAVIRTUALIZED"
                  }
                ],
                "listing_type": "",
                "operating_system": "Oracle Autonomous Linux",
                "operating_system_version": "8.7",
                "size_in_mbs": "47694",
                "state": "AVAILABLE",
                "time_created": "2023-05-17 06:26:51.871 +0000 UTC"
              },
              {
                "agent_features": [],
                "base_image_id": "",
                "billable_size_in_gbs": "5",
                "compartment_id": "",
                "create_image_allowed": true,
                "defined_tags": {},
                "display_name": "Oracle-Autonomous-Linux-8.7-2023.03.28-0",
                "freeform_tags": {},
                "id": "ocid1.image.oc1.eu-frankfurt-1.aaaaaaaa75ufs4b6v3wulpdgr746nm2n6tnavbsc5mirkogpxa2bnwr5xzjq",
                "image_source_details": [],
                "instance_id": "",
                "launch_mode": "NATIVE",
                "launch_options": [
                  {
                    "boot_volume_type": "PARAVIRTUALIZED",
                    "firmware": "UEFI_64",
                    "is_consistent_volume_naming_enabled": true,
                    "is_pv_encryption_in_transit_enabled": true,
                    "network_type": "PARAVIRTUALIZED",
                    "remote_data_volume_type": "PARAVIRTUALIZED"
                  }
                ],
                "listing_type": "",
                "operating_system": "Oracle Autonomous Linux",
                "operating_system_version": "8.7",
                "size_in_mbs": "47694",
                "state": "AVAILABLE",
                "time_created": "2023-04-18 05:24:35.294 +0000 UTC"
              },
              {
                "agent_features": [],
                "base_image_id": "",
                "billable_size_in_gbs": "5",
                "compartment_id": "",
                "create_image_allowed": true,
                "defined_tags": {},
                "display_name": "Oracle-Autonomous-Linux-8.7-2023.02.28-1",
                "freeform_tags": {},
                "id": "ocid1.image.oc1.eu-frankfurt-1.aaaaaaaa3l6cgd34ubd4utxy6fve4m56jpymfqr3brrqbr3odt7i2zmuolmq",
                "image_source_details": [],
                "instance_id": "",
                "launch_mode": "NATIVE",
                "launch_options": [
                  {
                    "boot_volume_type": "PARAVIRTUALIZED",
                    "firmware": "UEFI_64",
                    "is_consistent_volume_naming_enabled": true,
                    "is_pv_encryption_in_transit_enabled": true,
                    "network_type": "PARAVIRTUALIZED",
                    "remote_data_volume_type": "PARAVIRTUALIZED"
                  }
                ],
                "listing_type": "",
                "operating_system": "Oracle Autonomous Linux",
                "operating_system_version": "8.7",
                "size_in_mbs": "47694",
                "state": "AVAILABLE",
                "time_created": "2023-04-06 07:01:14.957 +0000 UTC"
              },
              {
                "agent_features": [],
                "base_image_id": "",
                "billable_size_in_gbs": "6",
                "compartment_id": "",
                "create_image_allowed": true,
                "defined_tags": {},
                "display_name": "Oracle-Autonomous-Linux-8.7-2023.01.31-1",
                "freeform_tags": {},
                "id": "ocid1.image.oc1.eu-frankfurt-1.aaaaaaaao6wxc2i6qcrpfjtegdebmpkvlpjaymvku7n2onhaoxv27dubjlna",
                "image_source_details": [],
                "instance_id": "",
                "launch_mode": "NATIVE",
                "launch_options": [
                  {
                    "boot_volume_type": "PARAVIRTUALIZED",
                    "firmware": "UEFI_64",
                    "is_consistent_volume_naming_enabled": true,
                    "is_pv_encryption_in_transit_enabled": true,
                    "network_type": "PARAVIRTUALIZED",
                    "remote_data_volume_type": "PARAVIRTUALIZED"
                  }
                ],
                "listing_type": "",
                "operating_system": "Oracle Autonomous Linux",
                "operating_system_version": "8.7",
                "size_in_mbs": "47694",
                "state": "AVAILABLE",
                "time_created": "2023-02-22 18:23:03.331 +0000 UTC"
              },
              {
                "agent_features": [],
                "base_image_id": "",
                "billable_size_in_gbs": "4",
                "compartment_id": "",
                "create_image_allowed": true,
                "defined_tags": {},
                "display_name": "Oracle-Autonomous-Linux-7.9-2023.09.27-0",
                "freeform_tags": {},
                "id": "ocid1.image.oc1.eu-frankfurt-1.aaaaaaaaqpvzqbmw4ao6lvmhzekvigpgqsh4hc4ldve226qvwwxut6t5umvq",
                "image_source_details": [],
                "instance_id": "",
                "launch_mode": "NATIVE",
                "launch_options": [
                  {
                    "boot_volume_type": "PARAVIRTUALIZED",
                    "firmware": "UEFI_64",
                    "is_consistent_volume_naming_enabled": true,
                    "is_pv_encryption_in_transit_enabled": true,
                    "network_type": "PARAVIRTUALIZED",
                    "remote_data_volume_type": "PARAVIRTUALIZED"
                  }
                ],
                "listing_type": "",
                "operating_system": "Oracle Autonomous Linux",
                "operating_system_version": "7.9",
                "size_in_mbs": "47694",
                "state": "AVAILABLE",
                "time_created": "2023-10-02 06:53:40.076 +0000 UTC"
              },
              {
                "agent_features": [],
                "base_image_id": "",
                "billable_size_in_gbs": "5",
                "compartment_id": "",
                "create_image_allowed": true,
                "defined_tags": {},
                "display_name": "Oracle-Autonomous-Linux-7.9-2023.08.31-0",
                "freeform_tags": {},
                "id": "ocid1.image.oc1.eu-frankfurt-1.aaaaaaaaypacat4zlpdh2jsxddc4vf3qbobdnasttig5s3popn4wlkckcpfq",
                "image_source_details": [],
                "instance_id": "",
                "launch_mode": "NATIVE",
                "launch_options": [
                  {
                    "boot_volume_type": "PARAVIRTUALIZED",
                    "firmware": "UEFI_64",
                    "is_consistent_volume_naming_enabled": true,
                    "is_pv_encryption_in_transit_enabled": true,
                    "network_type": "PARAVIRTUALIZED",
                    "remote_data_volume_type": "PARAVIRTUALIZED"
                  }
                ],
                "listing_type": "",
                "operating_system": "Oracle Autonomous Linux",
                "operating_system_version": "7.9",
                "size_in_mbs": "47694",
                "state": "AVAILABLE",
                "time_created": "2023-09-12 06:15:09.131 +0000 UTC"
              },
              {
                "agent_features": [],
                "base_image_id": "",
                "billable_size_in_gbs": "4",
                "compartment_id": "",
                "create_image_allowed": true,
                "defined_tags": {},
                "display_name": "Oracle-Autonomous-Linux-7.9-2023.07.30-0",
                "freeform_tags": {},
                "id": "ocid1.image.oc1.eu-frankfurt-1.aaaaaaaa5enepewsnbkr7hamektzbip7d6cxalf2ifh6c2tfoywgzowes7ya",
                "image_source_details": [],
                "instance_id": "",
                "launch_mode": "NATIVE",
                "launch_options": [
                  {
                    "boot_volume_type": "PARAVIRTUALIZED",
                    "firmware": "UEFI_64",
                    "is_consistent_volume_naming_enabled": true,
                    "is_pv_encryption_in_transit_enabled": true,
                    "network_type": "PARAVIRTUALIZED",
                    "remote_data_volume_type": "PARAVIRTUALIZED"
                  }
                ],
                "listing_type": "",
                "operating_system": "Oracle Autonomous Linux",
                "operating_system_version": "7.9",
                "size_in_mbs": "47694",
                "state": "AVAILABLE",
                "time_created": "2023-08-08 15:38:53.424 +0000 UTC"
              },
              {
                "agent_features": [],
                "base_image_id": "",
                "billable_size_in_gbs": "3",
                "compartment_id": "",
                "create_image_allowed": true,
                "defined_tags": {},
                "display_name": "CentOS-8-Stream-2023.10.17-0",
                "freeform_tags": {},
                "id": "ocid1.image.oc1.eu-frankfurt-1.aaaaaaaar4pmzbom442sqhdtqb6iyiyr3xicnllolls32irregobcqd5rrfa",
                "image_source_details": [],
                "instance_id": "",
                "launch_mode": "NATIVE",
                "launch_options": [
                  {
                    "boot_volume_type": "PARAVIRTUALIZED",
                    "firmware": "UEFI_64",
                    "is_consistent_volume_naming_enabled": true,
                    "is_pv_encryption_in_transit_enabled": true,
                    "network_type": "PARAVIRTUALIZED",
                    "remote_data_volume_type": "PARAVIRTUALIZED"
                  }
                ],
                "listing_type": "",
                "operating_system": "CentOS",
                "operating_system_version": "8 Stream",
                "size_in_mbs": "47694",
                "state": "AVAILABLE",
                "time_created": "2023-11-20 06:15:53.92 +0000 UTC"
              },
              {
                "agent_features": [],
                "base_image_id": "",
                "billable_size_in_gbs": "3",
                "compartment_id": "",
                "create_image_allowed": true,
                "defined_tags": {},
                "display_name": "CentOS-8-Stream-2023.09.30-0",
                "freeform_tags": {},
                "id": "ocid1.image.oc1.eu-frankfurt-1.aaaaaaaaigqcvevhjqlvctat7j6hqxqrcfy2cjienq5qn4qzj4swhwmv34nq",
                "image_source_details": [],
                "instance_id": "",
                "launch_mode": "NATIVE",
                "launch_options": [
                  {
                    "boot_volume_type": "PARAVIRTUALIZED",
                    "firmware": "UEFI_64",
                    "is_consistent_volume_naming_enabled": true,
                    "is_pv_encryption_in_transit_enabled": true,
                    "network_type": "PARAVIRTUALIZED",
                    "remote_data_volume_type": "PARAVIRTUALIZED"
                  }
                ],
                "listing_type": "",
                "operating_system": "CentOS",
                "operating_system_version": "8 Stream",
                "size_in_mbs": "47694",
                "state": "AVAILABLE",
                "time_created": "2023-10-06 07:24:01.254 +0000 UTC"
              },
              {
                "agent_features": [],
                "base_image_id": "",
                "billable_size_in_gbs": "4",
                "compartment_id": "",
                "create_image_allowed": true,
                "defined_tags": {},
                "display_name": "CentOS-8-Stream-2023.08.29-0",
                "freeform_tags": {},
                "id": "ocid1.image.oc1.eu-frankfurt-1.aaaaaaaa6w4l7kkmmvss5r77mr4khxdoivdwbkogvele6xav5rbj7halgozq",
                "image_source_details": [],
                "instance_id": "",
                "launch_mode": "NATIVE",
                "launch_options": [
                  {
                    "boot_volume_type": "PARAVIRTUALIZED",
                    "firmware": "UEFI_64",
                    "is_consistent_volume_naming_enabled": true,
                    "is_pv_encryption_in_transit_enabled": true,
                    "network_type": "PARAVIRTUALIZED",
                    "remote_data_volume_type": "PARAVIRTUALIZED"
                  }
                ],
                "listing_type": "",
                "operating_system": "CentOS",
                "operating_system_version": "8 Stream",
                "size_in_mbs": "47694",
                "state": "AVAILABLE",
                "time_created": "2023-09-07 10:34:06.367 +0000 UTC"
              },
              {
                "agent_features": [],
                "base_image_id": "",
                "billable_size_in_gbs": "3",
                "compartment_id": "",
                "create_image_allowed": true,
                "defined_tags": {},
                "display_name": "CentOS-7-2023.10.17-0",
                "freeform_tags": {},
                "id": "ocid1.image.oc1.eu-frankfurt-1.aaaaaaaa6o5myfm3x7rp74sztfae4hzzffeivoy6fszkwzlg2vvtglfc2okq",
                "image_source_details": [],
                "instance_id": "",
                "launch_mode": "NATIVE",
                "launch_options": [
                  {
                    "boot_volume_type": "PARAVIRTUALIZED",
                    "firmware": "UEFI_64",
                    "is_consistent_volume_naming_enabled": true,
                    "is_pv_encryption_in_transit_enabled": true,
                    "network_type": "PARAVIRTUALIZED",
                    "remote_data_volume_type": "PARAVIRTUALIZED"
                  }
                ],
                "listing_type": "",
                "operating_system": "CentOS",
                "operating_system_version": "7",
                "size_in_mbs": "47694",
                "state": "AVAILABLE",
                "time_created": "2023-11-20 06:16:00.313 +0000 UTC"
              },
              {
                "agent_features": [],
                "base_image_id": "",
                "billable_size_in_gbs": "3",
                "compartment_id": "",
                "create_image_allowed": true,
                "defined_tags": {},
                "display_name": "CentOS-7-2023.09.30-0",
                "freeform_tags": {},
                "id": "ocid1.image.oc1.eu-frankfurt-1.aaaaaaaa5xk52sdpgsuywmfavhtbkyvvojx4dqu7l5uwgpctbxwvujb4oqxa",
                "image_source_details": [],
                "instance_id": "",
                "launch_mode": "NATIVE",
                "launch_options": [
                  {
                    "boot_volume_type": "PARAVIRTUALIZED",
                    "firmware": "UEFI_64",
                    "is_consistent_volume_naming_enabled": true,
                    "is_pv_encryption_in_transit_enabled": true,
                    "network_type": "PARAVIRTUALIZED",
                    "remote_data_volume_type": "PARAVIRTUALIZED"
                  }
                ],
                "listing_type": "",
                "operating_system": "CentOS",
                "operating_system_version": "7",
                "size_in_mbs": "47694",
                "state": "AVAILABLE",
                "time_created": "2023-10-06 07:23:43.3 +0000 UTC"
              },
              {
                "agent_features": [],
                "base_image_id": "",
                "billable_size_in_gbs": "3",
                "compartment_id": "",
                "create_image_allowed": true,
                "defined_tags": {},
                "display_name": "CentOS-7-2023.08.29-0",
                "freeform_tags": {},
                "id": "ocid1.image.oc1.eu-frankfurt-1.aaaaaaaa3lk32xfjxmnpn43myspwkexg4wr4o4qdxd36gzbe2tr6q3sphk5a",
                "image_source_details": [],
                "instance_id": "",
                "launch_mode": "NATIVE",
                "launch_options": [
                  {
                    "boot_volume_type": "PARAVIRTUALIZED",
                    "firmware": "UEFI_64",
                    "is_consistent_volume_naming_enabled": true,
                    "is_pv_encryption_in_transit_enabled": true,
                    "network_type": "PARAVIRTUALIZED",
                    "remote_data_volume_type": "PARAVIRTUALIZED"
                  }
                ],
                "listing_type": "",
                "operating_system": "CentOS",
                "operating_system_version": "7",
                "size_in_mbs": "47694",
                "state": "AVAILABLE",
                "time_created": "2023-09-07 10:34:00.979 +0000 UTC"
              },
              {
                "agent_features": [],
                "base_image_id": "",
                "billable_size_in_gbs": "2",
                "compartment_id": "",
                "create_image_allowed": true,
                "defined_tags": {},
                "display_name": "Canonical-Ubuntu-22.04-aarch64-2023.10.13-0",
                "freeform_tags": {},
                "id": "ocid1.image.oc1.eu-frankfurt-1.aaaaaaaao27f22d7avekl642gfes2ijwezsuupwhtteh4wwyjwwgvyxzlzcq",
                "image_source_details": [],
                "instance_id": "",
                "launch_mode": "NATIVE",
                "launch_options": [
                  {
                    "boot_volume_type": "PARAVIRTUALIZED",
                    "firmware": "UEFI_64",
                    "is_consistent_volume_naming_enabled": true,
                    "is_pv_encryption_in_transit_enabled": true,
                    "network_type": "PARAVIRTUALIZED",
                    "remote_data_volume_type": "PARAVIRTUALIZED"
                  }
                ],
                "listing_type": "",
                "operating_system": "Canonical Ubuntu",
                "operating_system_version": "22.04",
                "size_in_mbs": "47694",
                "state": "AVAILABLE",
                "time_created": "2023-11-20 06:15:48.877 +0000 UTC"
              },
              {
                "agent_features": [],
                "base_image_id": "",
                "billable_size_in_gbs": "2",
                "compartment_id": "",
                "create_image_allowed": true,
                "defined_tags": {},
                "display_name": "Canonical-Ubuntu-22.04-aarch64-2023.09.27-0",
                "freeform_tags": {},
                "id": "ocid1.image.oc1.eu-frankfurt-1.aaaaaaaap362udryq4igudmoxz2b5hpkzlhrelii7beusqhps33mxfwn2izq",
                "image_source_details": [],
                "instance_id": "",
                "launch_mode": "NATIVE",
                "launch_options": [
                  {
                    "boot_volume_type": "PARAVIRTUALIZED",
                    "firmware": "UEFI_64",
                    "is_consistent_volume_naming_enabled": true,
                    "is_pv_encryption_in_transit_enabled": true,
                    "network_type": "PARAVIRTUALIZED",
                    "remote_data_volume_type": "PARAVIRTUALIZED"
                  }
                ],
                "listing_type": "",
                "operating_system": "Canonical Ubuntu",
                "operating_system_version": "22.04",
                "size_in_mbs": "47694",
                "state": "AVAILABLE",
                "time_created": "2023-10-06 07:24:44.24 +0000 UTC"
              },
              {
                "agent_features": [],
                "base_image_id": "",
                "billable_size_in_gbs": "2",
                "compartment_id": "",
                "create_image_allowed": true,
                "defined_tags": {},
                "display_name": "Canonical-Ubuntu-22.04-aarch64-2023.08.23-0",
                "freeform_tags": {},
                "id": "ocid1.image.oc1.eu-frankfurt-1.aaaaaaaawakxkhuwx7flufdsjeuu42hxzxnaeeajqq4ohfqprw3s6zl7bgcq",
                "image_source_details": [],
                "instance_id": "",
                "launch_mode": "NATIVE",
                "launch_options": [
                  {
                    "boot_volume_type": "PARAVIRTUALIZED",
                    "firmware": "UEFI_64",
                    "is_consistent_volume_naming_enabled": true,
                    "is_pv_encryption_in_transit_enabled": true,
                    "network_type": "PARAVIRTUALIZED",
                    "remote_data_volume_type": "PARAVIRTUALIZED"
                  }
                ],
                "listing_type": "",
                "operating_system": "Canonical Ubuntu",
                "operating_system_version": "22.04",
                "size_in_mbs": "47694",
                "state": "AVAILABLE",
                "time_created": "2023-09-07 10:34:36.359 +0000 UTC"
              },
              {
                "agent_features": [],
                "base_image_id": "",
                "billable_size_in_gbs": "2",
                "compartment_id": "",
                "create_image_allowed": true,
                "defined_tags": {},
                "display_name": "Canonical-Ubuntu-22.04-Minimal-aarch64-2023.10.15-0",
                "freeform_tags": {},
                "id": "ocid1.image.oc1.eu-frankfurt-1.aaaaaaaancmznojzjbiqvo35ghsz5szu7qhwbnrm7or3klpxh4oxrrkol3nq",
                "image_source_details": [],
                "instance_id": "",
                "launch_mode": "NATIVE",
                "launch_options": [
                  {
                    "boot_volume_type": "PARAVIRTUALIZED",
                    "firmware": "UEFI_64",
                    "is_consistent_volume_naming_enabled": true,
                    "is_pv_encryption_in_transit_enabled": true,
                    "network_type": "PARAVIRTUALIZED",
                    "remote_data_volume_type": "PARAVIRTUALIZED"
                  }
                ],
                "listing_type": "",
                "operating_system": "Canonical Ubuntu",
                "operating_system_version": "22.04 Minimal aarch64",
                "size_in_mbs": "47694",
                "state": "AVAILABLE",
                "time_created": "2023-11-20 06:16:21.812 +0000 UTC"
              },
              {
                "agent_features": [],
                "base_image_id": "",
                "billable_size_in_gbs": "2",
                "compartment_id": "",
                "create_image_allowed": true,
                "defined_tags": {},
                "display_name": "Canonical-Ubuntu-22.04-Minimal-aarch64-2023.09.28-0",
                "freeform_tags": {},
                "id": "ocid1.image.oc1.eu-frankfurt-1.aaaaaaaablygzsifweiu27c3dvifujtcqik3y2idv6i434kjnlsztkp5j4fa",
                "image_source_details": [],
                "instance_id": "",
                "launch_mode": "NATIVE",
                "launch_options": [
                  {
                    "boot_volume_type": "PARAVIRTUALIZED",
                    "firmware": "UEFI_64",
                    "is_consistent_volume_naming_enabled": true,
                    "is_pv_encryption_in_transit_enabled": true,
                    "network_type": "PARAVIRTUALIZED",
                    "remote_data_volume_type": "PARAVIRTUALIZED"
                  }
                ],
                "listing_type": "",
                "operating_system": "Canonical Ubuntu",
                "operating_system_version": "22.04 Minimal aarch64",
                "size_in_mbs": "47694",
                "state": "AVAILABLE",
                "time_created": "2023-10-06 07:24:51.687 +0000 UTC"
              },
              {
                "agent_features": [],
                "base_image_id": "",
                "billable_size_in_gbs": "2",
                "compartment_id": "",
                "create_image_allowed": true,
                "defined_tags": {},
                "display_name": "Canonical-Ubuntu-22.04-Minimal-aarch64-2023.08.27-0",
                "freeform_tags": {},
                "id": "ocid1.image.oc1.eu-frankfurt-1.aaaaaaaa5ogkqtzgjbo7bazv5l3re3yxcc6iifu5waavjqzc2s6iqm4lw2ia",
                "image_source_details": [],
                "instance_id": "",
                "launch_mode": "NATIVE",
                "launch_options": [
                  {
                    "boot_volume_type": "PARAVIRTUALIZED",
                    "firmware": "UEFI_64",
                    "is_consistent_volume_naming_enabled": true,
                    "is_pv_encryption_in_transit_enabled": true,
                    "network_type": "PARAVIRTUALIZED",
                    "remote_data_volume_type": "PARAVIRTUALIZED"
                  }
                ],
                "listing_type": "",
                "operating_system": "Canonical Ubuntu",
                "operating_system_version": "22.04 Minimal aarch64",
                "size_in_mbs": "47694",
                "state": "AVAILABLE",
                "time_created": "2023-09-07 10:34:48.479 +0000 UTC"
              },
              {
                "agent_features": [],
                "base_image_id": "",
                "billable_size_in_gbs": "2",
                "compartment_id": "",
                "create_image_allowed": true,
                "defined_tags": {},
                "display_name": "Canonical-Ubuntu-22.04-Minimal-aarch64-2023.07.19-0",
                "freeform_tags": {},
                "id": "ocid1.image.oc1.eu-frankfurt-1.aaaaaaaacmd5kkjmy2dxcpaulal2eohsd4xmjkxbjw3pr3gg2kmzomehx4ha",
                "image_source_details": [],
                "instance_id": "",
                "launch_mode": "NATIVE",
                "launch_options": [
                  {
                    "boot_volume_type": "PARAVIRTUALIZED",
                    "firmware": "UEFI_64",
                    "is_consistent_volume_naming_enabled": true,
                    "is_pv_encryption_in_transit_enabled": true,
                    "network_type": "PARAVIRTUALIZED",
                    "remote_data_volume_type": "PARAVIRTUALIZED"
                  }
                ],
                "listing_type": "",
                "operating_system": "Canonical Ubuntu",
                "operating_system_version": "22.04 Minimal aarch64",
                "size_in_mbs": "47694",
                "state": "AVAILABLE",
                "time_created": "2023-07-31 07:16:42.037 +0000 UTC"
              },
              {
                "agent_features": [],
                "base_image_id": "",
                "billable_size_in_gbs": "2",
                "compartment_id": "",
                "create_image_allowed": true,
                "defined_tags": {},
                "display_name": "Canonical-Ubuntu-22.04-Minimal-aarch64-2023.06.30-0",
                "freeform_tags": {},
                "id": "ocid1.image.oc1.eu-frankfurt-1.aaaaaaaaeakbiwz65bbi5w3qa7yfchmpwvtekvkykkllje7h6q3477ympsxq",
                "image_source_details": [],
                "instance_id": "",
                "launch_mode": "NATIVE",
                "launch_options": [
                  {
                    "boot_volume_type": "PARAVIRTUALIZED",
                    "firmware": "UEFI_64",
                    "is_consistent_volume_naming_enabled": true,
                    "is_pv_encryption_in_transit_enabled": true,
                    "network_type": "PARAVIRTUALIZED",
                    "remote_data_volume_type": "PARAVIRTUALIZED"
                  }
                ],
                "listing_type": "",
                "operating_system": "Canonical Ubuntu",
                "operating_system_version": "22.04 Minimal aarch64",
                "size_in_mbs": "47694",
                "state": "AVAILABLE",
                "time_created": "2023-07-11 22:11:07.991 +0000 UTC"
              },
              {
                "agent_features": [],
                "base_image_id": "",
                "billable_size_in_gbs": "2",
                "compartment_id": "",
                "create_image_allowed": true,
                "defined_tags": {},
                "display_name": "Canonical-Ubuntu-22.04-Minimal-aarch64-2023.05.20-0",
                "freeform_tags": {},
                "id": "ocid1.image.oc1.eu-frankfurt-1.aaaaaaaaavv2mpdlhnbt6zehvubcorl4oqkrzthc5ustlfs7npfhkk7r6xyq",
                "image_source_details": [],
                "instance_id": "",
                "launch_mode": "NATIVE",
                "launch_options": [
                  {
                    "boot_volume_type": "PARAVIRTUALIZED",
                    "firmware": "UEFI_64",
                    "is_consistent_volume_naming_enabled": true,
                    "is_pv_encryption_in_transit_enabled": true,
                    "network_type": "PARAVIRTUALIZED",
                    "remote_data_volume_type": "PARAVIRTUALIZED"
                  }
                ],
                "listing_type": "",
                "operating_system": "Canonical Ubuntu",
                "operating_system_version": "22.04 Minimal aarch64",
                "size_in_mbs": "47694",
                "state": "AVAILABLE",
                "time_created": "2023-06-05 05:41:01.155 +0000 UTC"
              },
              {
                "agent_features": [],
                "base_image_id": "",
                "billable_size_in_gbs": "2",
                "compartment_id": "",
                "create_image_allowed": true,
                "defined_tags": {},
                "display_name": "Canonical-Ubuntu-22.04-Minimal-aarch64-2023.04.18-0",
                "freeform_tags": {},
                "id": "ocid1.image.oc1.eu-frankfurt-1.aaaaaaaa4vff5misacsoq2khjgx5qtqtar6gcga2evkqiioorgllxvgksroq",
                "image_source_details": [],
                "instance_id": "",
                "launch_mode": "NATIVE",
                "launch_options": [
                  {
                    "boot_volume_type": "PARAVIRTUALIZED",
                    "firmware": "UEFI_64",
                    "is_consistent_volume_naming_enabled": true,
                    "is_pv_encryption_in_transit_enabled": true,
                    "network_type": "PARAVIRTUALIZED",
                    "remote_data_volume_type": "PARAVIRTUALIZED"
                  }
                ],
                "listing_type": "",
                "operating_system": "Canonical Ubuntu",
                "operating_system_version": "22.04 Minimal aarch64",
                "size_in_mbs": "47694",
                "state": "AVAILABLE",
                "time_created": "2023-04-27 09:01:35.092 +0000 UTC"
              },
              {
                "agent_features": [],
                "base_image_id": "",
                "billable_size_in_gbs": "2",
                "compartment_id": "",
                "create_image_allowed": true,
                "defined_tags": {},
                "display_name": "Canonical-Ubuntu-22.04-Minimal-aarch64-2023.03.21-0",
                "freeform_tags": {},
                "id": "ocid1.image.oc1.eu-frankfurt-1.aaaaaaaaeusqwc4fgp4c5ienodxnlvrkimp4rp4a6snpnkpudznmdlxt3wpq",
                "image_source_details": [],
                "instance_id": "",
                "launch_mode": "NATIVE",
                "launch_options": [
                  {
                    "boot_volume_type": "PARAVIRTUALIZED",
                    "firmware": "UEFI_64",
                    "is_consistent_volume_naming_enabled": true,
                    "is_pv_encryption_in_transit_enabled": true,
                    "network_type": "PARAVIRTUALIZED",
                    "remote_data_volume_type": "PARAVIRTUALIZED"
                  }
                ],
                "listing_type": "",
                "operating_system": "Canonical Ubuntu",
                "operating_system_version": "22.04 Minimal aarch64",
                "size_in_mbs": "47694",
                "state": "AVAILABLE",
                "time_created": "2023-03-29 11:05:34.025 +0000 UTC"
              },
              {
                "agent_features": [],
                "base_image_id": "",
                "billable_size_in_gbs": "2",
                "compartment_id": "",
                "create_image_allowed": true,
                "defined_tags": {},
                "display_name": "Canonical-Ubuntu-22.04-Minimal-aarch64-2023.02.14-0",
                "freeform_tags": {},
                "id": "ocid1.image.oc1.eu-frankfurt-1.aaaaaaaaumjrf6nxcpqwe5hthhryx62ncze4yx75ez2wzzd6wr7rd5k3ldba",
                "image_source_details": [],
                "instance_id": "",
                "launch_mode": "NATIVE",
                "launch_options": [
                  {
                    "boot_volume_type": "PARAVIRTUALIZED",
                    "firmware": "UEFI_64",
                    "is_consistent_volume_naming_enabled": true,
                    "is_pv_encryption_in_transit_enabled": true,
                    "network_type": "PARAVIRTUALIZED",
                    "remote_data_volume_type": "PARAVIRTUALIZED"
                  }
                ],
                "listing_type": "",
                "operating_system": "Canonical Ubuntu",
                "operating_system_version": "22.04 Minimal aarch64",
                "size_in_mbs": "47694",
                "state": "AVAILABLE",
                "time_created": "2023-03-01 16:53:58.562 +0000 UTC"
              },
              {
                "agent_features": [],
                "base_image_id": "",
                "billable_size_in_gbs": "2",
                "compartment_id": "",
                "create_image_allowed": true,
                "defined_tags": {},
                "display_name": "Canonical-Ubuntu-22.04-Minimal-aarch64-2023.01.30-0",
                "freeform_tags": {},
                "id": "ocid1.image.oc1.eu-frankfurt-1.aaaaaaaakxubopeghuhemv5upsqpqqm5bx4m7gxwyevxifcpldpgbubiqfjq",
                "image_source_details": [],
                "instance_id": "",
                "launch_mode": "NATIVE",
                "launch_options": [
                  {
                    "boot_volume_type": "PARAVIRTUALIZED",
                    "firmware": "UEFI_64",
                    "is_consistent_volume_naming_enabled": true,
                    "is_pv_encryption_in_transit_enabled": true,
                    "network_type": "PARAVIRTUALIZED",
                    "remote_data_volume_type": "PARAVIRTUALIZED"
                  }
                ],
                "listing_type": "",
                "operating_system": "Canonical Ubuntu",
                "operating_system_version": "22.04 Minimal aarch64",
                "size_in_mbs": "47694",
                "state": "AVAILABLE",
                "time_created": "2023-02-06 06:06:21.031 +0000 UTC"
              },
              {
                "agent_features": [],
                "base_image_id": "",
                "billable_size_in_gbs": "2",
                "compartment_id": "",
                "create_image_allowed": true,
                "defined_tags": {},
                "display_name": "Canonical-Ubuntu-22.04-Minimal-aarch64-2022.11.05-0",
                "freeform_tags": {},
                "id": "ocid1.image.oc1.eu-frankfurt-1.aaaaaaaapb65ywn23pl6t6dzc2bk56k4azbvnmsndcr6bfmn5eoei5toc53a",
                "image_source_details": [],
                "instance_id": "",
                "launch_mode": "NATIVE",
                "launch_options": [
                  {
                    "boot_volume_type": "PARAVIRTUALIZED",
                    "firmware": "UEFI_64",
                    "is_consistent_volume_naming_enabled": true,
                    "is_pv_encryption_in_transit_enabled": true,
                    "network_type": "PARAVIRTUALIZED",
                    "remote_data_volume_type": "PARAVIRTUALIZED"
                  }
                ],
                "listing_type": "",
                "operating_system": "Canonical Ubuntu",
                "operating_system_version": "22.04 Minimal aarch64",
                "size_in_mbs": "47694",
                "state": "AVAILABLE",
                "time_created": "2022-11-09 15:44:37.627 +0000 UTC"
              },
              {
                "agent_features": [],
                "base_image_id": "",
                "billable_size_in_gbs": "2",
                "compartment_id": "",
                "create_image_allowed": true,
                "defined_tags": {},
                "display_name": "Canonical-Ubuntu-22.04-Minimal-aarch64-2022.08.16-0",
                "freeform_tags": {},
                "id": "ocid1.image.oc1.eu-frankfurt-1.aaaaaaaagmgvlgs6uexrh53be6qoe3bnhyavevpeyxrnd4xjmisc5km6hoia",
                "image_source_details": [],
                "instance_id": "",
                "launch_mode": "NATIVE",
                "launch_options": [
                  {
                    "boot_volume_type": "PARAVIRTUALIZED",
                    "firmware": "UEFI_64",
                    "is_consistent_volume_naming_enabled": true,
                    "is_pv_encryption_in_transit_enabled": true,
                    "network_type": "PARAVIRTUALIZED",
                    "remote_data_volume_type": "PARAVIRTUALIZED"
                  }
                ],
                "listing_type": "",
                "operating_system": "Canonical Ubuntu",
                "operating_system_version": "22.04 Minimal aarch64",
                "size_in_mbs": "47694",
                "state": "AVAILABLE",
                "time_created": "2022-08-26 03:12:34.796 +0000 UTC"
              },
              {
                "agent_features": [],
                "base_image_id": "",
                "billable_size_in_gbs": "1",
                "compartment_id": "",
                "create_image_allowed": true,
                "defined_tags": {},
                "display_name": "Canonical-Ubuntu-22.04-Minimal-aarch64-2022.06.19-0",
                "freeform_tags": {},
                "id": "ocid1.image.oc1.eu-frankfurt-1.aaaaaaaaoulgsbl2wj2uth7prnsx2dpgdzx4gkergpo77yszyfwqhyyt2qgq",
                "image_source_details": [],
                "instance_id": "",
                "launch_mode": "NATIVE",
                "launch_options": [
                  {
                    "boot_volume_type": "PARAVIRTUALIZED",
                    "firmware": "UEFI_64",
                    "is_consistent_volume_naming_enabled": true,
                    "is_pv_encryption_in_transit_enabled": true,
                    "network_type": "PARAVIRTUALIZED",
                    "remote_data_volume_type": "PARAVIRTUALIZED"
                  }
                ],
                "listing_type": "",
                "operating_system": "Canonical Ubuntu",
                "operating_system_version": "22.04 Minimal aarch64",
                "size_in_mbs": "47694",
                "state": "AVAILABLE",
                "time_created": "2022-06-27 07:25:55.257 +0000 UTC"
              },
              {
                "agent_features": [],
                "base_image_id": "",
                "billable_size_in_gbs": "1",
                "compartment_id": "",
                "create_image_allowed": true,
                "defined_tags": {},
                "display_name": "Canonical-Ubuntu-22.04-Minimal-aarch64-2022.05.15-0",
                "freeform_tags": {},
                "id": "ocid1.image.oc1.eu-frankfurt-1.aaaaaaaawhy4xnty4rir7chx2hkj7j4ctwsrmmnyj2fqpxqrymb3m7zwqxqq",
                "image_source_details": [],
                "instance_id": "",
                "launch_mode": "NATIVE",
                "launch_options": [
                  {
                    "boot_volume_type": "PARAVIRTUALIZED",
                    "firmware": "UEFI_64",
                    "is_consistent_volume_naming_enabled": true,
                    "is_pv_encryption_in_transit_enabled": true,
                    "network_type": "PARAVIRTUALIZED",
                    "remote_data_volume_type": "PARAVIRTUALIZED"
                  }
                ],
                "listing_type": "",
                "operating_system": "Canonical Ubuntu",
                "operating_system_version": "22.04 Minimal aarch64",
                "size_in_mbs": "47694",
                "state": "AVAILABLE",
                "time_created": "2022-06-01 01:04:56.771 +0000 UTC"
              },
              {
                "agent_features": [],
                "base_image_id": "",
                "billable_size_in_gbs": "2",
                "compartment_id": "",
                "create_image_allowed": true,
                "defined_tags": {},
                "display_name": "Canonical-Ubuntu-22.04-Minimal-2023.10.15-0",
                "freeform_tags": {},
                "id": "ocid1.image.oc1.eu-frankfurt-1.aaaaaaaaxury2q24ja3jk4t5ehggjud4z3467igwj6lyptoge5qj7oshl5vq",
                "image_source_details": [],
                "instance_id": "",
                "launch_mode": "NATIVE",
                "launch_options": [
                  {
                    "boot_volume_type": "PARAVIRTUALIZED",
                    "firmware": "UEFI_64",
                    "is_consistent_volume_naming_enabled": true,
                    "is_pv_encryption_in_transit_enabled": true,
                    "network_type": "PARAVIRTUALIZED",
                    "remote_data_volume_type": "PARAVIRTUALIZED"
                  }
                ],
                "listing_type": "",
                "operating_system": "Canonical Ubuntu",
                "operating_system_version": "22.04 Minimal",
                "size_in_mbs": "47694",
                "state": "AVAILABLE",
                "time_created": "2023-11-20 06:16:07.713 +0000 UTC"
              },
              {
                "agent_features": [],
                "base_image_id": "",
                "billable_size_in_gbs": "2",
                "compartment_id": "",
                "create_image_allowed": true,
                "defined_tags": {},
                "display_name": "Canonical-Ubuntu-22.04-Minimal-2023.09.28-0",
                "freeform_tags": {},
                "id": "ocid1.image.oc1.eu-frankfurt-1.aaaaaaaa4326dpkknnsk3cyrinqxe73nk7dgo6wl4myttluwkvd4bra2bpqq",
                "image_source_details": [],
                "instance_id": "",
                "launch_mode": "NATIVE",
                "launch_options": [
                  {
                    "boot_volume_type": "PARAVIRTUALIZED",
                    "firmware": "UEFI_64",
                    "is_consistent_volume_naming_enabled": true,
                    "is_pv_encryption_in_transit_enabled": true,
                    "network_type": "PARAVIRTUALIZED",
                    "remote_data_volume_type": "PARAVIRTUALIZED"
                  }
                ],
                "listing_type": "",
                "operating_system": "Canonical Ubuntu",
                "operating_system_version": "22.04 Minimal",
                "size_in_mbs": "47694",
                "state": "AVAILABLE",
                "time_created": "2023-10-06 07:24:31.174 +0000 UTC"
              },
              {
                "agent_features": [],
                "base_image_id": "",
                "billable_size_in_gbs": "2",
                "compartment_id": "",
                "create_image_allowed": true,
                "defined_tags": {},
                "display_name": "Canonical-Ubuntu-22.04-Minimal-2023.08.27-0",
                "freeform_tags": {},
                "id": "ocid1.image.oc1.eu-frankfurt-1.aaaaaaaa3vcoyuzfacoikc2up4kipqilw7chwnboc7jtgftgqltajbpzyrfa",
                "image_source_details": [],
                "instance_id": "",
                "launch_mode": "NATIVE",
                "launch_options": [
                  {
                    "boot_volume_type": "PARAVIRTUALIZED",
                    "firmware": "UEFI_64",
                    "is_consistent_volume_naming_enabled": true,
                    "is_pv_encryption_in_transit_enabled": true,
                    "network_type": "PARAVIRTUALIZED",
                    "remote_data_volume_type": "PARAVIRTUALIZED"
                  }
                ],
                "listing_type": "",
                "operating_system": "Canonical Ubuntu",
                "operating_system_version": "22.04 Minimal",
                "size_in_mbs": "47694",
                "state": "AVAILABLE",
                "time_created": "2023-09-07 10:34:44.116 +0000 UTC"
              },
              {
                "agent_features": [],
                "base_image_id": "",
                "billable_size_in_gbs": "3",
                "compartment_id": "",
                "create_image_allowed": true,
                "defined_tags": {},
                "display_name": "Canonical-Ubuntu-22.04-2023.10.13-0",
                "freeform_tags": {},
                "id": "ocid1.image.oc1.eu-frankfurt-1.aaaaaaaaltfitzfkiurvghfhzsqlei7mcnrphedsre3qunnoeusstcv2vm4q",
                "image_source_details": [],
                "instance_id": "",
                "launch_mode": "NATIVE",
                "launch_options": [
                  {
                    "boot_volume_type": "PARAVIRTUALIZED",
                    "firmware": "UEFI_64",
                    "is_consistent_volume_naming_enabled": true,
                    "is_pv_encryption_in_transit_enabled": true,
                    "network_type": "PARAVIRTUALIZED",
                    "remote_data_volume_type": "PARAVIRTUALIZED"
                  }
                ],
                "listing_type": "",
                "operating_system": "Canonical Ubuntu",
                "operating_system_version": "22.04",
                "size_in_mbs": "47694",
                "state": "AVAILABLE",
                "time_created": "2023-11-20 06:16:25.6 +0000 UTC"
              },
              {
                "agent_features": [],
                "base_image_id": "",
                "billable_size_in_gbs": "2",
                "compartment_id": "",
                "create_image_allowed": true,
                "defined_tags": {},
                "display_name": "Canonical-Ubuntu-22.04-2023.09.27-0",
                "freeform_tags": {},
                "id": "ocid1.image.oc1.eu-frankfurt-1.aaaaaaaaeisuzlxafhqii2lkrgiokeexnru7pepj5l6bc37klyzwnvbffnzq",
                "image_source_details": [],
                "instance_id": "",
                "launch_mode": "NATIVE",
                "launch_options": [
                  {
                    "boot_volume_type": "PARAVIRTUALIZED",
                    "firmware": "UEFI_64",
                    "is_consistent_volume_naming_enabled": true,
                    "is_pv_encryption_in_transit_enabled": true,
                    "network_type": "PARAVIRTUALIZED",
                    "remote_data_volume_type": "PARAVIRTUALIZED"
                  }
                ],
                "listing_type": "",
                "operating_system": "Canonical Ubuntu",
                "operating_system_version": "22.04",
                "size_in_mbs": "47694",
                "state": "AVAILABLE",
                "time_created": "2023-10-06 07:24:40.822 +0000 UTC"
              },
              {
                "agent_features": [],
                "base_image_id": "",
                "billable_size_in_gbs": "2",
                "compartment_id": "",
                "create_image_allowed": true,
                "defined_tags": {},
                "display_name": "Canonical-Ubuntu-22.04-2023.08.28-0",
                "freeform_tags": {},
                "id": "ocid1.image.oc1.eu-frankfurt-1.aaaaaaaajo44tiokp3qc3fik5njotmuzzfplqwx5skeydj5bxnmtbwif5vyq",
                "image_source_details": [],
                "instance_id": "",
                "launch_mode": "NATIVE",
                "launch_options": [
                  {
                    "boot_volume_type": "PARAVIRTUALIZED",
                    "firmware": "UEFI_64",
                    "is_consistent_volume_naming_enabled": true,
                    "is_pv_encryption_in_transit_enabled": true,
                    "network_type": "PARAVIRTUALIZED",
                    "remote_data_volume_type": "PARAVIRTUALIZED"
                  }
                ],
                "listing_type": "",
                "operating_system": "Canonical Ubuntu",
                "operating_system_version": "22.04",
                "size_in_mbs": "47694",
                "state": "AVAILABLE",
                "time_created": "2023-09-07 10:34:47.772 +0000 UTC"
              },
              {
                "agent_features": [],
                "base_image_id": "",
                "billable_size_in_gbs": "2",
                "compartment_id": "",
                "create_image_allowed": true,
                "defined_tags": {},
                "display_name": "Canonical-Ubuntu-20.04-aarch64-2023.10.15-0",
                "freeform_tags": {},
                "id": "ocid1.image.oc1.eu-frankfurt-1.aaaaaaaao3pblnpkbymhsksku6g4zfvwapxpadwf7hernikcviidle44ghnq",
                "image_source_details": [],
                "instance_id": "",
                "launch_mode": "NATIVE",
                "launch_options": [
                  {
                    "boot_volume_type": "PARAVIRTUALIZED",
                    "firmware": "UEFI_64",
                    "is_consistent_volume_naming_enabled": true,
                    "is_pv_encryption_in_transit_enabled": true,
                    "network_type": "PARAVIRTUALIZED",
                    "remote_data_volume_type": "PARAVIRTUALIZED"
                  }
                ],
                "listing_type": "",
                "operating_system": "Canonical Ubuntu",
                "operating_system_version": "20.04",
                "size_in_mbs": "47694",
                "state": "AVAILABLE",
                "time_created": "2023-11-20 06:16:05.17 +0000 UTC"
              },
              {
                "agent_features": [],
                "base_image_id": "",
                "billable_size_in_gbs": "2",
                "compartment_id": "",
                "create_image_allowed": true,
                "defined_tags": {},
                "display_name": "Canonical-Ubuntu-20.04-aarch64-2023.09.28-0",
                "freeform_tags": {},
                "id": "ocid1.image.oc1.eu-frankfurt-1.aaaaaaaaxt643yiudhcj2ajopwx4hrcbnnpzndy2gj32zy4cho634ewfhtiq",
                "image_source_details": [],
                "instance_id": "",
                "launch_mode": "NATIVE",
                "launch_options": [
                  {
                    "boot_volume_type": "PARAVIRTUALIZED",
                    "firmware": "UEFI_64",
                    "is_consistent_volume_naming_enabled": true,
                    "is_pv_encryption_in_transit_enabled": true,
                    "network_type": "PARAVIRTUALIZED",
                    "remote_data_volume_type": "PARAVIRTUALIZED"
                  }
                ],
                "listing_type": "",
                "operating_system": "Canonical Ubuntu",
                "operating_system_version": "20.04",
                "size_in_mbs": "47694",
                "state": "AVAILABLE",
                "time_created": "2023-10-06 07:24:05.976 +0000 UTC"
              },
              {
                "agent_features": [],
                "base_image_id": "",
                "billable_size_in_gbs": "2",
                "compartment_id": "",
                "create_image_allowed": true,
                "defined_tags": {},
                "display_name": "Canonical-Ubuntu-20.04-aarch64-2023.08.27-0",
                "freeform_tags": {},
                "id": "ocid1.image.oc1.eu-frankfurt-1.aaaaaaaaguzknuy2j2krxn7w4fc7mxfndp4js3wkvzsmgrtx3ti2e7byy6xq",
                "image_source_details": [],
                "instance_id": "",
                "launch_mode": "NATIVE",
                "launch_options": [
                  {
                    "boot_volume_type": "PARAVIRTUALIZED",
                    "firmware": "UEFI_64",
                    "is_consistent_volume_naming_enabled": true,
                    "is_pv_encryption_in_transit_enabled": true,
                    "network_type": "PARAVIRTUALIZED",
                    "remote_data_volume_type": "PARAVIRTUALIZED"
                  }
                ],
                "listing_type": "",
                "operating_system": "Canonical Ubuntu",
                "operating_system_version": "20.04",
                "size_in_mbs": "47694",
                "state": "AVAILABLE",
                "time_created": "2023-09-07 10:34:19.737 +0000 UTC"
              },
              {
                "agent_features": [],
                "base_image_id": "",
                "billable_size_in_gbs": "2",
                "compartment_id": "",
                "create_image_allowed": true,
                "defined_tags": {},
                "display_name": "Canonical-Ubuntu-20.04-Minimal-2023.10.16-0",
                "freeform_tags": {},
                "id": "ocid1.image.oc1.eu-frankfurt-1.aaaaaaaaobx65gfvvygoaxn3kmhjyvatgha2hvtop7i7awz2wb3hzj2oi2tq",
                "image_source_details": [],
                "instance_id": "",
                "launch_mode": "NATIVE",
                "launch_options": [
                  {
                    "boot_volume_type": "PARAVIRTUALIZED",
                    "firmware": "UEFI_64",
                    "is_consistent_volume_naming_enabled": true,
                    "is_pv_encryption_in_transit_enabled": true,
                    "network_type": "PARAVIRTUALIZED",
                    "remote_data_volume_type": "PARAVIRTUALIZED"
                  }
                ],
                "listing_type": "",
                "operating_system": "Canonical Ubuntu",
                "operating_system_version": "20.04 Minimal",
                "size_in_mbs": "47694",
                "state": "AVAILABLE",
                "time_created": "2023-11-20 06:15:37 +0000 UTC"
              },
              {
                "agent_features": [],
                "base_image_id": "",
                "billable_size_in_gbs": "2",
                "compartment_id": "",
                "create_image_allowed": true,
                "defined_tags": {},
                "display_name": "Canonical-Ubuntu-20.04-Minimal-2023.09.28-0",
                "freeform_tags": {},
                "id": "ocid1.image.oc1.eu-frankfurt-1.aaaaaaaa7cf2bl6jhov3hbbsejfwda6wjf7oepailb6ybxnczba64mjolvcq",
                "image_source_details": [],
                "instance_id": "",
                "launch_mode": "NATIVE",
                "launch_options": [
                  {
                    "boot_volume_type": "PARAVIRTUALIZED",
                    "firmware": "UEFI_64",
                    "is_consistent_volume_naming_enabled": true,
                    "is_pv_encryption_in_transit_enabled": true,
                    "network_type": "PARAVIRTUALIZED",
                    "remote_data_volume_type": "PARAVIRTUALIZED"
                  }
                ],
                "listing_type": "",
                "operating_system": "Canonical Ubuntu",
                "operating_system_version": "20.04 Minimal",
                "size_in_mbs": "47694",
                "state": "AVAILABLE",
                "time_created": "2023-10-06 07:24:20.134 +0000 UTC"
              },
              {
                "agent_features": [],
                "base_image_id": "",
                "billable_size_in_gbs": "2",
                "compartment_id": "",
                "create_image_allowed": true,
                "defined_tags": {},
                "display_name": "Canonical-Ubuntu-20.04-Minimal-2023.08.28-0",
                "freeform_tags": {},
                "id": "ocid1.image.oc1.eu-frankfurt-1.aaaaaaaazsymju77arphozrfmi2cttiz7oudkjirirj5qoqrwvusjp2mgu4a",
                "image_source_details": [],
                "instance_id": "",
                "launch_mode": "NATIVE",
                "launch_options": [
                  {
                    "boot_volume_type": "PARAVIRTUALIZED",
                    "firmware": "UEFI_64",
                    "is_consistent_volume_naming_enabled": true,
                    "is_pv_encryption_in_transit_enabled": true,
                    "network_type": "PARAVIRTUALIZED",
                    "remote_data_volume_type": "PARAVIRTUALIZED"
                  }
                ],
                "listing_type": "",
                "operating_system": "Canonical Ubuntu",
                "operating_system_version": "20.04 Minimal",
                "size_in_mbs": "47694",
                "state": "AVAILABLE",
                "time_created": "2023-09-07 10:34:24.501 +0000 UTC"
              },
              {
                "agent_features": [],
                "base_image_id": "",
                "billable_size_in_gbs": "3",
                "compartment_id": "",
                "create_image_allowed": true,
                "defined_tags": {},
                "display_name": "Canonical-Ubuntu-20.04-2023.10.15-0",
                "freeform_tags": {},
                "id": "ocid1.image.oc1.eu-frankfurt-1.aaaaaaaaq6gazviukxtfzbljdgrt7lyng4q7uu36ddbbktlvews5oqk3gaea",
                "image_source_details": [],
                "instance_id": "",
                "launch_mode": "NATIVE",
                "launch_options": [
                  {
                    "boot_volume_type": "PARAVIRTUALIZED",
                    "firmware": "UEFI_64",
                    "is_consistent_volume_naming_enabled": true,
                    "is_pv_encryption_in_transit_enabled": true,
                    "network_type": "PARAVIRTUALIZED",
                    "remote_data_volume_type": "PARAVIRTUALIZED"
                  }
                ],
                "listing_type": "",
                "operating_system": "Canonical Ubuntu",
                "operating_system_version": "20.04",
                "size_in_mbs": "47694",
                "state": "AVAILABLE",
                "time_created": "2023-11-20 06:15:42.962 +0000 UTC"
              },
              {
                "agent_features": [],
                "base_image_id": "",
                "billable_size_in_gbs": "3",
                "compartment_id": "",
                "create_image_allowed": true,
                "defined_tags": {},
                "display_name": "Canonical-Ubuntu-20.04-2023.09.28-0",
                "freeform_tags": {},
                "id": "ocid1.image.oc1.eu-frankfurt-1.aaaaaaaakcssxp5glnxkonbumz2zbv3g3wvsd6nspgxrm7ozxa4hilccobra",
                "image_source_details": [],
                "instance_id": "",
                "launch_mode": "NATIVE",
                "launch_options": [
                  {
                    "boot_volume_type": "PARAVIRTUALIZED",
                    "firmware": "UEFI_64",
                    "is_consistent_volume_naming_enabled": true,
                    "is_pv_encryption_in_transit_enabled": true,
                    "network_type": "PARAVIRTUALIZED",
                    "remote_data_volume_type": "PARAVIRTUALIZED"
                  }
                ],
                "listing_type": "",
                "operating_system": "Canonical Ubuntu",
                "operating_system_version": "20.04",
                "size_in_mbs": "47694",
                "state": "AVAILABLE",
                "time_created": "2023-10-06 07:24:09.048 +0000 UTC"
              },
              {
                "agent_features": [],
                "base_image_id": "",
                "billable_size_in_gbs": "3",
                "compartment_id": "",
                "create_image_allowed": true,
                "defined_tags": {},
                "display_name": "Canonical-Ubuntu-20.04-2023.08.28-0",
                "freeform_tags": {},
                "id": "ocid1.image.oc1.eu-frankfurt-1.aaaaaaaav4vtlx6rqsaisj4khy46s7jxjs7czzpm7ikpivxsddmjfbphwlza",
                "image_source_details": [],
                "instance_id": "",
                "launch_mode": "NATIVE",
                "launch_options": [
                  {
                    "boot_volume_type": "PARAVIRTUALIZED",
                    "firmware": "UEFI_64",
                    "is_consistent_volume_naming_enabled": true,
                    "is_pv_encryption_in_transit_enabled": true,
                    "network_type": "PARAVIRTUALIZED",
                    "remote_data_volume_type": "PARAVIRTUALIZED"
                  }
                ],
                "listing_type": "",
                "operating_system": "Canonical Ubuntu",
                "operating_system_version": "20.04",
                "size_in_mbs": "47694",
                "state": "AVAILABLE",
                "time_created": "2023-09-07 10:34:25.491 +0000 UTC"
              },
              {
                "agent_features": [],
                "base_image_id": "",
                "billable_size_in_gbs": "2",
                "compartment_id": "",
                "create_image_allowed": true,
                "defined_tags": {},
                "display_name": "Canonical-Ubuntu-18.04-aarch64-2023.05.10-0",
                "freeform_tags": {},
                "id": "ocid1.image.oc1.eu-frankfurt-1.aaaaaaaauecgx5izmgfz5a3aj2qdutbtldpzde4etf5qwditir7xzvplcfwq",
                "image_source_details": [],
                "instance_id": "",
                "launch_mode": "NATIVE",
                "launch_options": [
                  {
                    "boot_volume_type": "PARAVIRTUALIZED",
                    "firmware": "UEFI_64",
                    "is_consistent_volume_naming_enabled": true,
                    "is_pv_encryption_in_transit_enabled": true,
                    "network_type": "PARAVIRTUALIZED",
                    "remote_data_volume_type": "PARAVIRTUALIZED"
                  }
                ],
                "listing_type": "",
                "operating_system": "Canonical Ubuntu",
                "operating_system_version": "18.04",
                "size_in_mbs": "47694",
                "state": "AVAILABLE",
                "time_created": "2023-06-05 05:40:28.273 +0000 UTC"
              },
              {
                "agent_features": [],
                "base_image_id": "",
                "billable_size_in_gbs": "2",
                "compartment_id": "",
                "create_image_allowed": true,
                "defined_tags": {},
                "display_name": "Canonical-Ubuntu-18.04-aarch64-2023.04.18-0",
                "freeform_tags": {},
                "id": "ocid1.image.oc1.eu-frankfurt-1.aaaaaaaaqxkfrkrrk4m5tkwcvgaabixaj4yxg2p7mstifyshr65dxxvf3bta",
                "image_source_details": [],
                "instance_id": "",
                "launch_mode": "NATIVE",
                "launch_options": [
                  {
                    "boot_volume_type": "PARAVIRTUALIZED",
                    "firmware": "UEFI_64",
                    "is_consistent_volume_naming_enabled": true,
                    "is_pv_encryption_in_transit_enabled": true,
                    "network_type": "PARAVIRTUALIZED",
                    "remote_data_volume_type": "PARAVIRTUALIZED"
                  }
                ],
                "listing_type": "",
                "operating_system": "Canonical Ubuntu",
                "operating_system_version": "18.04",
                "size_in_mbs": "47694",
                "state": "AVAILABLE",
                "time_created": "2023-04-27 09:01:11.796 +0000 UTC"
              },
              {
                "agent_features": [],
                "base_image_id": "",
                "billable_size_in_gbs": "2",
                "compartment_id": "",
                "create_image_allowed": true,
                "defined_tags": {},
                "display_name": "Canonical-Ubuntu-18.04-aarch64-2023.03.17-0",
                "freeform_tags": {},
                "id": "ocid1.image.oc1.eu-frankfurt-1.aaaaaaaaki3lohjbwgpshmcxqccyua7b7j23igoutnjtxq6zq3pczisqyj2q",
                "image_source_details": [],
                "instance_id": "",
                "launch_mode": "NATIVE",
                "launch_options": [
                  {
                    "boot_volume_type": "PARAVIRTUALIZED",
                    "firmware": "UEFI_64",
                    "is_consistent_volume_naming_enabled": true,
                    "is_pv_encryption_in_transit_enabled": true,
                    "network_type": "PARAVIRTUALIZED",
                    "remote_data_volume_type": "PARAVIRTUALIZED"
                  }
                ],
                "listing_type": "",
                "operating_system": "Canonical Ubuntu",
                "operating_system_version": "18.04",
                "size_in_mbs": "47694",
                "state": "AVAILABLE",
                "time_created": "2023-03-29 10:53:36.767 +0000 UTC"
              },
              {
                "agent_features": [],
                "base_image_id": "",
                "billable_size_in_gbs": "2",
                "compartment_id": "",
                "create_image_allowed": true,
                "defined_tags": {},
                "display_name": "Canonical-Ubuntu-18.04-Minimal-2023.05.10-0",
                "freeform_tags": {},
                "id": "ocid1.image.oc1.eu-frankfurt-1.aaaaaaaa3bm2rqezknstfm2hepnpqculkohounwezbdfpv5vg6u5mnfzumfq",
                "image_source_details": [],
                "instance_id": "",
                "launch_mode": "NATIVE",
                "launch_options": [
                  {
                    "boot_volume_type": "PARAVIRTUALIZED",
                    "firmware": "UEFI_64",
                    "is_consistent_volume_naming_enabled": true,
                    "is_pv_encryption_in_transit_enabled": true,
                    "network_type": "PARAVIRTUALIZED",
                    "remote_data_volume_type": "PARAVIRTUALIZED"
                  }
                ],
                "listing_type": "",
                "operating_system": "Canonical Ubuntu",
                "operating_system_version": "18.04 Minimal",
                "size_in_mbs": "47694",
                "state": "AVAILABLE",
                "time_created": "2023-06-05 05:40:50.295 +0000 UTC"
              },
              {
                "agent_features": [],
                "base_image_id": "",
                "billable_size_in_gbs": "2",
                "compartment_id": "",
                "create_image_allowed": true,
                "defined_tags": {},
                "display_name": "Canonical-Ubuntu-18.04-Minimal-2023.04.19-0",
                "freeform_tags": {},
                "id": "ocid1.image.oc1.eu-frankfurt-1.aaaaaaaasfnqkilxoyxzuxskuck2lhjgul7z6hjgbkniadniwrzawtw7pm2a",
                "image_source_details": [],
                "instance_id": "",
                "launch_mode": "NATIVE",
                "launch_options": [
                  {
                    "boot_volume_type": "PARAVIRTUALIZED",
                    "firmware": "UEFI_64",
                    "is_consistent_volume_naming_enabled": true,
                    "is_pv_encryption_in_transit_enabled": true,
                    "network_type": "PARAVIRTUALIZED",
                    "remote_data_volume_type": "PARAVIRTUALIZED"
                  }
                ],
                "listing_type": "",
                "operating_system": "Canonical Ubuntu",
                "operating_system_version": "18.04 Minimal",
                "size_in_mbs": "47694",
                "state": "AVAILABLE",
                "time_created": "2023-04-27 09:02:40.336 +0000 UTC"
              },
              {
                "agent_features": [],
                "base_image_id": "",
                "billable_size_in_gbs": "2",
                "compartment_id": "",
                "create_image_allowed": true,
                "defined_tags": {},
                "display_name": "Canonical-Ubuntu-18.04-Minimal-2023.03.17-0",
                "freeform_tags": {},
                "id": "ocid1.image.oc1.eu-frankfurt-1.aaaaaaaas7qjbidnppwp4fhm7ebdzcgolj6syczo7n4r4edxaui3ckuqmlka",
                "image_source_details": [],
                "instance_id": "",
                "launch_mode": "NATIVE",
                "launch_options": [
                  {
                    "boot_volume_type": "PARAVIRTUALIZED",
                    "firmware": "UEFI_64",
                    "is_consistent_volume_naming_enabled": true,
                    "is_pv_encryption_in_transit_enabled": true,
                    "network_type": "PARAVIRTUALIZED",
                    "remote_data_volume_type": "PARAVIRTUALIZED"
                  }
                ],
                "listing_type": "",
                "operating_system": "Canonical Ubuntu",
                "operating_system_version": "18.04 Minimal",
                "size_in_mbs": "47694",
                "state": "AVAILABLE",
                "time_created": "2023-03-29 11:01:41.976 +0000 UTC"
              },
              {
                "agent_features": [],
                "base_image_id": "",
                "billable_size_in_gbs": "2",
                "compartment_id": "",
                "create_image_allowed": true,
                "defined_tags": {},
                "display_name": "Canonical-Ubuntu-18.04-2023.05.10-0",
                "freeform_tags": {},
                "id": "ocid1.image.oc1.eu-frankfurt-1.aaaaaaaaasukul3dxfvgjfokc5tv6ubje2yzn3rfvu5skpeqicnq2u2tx62q",
                "image_source_details": [],
                "instance_id": "",
                "launch_mode": "NATIVE",
                "launch_options": [
                  {
                    "boot_volume_type": "PARAVIRTUALIZED",
                    "firmware": "UEFI_64",
                    "is_consistent_volume_naming_enabled": true,
                    "is_pv_encryption_in_transit_enabled": true,
                    "network_type": "PARAVIRTUALIZED",
                    "remote_data_volume_type": "PARAVIRTUALIZED"
                  }
                ],
                "listing_type": "",
                "operating_system": "Canonical Ubuntu",
                "operating_system_version": "18.04",
                "size_in_mbs": "47694",
                "state": "AVAILABLE",
                "time_created": "2023-06-05 05:40:27.435 +0000 UTC"
              },
              {
                "agent_features": [],
                "base_image_id": "",
                "billable_size_in_gbs": "2",
                "compartment_id": "",
                "create_image_allowed": true,
                "defined_tags": {},
                "display_name": "Canonical-Ubuntu-18.04-2023.04.18-0",
                "freeform_tags": {},
                "id": "ocid1.image.oc1.eu-frankfurt-1.aaaaaaaaumvism7qtrmbzxdodxx46rgqtryjzmdru3qtvjz77622q6allzda",
                "image_source_details": [],
                "instance_id": "",
                "launch_mode": "NATIVE",
                "launch_options": [
                  {
                    "boot_volume_type": "PARAVIRTUALIZED",
                    "firmware": "UEFI_64",
                    "is_consistent_volume_naming_enabled": true,
                    "is_pv_encryption_in_transit_enabled": true,
                    "network_type": "PARAVIRTUALIZED",
                    "remote_data_volume_type": "PARAVIRTUALIZED"
                  }
                ],
                "listing_type": "",
                "operating_system": "Canonical Ubuntu",
                "operating_system_version": "18.04",
                "size_in_mbs": "47694",
                "state": "AVAILABLE",
                "time_created": "2023-04-27 09:01:21.544 +0000 UTC"
              },
              {
                "agent_features": [],
                "base_image_id": "",
                "billable_size_in_gbs": "2",
                "compartment_id": "",
                "create_image_allowed": true,
                "defined_tags": {},
                "display_name": "Canonical-Ubuntu-18.04-2023.03.17-0",
                "freeform_tags": {},
                "id": "ocid1.image.oc1.eu-frankfurt-1.aaaaaaaawkeq7rd5s7nobs75ldjzqywiub2exh5njes4hewmndtdxsok3yga",
                "image_source_details": [],
                "instance_id": "",
                "launch_mode": "NATIVE",
                "launch_options": [
                  {
                    "boot_volume_type": "PARAVIRTUALIZED",
                    "firmware": "UEFI_64",
                    "is_consistent_volume_naming_enabled": true,
                    "is_pv_encryption_in_transit_enabled": true,
                    "network_type": "PARAVIRTUALIZED",
                    "remote_data_volume_type": "PARAVIRTUALIZED"
                  }
                ],
                "listing_type": "",
                "operating_system": "Canonical Ubuntu",
                "operating_system_version": "18.04",
                "size_in_mbs": "47694",
                "state": "AVAILABLE",
                "time_created": "2023-03-29 11:06:23.606 +0000 UTC"
              }
            ],
            "operating_system": null,
            "operating_system_version": null,
            "shape": null,
            "sort_by": null,
            "sort_order": null,
            "state": null
          },
          "sensitive_attributes": []
        }
      ]
    },
    {
      "mode": "data",
      "type": "oci_core_services",
      "name": "AllRegionServices",
      "provider": "provider[\"registry.terraform.io/oracle/oci\"]",
      "instances": [
        {
          "schema_version": 0,
          "attributes": {
            "filter": [
              {
                "name": "cidr_block",
                "regex": true,
                "values": [
                  "all-*"
                ]
              }
            ],
            "id": "CoreServicesDataSource-0",
            "services": [
              {
                "cidr_block": "all-fra-services-in-oracle-services-network",
                "description": "All FRA Services In Oracle Services Network",
                "id": "ocid1.service.oc1.eu-frankfurt-1.aaaaaaaa7ncsqkj6lkz36dehifizupyn6qjqsmtepsegs23yyntnsy7qrvea",
                "name": "All FRA Services In Oracle Services Network"
              }
            ]
          },
          "sensitive_attributes": []
        }
      ]
    },
    {
      "mode": "data",
      "type": "oci_core_services",
      "name": "ObjectStorageRegionServices",
      "provider": "provider[\"registry.terraform.io/oracle/oci\"]",
      "instances": [
        {
          "schema_version": 0,
          "attributes": {
            "filter": [
              {
                "name": "cidr_block",
                "regex": true,
                "values": [
                  "\\w*objectstorage"
                ]
              }
            ],
            "id": "CoreServicesDataSource-0",
            "services": [
              {
                "cidr_block": "oci-fra-objectstorage",
                "description": "OCI FRA Object Storage",
                "id": "ocid1.service.oc1.eu-frankfurt-1.aaaaaaaalblrg4eycfxwohulzwwq63btwptzs2hva3muxfan5ro5x7glehtq",
                "name": "OCI FRA Object Storage"
              }
            ]
          },
          "sensitive_attributes": []
        }
      ]
    },
    {
      "mode": "data",
      "type": "oci_core_services",
      "name": "RegionServices",
      "provider": "provider[\"registry.terraform.io/oracle/oci\"]",
      "instances": [
        {
          "schema_version": 0,
          "attributes": {
            "filter": null,
            "id": "CoreServicesDataSource-0",
            "services": [
              {
                "cidr_block": "all-fra-services-in-oracle-services-network",
                "description": "All FRA Services In Oracle Services Network",
                "id": "ocid1.service.oc1.eu-frankfurt-1.aaaaaaaa7ncsqkj6lkz36dehifizupyn6qjqsmtepsegs23yyntnsy7qrvea",
                "name": "All FRA Services In Oracle Services Network"
              },
              {
                "cidr_block": "oci-fra-objectstorage",
                "description": "OCI FRA Object Storage",
                "id": "ocid1.service.oc1.eu-frankfurt-1.aaaaaaaalblrg4eycfxwohulzwwq63btwptzs2hva3muxfan5ro5x7glehtq",
                "name": "OCI FRA Object Storage"
              }
            ]
          },
          "sensitive_attributes": []
        }
      ]
    },
    {
      "mode": "data",
      "type": "oci_identity_availability_domains",
      "name": "AvailabilityDomains",
      "provider": "provider[\"registry.terraform.io/oracle/oci\"]",
      "instances": [
        {
          "schema_version": 0,
          "attributes": {
            "availability_domains": [
              {
                "compartment_id": "ocid1.compartment.oc1..aaaaaaaazssgidvryyk3ptjq35dstrbjoc3ndub6lznuhnuqgqommezjddfa",
                "id": "ocid1.availabilitydomain.oc1..aaaaaaaaiifj24st3w4j7cowuo3pmqcuqwjapjv435vtjmgh5j7q3flguwna",
                "name": "njRo:EU-FRANKFURT-1-AD-1"
              },
              {
                "compartment_id": "ocid1.compartment.oc1..aaaaaaaazssgidvryyk3ptjq35dstrbjoc3ndub6lznuhnuqgqommezjddfa",
                "id": "ocid1.availabilitydomain.oc1..aaaaaaaalcdcbl7u6akbmkojxhrozpj2v7yavqqydkj3ytyjbt47lnoqnm2q",
                "name": "njRo:EU-FRANKFURT-1-AD-2"
              },
              {
                "compartment_id": "ocid1.compartment.oc1..aaaaaaaazssgidvryyk3ptjq35dstrbjoc3ndub6lznuhnuqgqommezjddfa",
                "id": "ocid1.availabilitydomain.oc1..aaaaaaaaa2artt5wizbqvwl3rgptylx2l7jqbnyv4dygcfvlrd3dphvi3mdq",
                "name": "njRo:EU-FRANKFURT-1-AD-3"
              }
            ],
            "compartment_id": "ocid1.compartment.oc1..aaaaaaaazssgidvryyk3ptjq35dstrbjoc3ndub6lznuhnuqgqommezjddfa",
            "filter": null,
            "id": "IdentityAvailabilityDomainsDataSource-1219429346"
          },
          "sensitive_attributes": []
        }
      ]
    },
    {
      "mode": "data",
      "type": "oci_identity_fault_domains",
      "name": "FaultDomainsAD1",
      "provider": "provider[\"registry.terraform.io/oracle/oci\"]",
      "instances": [
        {
          "schema_version": 0,
          "attributes": {
            "availability_domain": "njRo:EU-FRANKFURT-1-AD-1",
            "compartment_id": "ocid1.compartment.oc1..aaaaaaaazssgidvryyk3ptjq35dstrbjoc3ndub6lznuhnuqgqommezjddfa",
            "fault_domains": [
              {
                "availability_domain": "njRo:EU-FRANKFURT-1-AD-1",
                "compartment_id": "ocid1.compartment.oc1..aaaaaaaazssgidvryyk3ptjq35dstrbjoc3ndub6lznuhnuqgqommezjddfa",
                "id": "ocid1.faultdomain.oc1..aaaaaaaayk6anvjiiz6roymb3uwnyl3fdifd2qyftmckiwsksyjpp5yc7u6q",
                "name": "FAULT-DOMAIN-1"
              },
              {
                "availability_domain": "njRo:EU-FRANKFURT-1-AD-1",
                "compartment_id": "ocid1.compartment.oc1..aaaaaaaazssgidvryyk3ptjq35dstrbjoc3ndub6lznuhnuqgqommezjddfa",
                "id": "ocid1.faultdomain.oc1..aaaaaaaakmdri7zqdczddkwbbdhz5r54agup6jpzvlfwsvafzofqvcxkkrhq",
                "name": "FAULT-DOMAIN-2"
              },
              {
                "availability_domain": "njRo:EU-FRANKFURT-1-AD-1",
                "compartment_id": "ocid1.compartment.oc1..aaaaaaaazssgidvryyk3ptjq35dstrbjoc3ndub6lznuhnuqgqommezjddfa",
                "id": "ocid1.faultdomain.oc1..aaaaaaaadf5ah4s3yqfbz7mkoi6x4dxhdgwpmcwm4qjfhxacs7okgstsiz6a",
                "name": "FAULT-DOMAIN-3"
              }
            ],
            "filter": null,
            "id": "IdentityFaultDomainsDataSource-4073614922"
          },
          "sensitive_attributes": []
        }
      ]
    },
    {
      "mode": "data",
      "type": "oci_identity_fault_domains",
      "name": "FaultDomainsAD2",
      "provider": "provider[\"registry.terraform.io/oracle/oci\"]",
      "instances": [
        {
          "schema_version": 0,
          "attributes": {
            "availability_domain": "njRo:EU-FRANKFURT-1-AD-2",
            "compartment_id": "ocid1.compartment.oc1..aaaaaaaazssgidvryyk3ptjq35dstrbjoc3ndub6lznuhnuqgqommezjddfa",
            "fault_domains": [
              {
                "availability_domain": "njRo:EU-FRANKFURT-1-AD-2",
                "compartment_id": "ocid1.compartment.oc1..aaaaaaaazssgidvryyk3ptjq35dstrbjoc3ndub6lznuhnuqgqommezjddfa",
                "id": "ocid1.faultdomain.oc1..aaaaaaaa7e5dvyn46entig3pe6x5kccur4tqwvxpl2aibyswajxxshkjc4cq",
                "name": "FAULT-DOMAIN-1"
              },
              {
                "availability_domain": "njRo:EU-FRANKFURT-1-AD-2",
                "compartment_id": "ocid1.compartment.oc1..aaaaaaaazssgidvryyk3ptjq35dstrbjoc3ndub6lznuhnuqgqommezjddfa",
                "id": "ocid1.faultdomain.oc1..aaaaaaaa2nmyjsfmdujz242zovwfvtalbknwxelz56krzgcf7n2ii3l656xq",
                "name": "FAULT-DOMAIN-2"
              },
              {
                "availability_domain": "njRo:EU-FRANKFURT-1-AD-2",
                "compartment_id": "ocid1.compartment.oc1..aaaaaaaazssgidvryyk3ptjq35dstrbjoc3ndub6lznuhnuqgqommezjddfa",
                "id": "ocid1.faultdomain.oc1..aaaaaaaamfbb3gpbhalwx46au2jxtiwbs2i4tufunjwzhfjopd25lyd7qfca",
                "name": "FAULT-DOMAIN-3"
              }
            ],
            "filter": null,
            "id": "IdentityFaultDomainsDataSource-2254651061"
          },
          "sensitive_attributes": []
        }
      ]
    },
    {
      "mode": "data",
      "type": "oci_identity_fault_domains",
      "name": "FaultDomainsAD3",
      "provider": "provider[\"registry.terraform.io/oracle/oci\"]",
      "instances": [
        {
          "schema_version": 0,
          "attributes": {
            "availability_domain": "njRo:EU-FRANKFURT-1-AD-3",
            "compartment_id": "ocid1.compartment.oc1..aaaaaaaazssgidvryyk3ptjq35dstrbjoc3ndub6lznuhnuqgqommezjddfa",
            "fault_domains": [
              {
                "availability_domain": "njRo:EU-FRANKFURT-1-AD-3",
                "compartment_id": "ocid1.compartment.oc1..aaaaaaaazssgidvryyk3ptjq35dstrbjoc3ndub6lznuhnuqgqommezjddfa",
                "id": "ocid1.faultdomain.oc1..aaaaaaaalnjkrp7cc6pze2bji35idb3ksj43jynxnypl4dcoodnt5zxlu2cq",
                "name": "FAULT-DOMAIN-1"
              },
              {
                "availability_domain": "njRo:EU-FRANKFURT-1-AD-3",
                "compartment_id": "ocid1.compartment.oc1..aaaaaaaazssgidvryyk3ptjq35dstrbjoc3ndub6lznuhnuqgqommezjddfa",
                "id": "ocid1.faultdomain.oc1..aaaaaaaasjxxcsktfp6a45tqr6zcc24dhcoqzxggsihuacaawvgcoh7jpxwa",
                "name": "FAULT-DOMAIN-2"
              },
              {
                "availability_domain": "njRo:EU-FRANKFURT-1-AD-3",
                "compartment_id": "ocid1.compartment.oc1..aaaaaaaazssgidvryyk3ptjq35dstrbjoc3ndub6lznuhnuqgqommezjddfa",
                "id": "ocid1.faultdomain.oc1..aaaaaaaa4bqeirjux3vpnr46qgjoybopuep7zdzpd42aou4uvfsmvxpjxdca",
                "name": "FAULT-DOMAIN-3"
              }
            ],
            "filter": null,
            "id": "IdentityFaultDomainsDataSource-483855583"
          },
          "sensitive_attributes": []
        }
      ]
    },
    {
      "mode": "data",
      "type": "oci_identity_region_subscriptions",
      "name": "HomeRegion",
      "provider": "provider[\"registry.terraform.io/oracle/oci\"]",
      "instances": [
        {
          "schema_version": 0,
          "attributes": {
            "filter": [
              {
                "name": "is_home_region",
                "regex": false,
                "values": [
                  "true"
                ]
              }
            ],
            "id": "IdentityRegionSubscriptionsDataSource-893372473",
            "region_subscriptions": [
              {
                "is_home_region": true,
                "region_key": "FRA",
                "region_name": "eu-frankfurt-1",
                "state": "READY",
                "tenancy_id": ""
              }
            ],
            "tenancy_id": "ocid1.tenancy.oc1..aaaaaaaalaeoxr46kgv5tlvikk3k2w2yp7hybis54kfhvrfn4rmqrlpnqxpq"
          },
          "sensitive_attributes": []
        }
      ]
    },
    {
      "mode": "data",
      "type": "oci_identity_regions",
      "name": "Regions",
      "provider": "provider[\"registry.terraform.io/oracle/oci\"]",
      "instances": [
        {
          "schema_version": 0,
          "attributes": {
            "filter": null,
            "id": "IdentityRegionsDataSource-0",
            "regions": [
              {
                "key": "AMS",
                "name": "eu-amsterdam-1"
              },
              {
                "key": "ARN",
                "name": "eu-stockholm-1"
              },
              {
                "key": "AUH",
                "name": "me-abudhabi-1"
              },
              {
                "key": "BOG",
                "name": "sa-bogota-1"
              },
              {
                "key": "BOM",
                "name": "ap-mumbai-1"
              },
              {
                "key": "CDG",
                "name": "eu-paris-1"
              },
              {
                "key": "CWL",
                "name": "uk-cardiff-1"
              },
              {
                "key": "DXB",
                "name": "me-dubai-1"
              },
              {
                "key": "FRA",
                "name": "eu-frankfurt-1"
              },
              {
                "key": "GRU",
                "name": "sa-saopaulo-1"
              },
              {
                "key": "HYD",
                "name": "ap-hyderabad-1"
              },
              {
                "key": "IAD",
                "name": "us-ashburn-1"
              },
              {
                "key": "ICN",
                "name": "ap-seoul-1"
              },
              {
                "key": "JED",
                "name": "me-jeddah-1"
              },
              {
                "key": "JNB",
                "name": "af-johannesburg-1"
              },
              {
                "key": "KIX",
                "name": "ap-osaka-1"
              },
              {
                "key": "LHR",
                "name": "uk-london-1"
              },
              {
                "key": "LIN",
                "name": "eu-milan-1"
              },
              {
                "key": "MAD",
                "name": "eu-madrid-1"
              },
              {
                "key": "MEL",
                "name": "ap-melbourne-1"
              },
              {
                "key": "MRS",
                "name": "eu-marseille-1"
              },
              {
                "key": "MTY",
                "name": "mx-monterrey-1"
              },
              {
                "key": "MTZ",
                "name": "il-jerusalem-1"
              },
              {
                "key": "NRT",
                "name": "ap-tokyo-1"
              },
              {
                "key": "ORD",
                "name": "us-chicago-1"
              },
              {
                "key": "PHX",
                "name": "us-phoenix-1"
              },
              {
                "key": "QRO",
                "name": "mx-queretaro-1"
              },
              {
                "key": "SCL",
                "name": "sa-santiago-1"
              },
              {
                "key": "SIN",
                "name": "ap-singapore-1"
              },
              {
                "key": "SJC",
                "name": "us-sanjose-1"
              },
              {
                "key": "SYD",
                "name": "ap-sydney-1"
              },
              {
                "key": "VCP",
                "name": "sa-vinhedo-1"
              },
              {
                "key": "YNY",
                "name": "ap-chuncheon-1"
              },
              {
                "key": "YUL",
                "name": "ca-montreal-1"
              },
              {
                "key": "YYZ",
                "name": "ca-toronto-1"
              },
              {
                "key": "ZRH",
                "name": "eu-zurich-1"
              }
            ]
          },
          "sensitive_attributes": []
        }
      ]
    },
    {
      "mode": "managed",
      "type": "oci_core_default_dhcp_options",
      "name": "Okit_6e70de1d9aa445a9a38415896396ea17",
      "provider": "provider[\"registry.terraform.io/oracle/oci\"]",
      "instances": [
        {
          "schema_version": 0,
          "attributes": {
            "compartment_id": "ocid1.compartment.oc1..aaaaaaaaw54otb3tc2rns2xzfk7phgul4c6edror5pdrl3fnqypty477yvsq",
            "defined_tags": {
              "Oracle-Tags.CreatedBy": "default/richard.rotter@oracle.com",
              "Oracle-Tags.CreatedOn": "2023-12-02T22:21:31.869Z"
            },
            "display_name": "QMvcn01dhcp",
            "domain_name_type": "CUSTOM_DOMAIN",
            "freeform_tags": {
              "VCN": "VCN-2023-12-02T22:19:58",
              "okit_model_id": "okit-model-1cdb721d-2479-463b-8771-a88ff9512fde",
              "okit_reference": "okit-826060a2-eb4f-429f-86d0-ec0daa9c1c14",
              "okit_version": "0.56.0"
            },
            "id": "ocid1.dhcpoptions.oc1.eu-frankfurt-1.aaaaaaaaxj6fioiaencylmlp66mt7pzvfktdgpzbkdujlqvh2tint2cchxkq",
            "manage_default_resource_id": "ocid1.dhcpoptions.oc1.eu-frankfurt-1.aaaaaaaaxj6fioiaencylmlp66mt7pzvfktdgpzbkdujlqvh2tint2cchxkq",
            "options": [
              {
                "custom_dns_servers": [],
                "search_domain_names": [
                  "qmvcn01.oraclevcn.com"
                ],
                "server_type": "",
                "type": "SearchDomain"
              },
              {
                "custom_dns_servers": [],
                "search_domain_names": [],
                "server_type": "VcnLocalPlusInternet",
                "type": "DomainNameServer"
              }
            ],
            "state": "AVAILABLE",
            "time_created": "2023-12-03 03:43:50.456 +0000 UTC",
            "timeouts": null
          },
          "sensitive_attributes": [],
          "private": "eyJlMmJmYjczMC1lY2FhLTExZTYtOGY4OC0zNDM2M2JjN2M0YzAiOnsiY3JlYXRlIjoxMjAwMDAwMDAwMDAwLCJkZWxldGUiOjEyMDAwMDAwMDAwMDAsInVwZGF0ZSI6MTIwMDAwMDAwMDAwMH19",
          "dependencies": [
            "data.oci_identity_region_subscriptions.HomeRegion",
            "oci_core_vcn.Okit_4f4e7209b32c4376a3ac0ec7b51e76fb",
            "oci_identity_compartment.Okit_287ec2af89c941eca1e4c6da503cb322"
          ]
        }
      ]
    },
    {
      "mode": "managed",
      "type": "oci_core_default_dhcp_options",
      "name": "Okit_cc2cebc3e9fb4ce7815e3757021af7d6",
      "provider": "provider[\"registry.terraform.io/oracle/oci\"]",
      "instances": [
        {
          "schema_version": 0,
          "attributes": {
            "compartment_id": "ocid1.compartment.oc1..aaaaaaaaw54otb3tc2rns2xzfk7phgul4c6edror5pdrl3fnqypty477yvsq",
            "defined_tags": {
              "Oracle-Tags.CreatedBy": "default/richard.rotter@oracle.com",
              "Oracle-Tags.CreatedOn": "2023-12-02T22:23:54.847Z"
            },
            "display_name": "QMvcn02dhcp01",
            "domain_name_type": "CUSTOM_DOMAIN",
            "freeform_tags": {
              "okit_model_id": "okit-model-1cdb721d-2479-463b-8771-a88ff9512fde",
              "okit_reference": "okit-41f6e458-f60b-45cd-bb24-e7f2ec5450a9",
              "okit_version": "0.56.0"
            },
            "id": "ocid1.dhcpoptions.oc1.eu-frankfurt-1.aaaaaaaaf47k6vap3ynxozvcfr7ttyekqiruqpi76crb2ejlh445763zgq3q",
            "manage_default_resource_id": "ocid1.dhcpoptions.oc1.eu-frankfurt-1.aaaaaaaaf47k6vap3ynxozvcfr7ttyekqiruqpi76crb2ejlh445763zgq3q",
            "options": [
              {
                "custom_dns_servers": [],
                "search_domain_names": [
                  "qmvcn02.oraclevcn.com"
                ],
                "server_type": "",
                "type": "SearchDomain"
              },
              {
                "custom_dns_servers": [],
                "search_domain_names": [],
                "server_type": "VcnLocalPlusInternet",
                "type": "DomainNameServer"
              }
            ],
            "state": "AVAILABLE",
            "time_created": "2023-12-03 03:43:50.532 +0000 UTC",
            "timeouts": null
          },
          "sensitive_attributes": [],
          "private": "eyJlMmJmYjczMC1lY2FhLTExZTYtOGY4OC0zNDM2M2JjN2M0YzAiOnsiY3JlYXRlIjoxMjAwMDAwMDAwMDAwLCJkZWxldGUiOjEyMDAwMDAwMDAwMDAsInVwZGF0ZSI6MTIwMDAwMDAwMDAwMH19",
          "dependencies": [
            "data.oci_identity_region_subscriptions.HomeRegion",
            "oci_core_vcn.Okit_8390953137384be49a52d555e79ff270",
            "oci_identity_compartment.Okit_287ec2af89c941eca1e4c6da503cb322"
          ]
        }
      ]
    },
    {
      "mode": "managed",
      "type": "oci_core_default_dhcp_options",
      "name": "Okit_cfa95029fa6f44fdb4e720434d576197",
      "provider": "provider[\"registry.terraform.io/oracle/oci\"]",
      "instances": [
        {
          "schema_version": 0,
          "attributes": {
            "compartment_id": "ocid1.compartment.oc1..aaaaaaaaw54otb3tc2rns2xzfk7phgul4c6edror5pdrl3fnqypty477yvsq",
            "defined_tags": {
              "Oracle-Tags.CreatedBy": "default/rotter633@gmail.com",
              "Oracle-Tags.CreatedOn": "2023-12-03T03:19:02.126Z"
            },
            "display_name": "QMvcn03dhcp",
            "domain_name_type": "CUSTOM_DOMAIN",
            "freeform_tags": {
              "okit_model_id": "okit-model-1cdb721d-2479-463b-8771-a88ff9512fde",
              "okit_reference": "okit-38b466da-dead-42a6-97ce-dfc5a13071c7",
              "okit_version": "0.56.0"
            },
            "id": "ocid1.dhcpoptions.oc1.eu-frankfurt-1.aaaaaaaahrngix6pdy3y5eu6imrmxsocvt6q2wssdujew6kffywwcz27dzqq",
            "manage_default_resource_id": "ocid1.dhcpoptions.oc1.eu-frankfurt-1.aaaaaaaahrngix6pdy3y5eu6imrmxsocvt6q2wssdujew6kffywwcz27dzqq",
            "options": [
              {
                "custom_dns_servers": [],
                "search_domain_names": [
                  "okvcn.oraclevcn.com"
                ],
                "server_type": "",
                "type": "SearchDomain"
              },
              {
                "custom_dns_servers": [],
                "search_domain_names": [],
                "server_type": "VcnLocalPlusInternet",
                "type": "DomainNameServer"
              }
            ],
            "state": "AVAILABLE",
            "time_created": "2023-12-03 03:43:50.456 +0000 UTC",
            "timeouts": null
          },
          "sensitive_attributes": [],
          "private": "eyJlMmJmYjczMC1lY2FhLTExZTYtOGY4OC0zNDM2M2JjN2M0YzAiOnsiY3JlYXRlIjoxMjAwMDAwMDAwMDAwLCJkZWxldGUiOjEyMDAwMDAwMDAwMDAsInVwZGF0ZSI6MTIwMDAwMDAwMDAwMH19",
          "dependencies": [
            "data.oci_identity_region_subscriptions.HomeRegion",
            "oci_core_vcn.Okit_f906b12f37c7441f9ddf27f2aaf506bc",
            "oci_identity_compartment.Okit_287ec2af89c941eca1e4c6da503cb322"
          ]
        }
      ]
    },
    {
      "mode": "managed",
      "type": "oci_core_default_route_table",
      "name": "Okit_64fe137b9ab6450189eaaa7238cf9717",
      "provider": "provider[\"registry.terraform.io/oracle/oci\"]",
      "instances": [
        {
          "schema_version": 0,
          "attributes": {
            "compartment_id": "ocid1.compartment.oc1..aaaaaaaaw54otb3tc2rns2xzfk7phgul4c6edror5pdrl3fnqypty477yvsq",
            "defined_tags": {
              "Oracle-Tags.CreatedBy": "default/richard.rotter@oracle.com",
              "Oracle-Tags.CreatedOn": "2023-12-02T22:23:54.847Z"
            },
            "display_name": "QMvcn02sn01",
            "freeform_tags": {
              "okit_model_id": "okit-model-1cdb721d-2479-463b-8771-a88ff9512fde",
              "okit_reference": "okit-587555d0-0f77-4a8c-a19b-5ef287ea925d",
              "okit_version": "0.56.0"
            },
            "id": "ocid1.routetable.oc1.eu-frankfurt-1.aaaaaaaarc2d7rgg72eo3qeaphlcglgdckwuftcemfhyaytgpuqf25kqgl5a",
            "manage_default_resource_id": "ocid1.routetable.oc1.eu-frankfurt-1.aaaaaaaarc2d7rgg72eo3qeaphlcglgdckwuftcemfhyaytgpuqf25kqgl5a",
            "route_rules": [
              {
                "cidr_block": "",
                "description": "",
                "destination": "0.0.0.0/0",
                "destination_type": "CIDR_BLOCK",
                "network_entity_id": "ocid1.natgateway.oc1.eu-frankfurt-1.aaaaaaaam3dksc3xnynig5kzgdvw4ottqrkpyyt6m4w4g5raol4xksepgl5a",
                "route_type": ""
              },
              {
                "cidr_block": "",
                "description": "",
                "destination": "10.0.0.0/16",
                "destination_type": "CIDR_BLOCK",
                "network_entity_id": "ocid1.localpeeringgateway.oc1.eu-frankfurt-1.aaaaaaaafjyf5nzksjp3gu3nxivyko4sibomv2tb63saihz466ofrcsw52sq",
                "route_type": ""
              }
            ],
            "state": "AVAILABLE",
            "time_created": "2023-12-03 03:43:50.321 +0000 UTC",
            "timeouts": null
          },
          "sensitive_attributes": [],
          "private": "eyJlMmJmYjczMC1lY2FhLTExZTYtOGY4OC0zNDM2M2JjN2M0YzAiOnsiY3JlYXRlIjoxMjAwMDAwMDAwMDAwLCJkZWxldGUiOjEyMDAwMDAwMDAwMDAsInVwZGF0ZSI6MTIwMDAwMDAwMDAwMH19",
          "dependencies": [
            "data.oci_identity_region_subscriptions.HomeRegion",
            "oci_core_local_peering_gateway.Okit_5a4af84244af4b7dbe250c11cac01f9b",
            "oci_core_nat_gateway.Okit_6a7018cf56184c22a9fccdb9eb8ed7f7",
            "oci_core_vcn.Okit_8390953137384be49a52d555e79ff270",
            "oci_identity_compartment.Okit_287ec2af89c941eca1e4c6da503cb322"
          ]
        }
      ]
    },
    {
      "mode": "managed",
      "type": "oci_core_default_route_table",
      "name": "Okit_b9883997a0114698a048ef0f9598ffb3",
      "provider": "provider[\"registry.terraform.io/oracle/oci\"]",
      "instances": [
        {
          "schema_version": 0,
          "attributes": {
            "compartment_id": "ocid1.compartment.oc1..aaaaaaaaw54otb3tc2rns2xzfk7phgul4c6edror5pdrl3fnqypty477yvsq",
            "defined_tags": {
              "Oracle-Tags.CreatedBy": "default/richard.rotter@oracle.com",
              "Oracle-Tags.CreatedOn": "2023-12-02T22:21:31.869Z"
            },
            "display_name": "QMvcn01rt01",
            "freeform_tags": {
              "VCN": "VCN-2023-12-02T22:19:58",
              "okit_model_id": "okit-model-1cdb721d-2479-463b-8771-a88ff9512fde",
              "okit_reference": "okit-160d5bc0-9e3a-4728-b1f6-ac2c28259fd4",
              "okit_version": "0.56.0"
            },
            "id": "ocid1.routetable.oc1.eu-frankfurt-1.aaaaaaaa3tioh7b4bsdwmkucpnj5qfzahdmuea3ko7il6znd2d76hw7tuxqq",
            "manage_default_resource_id": "ocid1.routetable.oc1.eu-frankfurt-1.aaaaaaaa3tioh7b4bsdwmkucpnj5qfzahdmuea3ko7il6znd2d76hw7tuxqq",
            "route_rules": [
              {
                "cidr_block": "",
                "description": "",
                "destination": "0.0.0.0/0",
                "destination_type": "CIDR_BLOCK",
                "network_entity_id": "ocid1.internetgateway.oc1.eu-frankfurt-1.aaaaaaaa7kwhasl7tj24hdiseu7dxdqvmaybfx7dpnzewk55nweug7jsyi7a",
                "route_type": ""
              }
            ],
            "state": "AVAILABLE",
            "time_created": "2023-12-03 03:43:50.264 +0000 UTC",
            "timeouts": null
          },
          "sensitive_attributes": [],
          "private": "eyJlMmJmYjczMC1lY2FhLTExZTYtOGY4OC0zNDM2M2JjN2M0YzAiOnsiY3JlYXRlIjoxMjAwMDAwMDAwMDAwLCJkZWxldGUiOjEyMDAwMDAwMDAwMDAsInVwZGF0ZSI6MTIwMDAwMDAwMDAwMH19",
          "dependencies": [
            "data.oci_identity_region_subscriptions.HomeRegion",
            "oci_core_internet_gateway.Okit_ddbd6788be5748f1912c7aef51abe4b4",
            "oci_core_vcn.Okit_4f4e7209b32c4376a3ac0ec7b51e76fb",
            "oci_identity_compartment.Okit_287ec2af89c941eca1e4c6da503cb322"
          ]
        }
      ]
    },
    {
      "mode": "managed",
      "type": "oci_core_default_route_table",
      "name": "Okit_e616c240510f4dc0900425526133ad4e",
      "provider": "provider[\"registry.terraform.io/oracle/oci\"]",
      "instances": [
        {
          "schema_version": 0,
          "attributes": {
            "compartment_id": "ocid1.compartment.oc1..aaaaaaaaw54otb3tc2rns2xzfk7phgul4c6edror5pdrl3fnqypty477yvsq",
            "defined_tags": {
              "Oracle-Tags.CreatedBy": "default/rotter633@gmail.com",
              "Oracle-Tags.CreatedOn": "2023-12-03T03:19:02.126Z"
            },
            "display_name": "QMvcn03rt01",
            "freeform_tags": {
              "okit_model_id": "okit-model-1cdb721d-2479-463b-8771-a88ff9512fde",
              "okit_reference": "okit-8a22b1b2-eb15-4336-8bf2-f0cbb4dd67f6",
              "okit_version": "0.56.0"
            },
            "id": "ocid1.routetable.oc1.eu-frankfurt-1.aaaaaaaazrxq4uggjwuaan54qmkvt2sytevusyxt3e2zr3fhe573bzoq47wa",
            "manage_default_resource_id": "ocid1.routetable.oc1.eu-frankfurt-1.aaaaaaaazrxq4uggjwuaan54qmkvt2sytevusyxt3e2zr3fhe573bzoq47wa",
            "route_rules": [],
            "state": "AVAILABLE",
            "time_created": "2023-12-03 03:43:50.264 +0000 UTC",
            "timeouts": null
          },
          "sensitive_attributes": [],
          "private": "eyJlMmJmYjczMC1lY2FhLTExZTYtOGY4OC0zNDM2M2JjN2M0YzAiOnsiY3JlYXRlIjoxMjAwMDAwMDAwMDAwLCJkZWxldGUiOjEyMDAwMDAwMDAwMDAsInVwZGF0ZSI6MTIwMDAwMDAwMDAwMH19",
          "dependencies": [
            "data.oci_identity_region_subscriptions.HomeRegion",
            "oci_core_vcn.Okit_f906b12f37c7441f9ddf27f2aaf506bc",
            "oci_identity_compartment.Okit_287ec2af89c941eca1e4c6da503cb322"
          ]
        }
      ]
    },
    {
      "mode": "managed",
      "type": "oci_core_default_security_list",
      "name": "Okit_225b68a6768245dcb637a72daae53dfa",
      "provider": "provider[\"registry.terraform.io/oracle/oci\"]",
      "instances": [
        {
          "schema_version": 0,
          "attributes": {
            "compartment_id": "ocid1.compartment.oc1..aaaaaaaaw54otb3tc2rns2xzfk7phgul4c6edror5pdrl3fnqypty477yvsq",
            "defined_tags": {
              "Oracle-Tags.CreatedBy": "default/richard.rotter@oracle.com",
              "Oracle-Tags.CreatedOn": "2023-12-02T22:23:54.847Z"
            },
            "display_name": "QMvcn02sl01",
            "egress_security_rules": [
              {
                "description": "",
                "destination": "0.0.0.0/0",
                "destination_type": "CIDR_BLOCK",
                "icmp_options": [
                  {
                    "code": 8,
                    "type": 8
                  }
                ],
                "protocol": "1",
                "stateless": false,
                "tcp_options": [],
                "udp_options": []
              }
            ],
            "freeform_tags": {
              "okit_model_id": "okit-model-1cdb721d-2479-463b-8771-a88ff9512fde",
              "okit_reference": "okit-cc6945e8-28b4-479f-a428-5029935dc4b7",
              "okit_version": "0.56.0"
            },
            "id": "ocid1.securitylist.oc1.eu-frankfurt-1.aaaaaaaarj2cnxepnsey4pccbsrovltcixa27wtxuluoki3dvb7tu5nijika",
            "ingress_security_rules": [
              {
                "description": "",
                "icmp_options": [
                  {
                    "code": -1,
                    "type": 3
                  }
                ],
                "protocol": "1",
                "source": "0.0.0.0/0",
                "source_type": "CIDR_BLOCK",
                "stateless": false,
                "tcp_options": [],
                "udp_options": []
              },
              {
                "description": "",
                "icmp_options": [
                  {
                    "code": 4,
                    "type": 3
                  }
                ],
                "protocol": "1",
                "source": "0.0.0.0/0",
                "source_type": "CIDR_BLOCK",
                "stateless": false,
                "tcp_options": [],
                "udp_options": []
              }
            ],
            "manage_default_resource_id": "ocid1.securitylist.oc1.eu-frankfurt-1.aaaaaaaarj2cnxepnsey4pccbsrovltcixa27wtxuluoki3dvb7tu5nijika",
            "state": "AVAILABLE",
            "time_created": "2023-12-03 03:43:50.321 +0000 UTC",
            "timeouts": null
          },
          "sensitive_attributes": [],
          "private": "eyJlMmJmYjczMC1lY2FhLTExZTYtOGY4OC0zNDM2M2JjN2M0YzAiOnsiY3JlYXRlIjoxMjAwMDAwMDAwMDAwLCJkZWxldGUiOjEyMDAwMDAwMDAwMDAsInVwZGF0ZSI6MTIwMDAwMDAwMDAwMH19",
          "dependencies": [
            "data.oci_identity_region_subscriptions.HomeRegion",
            "oci_core_vcn.Okit_8390953137384be49a52d555e79ff270",
            "oci_identity_compartment.Okit_287ec2af89c941eca1e4c6da503cb322"
          ]
        }
      ]
    },
    {
      "mode": "managed",
      "type": "oci_core_default_security_list",
      "name": "Okit_2ede6355d73745c98f12143c49b24a8b",
      "provider": "provider[\"registry.terraform.io/oracle/oci\"]",
      "instances": [
        {
          "schema_version": 0,
          "attributes": {
            "compartment_id": "ocid1.compartment.oc1..aaaaaaaaw54otb3tc2rns2xzfk7phgul4c6edror5pdrl3fnqypty477yvsq",
            "defined_tags": {
              "Oracle-Tags.CreatedBy": "default/richard.rotter@oracle.com",
              "Oracle-Tags.CreatedOn": "2023-12-02T22:21:31.869Z"
            },
            "display_name": "QMvcn01s01",
            "egress_security_rules": [
              {
                "description": "",
                "destination": "0.0.0.0/0",
                "destination_type": "CIDR_BLOCK",
                "icmp_options": [
                  {
                    "code": 8,
                    "type": 8
                  }
                ],
                "protocol": "1",
                "stateless": false,
                "tcp_options": [],
                "udp_options": []
              }
            ],
            "freeform_tags": {
              "VCN": "VCN-2023-12-02T22:19:58",
              "okit_model_id": "okit-model-1cdb721d-2479-463b-8771-a88ff9512fde",
              "okit_reference": "okit-b81ae94a-67cc-4d9d-9096-4499368093bf",
              "okit_version": "0.56.0"
            },
            "id": "ocid1.securitylist.oc1.eu-frankfurt-1.aaaaaaaa2bn3vg6vneiyymzblum2w7dwk4x64i56smnoj2h7cczcustpnuia",
            "ingress_security_rules": [
              {
                "description": "",
                "icmp_options": [
                  {
                    "code": -1,
                    "type": 3
                  }
                ],
                "protocol": "1",
                "source": "10.0.0.0/16",
                "source_type": "CIDR_BLOCK",
                "stateless": false,
                "tcp_options": [],
                "udp_options": []
              },
              {
                "description": "",
                "icmp_options": [
                  {
                    "code": 4,
                    "type": 3
                  }
                ],
                "protocol": "1",
                "source": "0.0.0.0/0",
                "source_type": "CIDR_BLOCK",
                "stateless": false,
                "tcp_options": [],
                "udp_options": []
              }
            ],
            "manage_default_resource_id": "ocid1.securitylist.oc1.eu-frankfurt-1.aaaaaaaa2bn3vg6vneiyymzblum2w7dwk4x64i56smnoj2h7cczcustpnuia",
            "state": "AVAILABLE",
            "time_created": "2023-12-03 03:43:50.264 +0000 UTC",
            "timeouts": null
          },
          "sensitive_attributes": [],
          "private": "eyJlMmJmYjczMC1lY2FhLTExZTYtOGY4OC0zNDM2M2JjN2M0YzAiOnsiY3JlYXRlIjoxMjAwMDAwMDAwMDAwLCJkZWxldGUiOjEyMDAwMDAwMDAwMDAsInVwZGF0ZSI6MTIwMDAwMDAwMDAwMH19",
          "dependencies": [
            "data.oci_identity_region_subscriptions.HomeRegion",
            "oci_core_vcn.Okit_4f4e7209b32c4376a3ac0ec7b51e76fb",
            "oci_identity_compartment.Okit_287ec2af89c941eca1e4c6da503cb322"
          ]
        }
      ]
    },
    {
      "mode": "managed",
      "type": "oci_core_default_security_list",
      "name": "Okit_5571ba5143254d86b2ae547b1abb9cca",
      "provider": "provider[\"registry.terraform.io/oracle/oci\"]",
      "instances": [
        {
          "schema_version": 0,
          "attributes": {
            "compartment_id": "ocid1.compartment.oc1..aaaaaaaaw54otb3tc2rns2xzfk7phgul4c6edror5pdrl3fnqypty477yvsq",
            "defined_tags": {
              "Oracle-Tags.CreatedBy": "default/rotter633@gmail.com",
              "Oracle-Tags.CreatedOn": "2023-12-03T03:19:02.126Z"
            },
            "display_name": "QMvcn03sl01",
            "egress_security_rules": [
              {
                "description": "",
                "destination": "0.0.0.0/0",
                "destination_type": "CIDR_BLOCK",
                "icmp_options": [],
                "protocol": "all",
                "stateless": false,
                "tcp_options": [],
                "udp_options": []
              }
            ],
            "freeform_tags": {
              "okit_model_id": "okit-model-1cdb721d-2479-463b-8771-a88ff9512fde",
              "okit_reference": "okit-455abbad-bef7-4356-9a18-63bb679ff990",
              "okit_version": "0.56.0"
            },
            "id": "ocid1.securitylist.oc1.eu-frankfurt-1.aaaaaaaaruzg72cu4dii47nzrw5h5pwramjhfwqhzuq2o3t5budddalvkecq",
            "ingress_security_rules": [
              {
                "description": "",
                "icmp_options": [
                  {
                    "code": -1,
                    "type": 3
                  }
                ],
                "protocol": "1",
                "source": "10.1.0.0/16",
                "source_type": "CIDR_BLOCK",
                "stateless": false,
                "tcp_options": [],
                "udp_options": []
              },
              {
                "description": "",
                "icmp_options": [
                  {
                    "code": 4,
                    "type": 3
                  }
                ],
                "protocol": "1",
                "source": "0.0.0.0/0",
                "source_type": "CIDR_BLOCK",
                "stateless": false,
                "tcp_options": [],
                "udp_options": []
              },
              {
                "description": "",
                "icmp_options": [],
                "protocol": "6",
                "source": "0.0.0.0/0",
                "source_type": "CIDR_BLOCK",
                "stateless": false,
                "tcp_options": [
                  {
                    "max": 22,
                    "min": 22,
                    "source_port_range": []
                  }
                ],
                "udp_options": []
              }
            ],
            "manage_default_resource_id": "ocid1.securitylist.oc1.eu-frankfurt-1.aaaaaaaaruzg72cu4dii47nzrw5h5pwramjhfwqhzuq2o3t5budddalvkecq",
            "state": "AVAILABLE",
            "time_created": "2023-12-03 03:43:50.264 +0000 UTC",
            "timeouts": null
          },
          "sensitive_attributes": [],
          "private": "eyJlMmJmYjczMC1lY2FhLTExZTYtOGY4OC0zNDM2M2JjN2M0YzAiOnsiY3JlYXRlIjoxMjAwMDAwMDAwMDAwLCJkZWxldGUiOjEyMDAwMDAwMDAwMDAsInVwZGF0ZSI6MTIwMDAwMDAwMDAwMH19",
          "dependencies": [
            "data.oci_identity_region_subscriptions.HomeRegion",
            "oci_core_vcn.Okit_f906b12f37c7441f9ddf27f2aaf506bc",
            "oci_identity_compartment.Okit_287ec2af89c941eca1e4c6da503cb322"
          ]
        }
      ]
    },
    {
      "mode": "managed",
      "type": "oci_core_internet_gateway",
      "name": "Okit_ddbd6788be5748f1912c7aef51abe4b4",
      "provider": "provider[\"registry.terraform.io/oracle/oci\"]",
      "instances": [
        {
          "schema_version": 0,
          "attributes": {
            "compartment_id": "ocid1.compartment.oc1..aaaaaaaaw54otb3tc2rns2xzfk7phgul4c6edror5pdrl3fnqypty477yvsq",
            "defined_tags": {
              "Oracle-Tags.CreatedBy": "default/richard.rotter@oracle.com",
              "Oracle-Tags.CreatedOn": "2023-12-02T22:21:32.496Z"
            },
            "display_name": "QMvcn01igw",
            "enabled": true,
            "freeform_tags": {
              "VCN": "VCN-2023-12-02T22:19:58",
              "okit_model_id": "okit-model-1cdb721d-2479-463b-8771-a88ff9512fde",
              "okit_reference": "okit-0aba2deb-2c17-43c0-b70e-dfa04f28b31c",
              "okit_version": "0.56.0"
            },
            "id": "ocid1.internetgateway.oc1.eu-frankfurt-1.aaaaaaaa7kwhasl7tj24hdiseu7dxdqvmaybfx7dpnzewk55nweug7jsyi7a",
            "route_table_id": null,
            "state": "AVAILABLE",
            "time_created": "2023-12-03 03:43:51.689 +0000 UTC",
            "timeouts": null,
            "vcn_id": "ocid1.vcn.oc1.eu-frankfurt-1.amaaaaaa6szh2sqacq7axiwqhlxbfjoglwya62fwbhns6ce75lqjmlf55ria"
          },
          "sensitive_attributes": [],
          "private": "eyJlMmJmYjczMC1lY2FhLTExZTYtOGY4OC0zNDM2M2JjN2M0YzAiOnsiY3JlYXRlIjoxMjAwMDAwMDAwMDAwLCJkZWxldGUiOjEyMDAwMDAwMDAwMDAsInVwZGF0ZSI6MTIwMDAwMDAwMDAwMH19",
          "dependencies": [
            "data.oci_identity_region_subscriptions.HomeRegion",
            "oci_core_vcn.Okit_4f4e7209b32c4376a3ac0ec7b51e76fb",
            "oci_identity_compartment.Okit_287ec2af89c941eca1e4c6da503cb322"
          ]
        }
      ]
    },
    {
      "mode": "managed",
      "type": "oci_core_local_peering_gateway",
      "name": "Okit_5a4af84244af4b7dbe250c11cac01f9b",
      "provider": "provider[\"registry.terraform.io/oracle/oci\"]",
      "instances": [
        {
          "schema_version": 0,
          "attributes": {
            "compartment_id": "ocid1.compartment.oc1..aaaaaaaaw54otb3tc2rns2xzfk7phgul4c6edror5pdrl3fnqypty477yvsq",
            "defined_tags": {
              "Oracle-Tags.CreatedBy": "default/richard.rotter@oracle.com",
              "Oracle-Tags.CreatedOn": "2023-12-02T22:40:00.282Z"
            },
            "display_name": "QMvcn02lpg01",
            "freeform_tags": {
              "okit_model_id": "okit-model-1cdb721d-2479-463b-8771-a88ff9512fde",
              "okit_reference": "okit-4a7a5608-74ff-4dfe-9a04-5b59437f68df",
              "okit_version": "0.56.0"
            },
            "id": "ocid1.localpeeringgateway.oc1.eu-frankfurt-1.aaaaaaaafjyf5nzksjp3gu3nxivyko4sibomv2tb63saihz466ofrcsw52sq",
            "is_cross_tenancy_peering": false,
            "peer_advertised_cidr": null,
            "peer_advertised_cidr_details": [],
            "peer_id": null,
            "peering_status": "NEW",
            "peering_status_details": "Not connected to a peer.",
            "route_table_id": null,
            "state": "AVAILABLE",
            "time_created": "2023-12-03 03:43:51.488 +0000 UTC",
            "timeouts": null,
            "vcn_id": "ocid1.vcn.oc1.eu-frankfurt-1.amaaaaaa6szh2sqa23bymjabxoei6ygufr7gwzz45zr4upseio3fqh2zqp5a"
          },
          "sensitive_attributes": [],
          "private": "eyJlMmJmYjczMC1lY2FhLTExZTYtOGY4OC0zNDM2M2JjN2M0YzAiOnsiY3JlYXRlIjoxMjAwMDAwMDAwMDAwLCJkZWxldGUiOjEyMDAwMDAwMDAwMDAsInVwZGF0ZSI6MTIwMDAwMDAwMDAwMH19",
          "dependencies": [
            "data.oci_identity_region_subscriptions.HomeRegion",
            "oci_core_vcn.Okit_8390953137384be49a52d555e79ff270",
            "oci_identity_compartment.Okit_287ec2af89c941eca1e4c6da503cb322"
          ]
        }
      ]
    },
    {
      "mode": "managed",
      "type": "oci_core_local_peering_gateway",
      "name": "Okit_d32d792dd3c54baaa6aed2399759d2ee",
      "provider": "provider[\"registry.terraform.io/oracle/oci\"]",
      "instances": [
        {
          "schema_version": 0,
          "attributes": {
            "compartment_id": "ocid1.compartment.oc1..aaaaaaaaw54otb3tc2rns2xzfk7phgul4c6edror5pdrl3fnqypty477yvsq",
            "defined_tags": {
              "Oracle-Tags.CreatedBy": "default/richard.rotter@oracle.com",
              "Oracle-Tags.CreatedOn": "2023-12-02T22:39:27.047Z"
            },
            "display_name": "QMvcn01lpg01",
            "freeform_tags": {
              "okit_model_id": "okit-model-1cdb721d-2479-463b-8771-a88ff9512fde",
              "okit_reference": "okit-b3beec1a-20e5-4235-94b5-2e6dff42b68b",
              "okit_version": "0.56.0"
            },
            "id": "ocid1.localpeeringgateway.oc1.eu-frankfurt-1.aaaaaaaadvmyvcku6eqolh4ofccujbfu6gizc2nehkar2spbbsjgnadkp4lq",
            "is_cross_tenancy_peering": false,
            "peer_advertised_cidr": "192.168.0.0/16",
            "peer_advertised_cidr_details": [
              "192.168.0.0/16"
            ],
            "peer_id": "ocid1.localpeeringgateway.oc1.eu-frankfurt-1.aaaaaaaafjyf5nzksjp3gu3nxivyko4sibomv2tb63saihz466ofrcsw52sq",
            "peering_status": "PEERED",
            "peering_status_details": "Connected to a peer.",
            "route_table_id": null,
            "state": "AVAILABLE",
            "time_created": "2023-12-03 03:43:52.2 +0000 UTC",
            "timeouts": null,
            "vcn_id": "ocid1.vcn.oc1.eu-frankfurt-1.amaaaaaa6szh2sqacq7axiwqhlxbfjoglwya62fwbhns6ce75lqjmlf55ria"
          },
          "sensitive_attributes": [],
          "private": "eyJlMmJmYjczMC1lY2FhLTExZTYtOGY4OC0zNDM2M2JjN2M0YzAiOnsiY3JlYXRlIjoxMjAwMDAwMDAwMDAwLCJkZWxldGUiOjEyMDAwMDAwMDAwMDAsInVwZGF0ZSI6MTIwMDAwMDAwMDAwMH19",
          "dependencies": [
            "data.oci_identity_region_subscriptions.HomeRegion",
            "oci_core_local_peering_gateway.Okit_5a4af84244af4b7dbe250c11cac01f9b",
            "oci_core_vcn.Okit_4f4e7209b32c4376a3ac0ec7b51e76fb",
            "oci_core_vcn.Okit_8390953137384be49a52d555e79ff270",
            "oci_identity_compartment.Okit_287ec2af89c941eca1e4c6da503cb322"
          ]
        }
      ]
    },
    {
      "mode": "managed",
      "type": "oci_core_nat_gateway",
      "name": "Okit_0e044f27d4a349b68f53d3f38debe187",
      "provider": "provider[\"registry.terraform.io/oracle/oci\"]",
      "instances": [
        {
          "schema_version": 0,
          "attributes": {
            "block_traffic": false,
            "compartment_id": "ocid1.compartment.oc1..aaaaaaaaw54otb3tc2rns2xzfk7phgul4c6edror5pdrl3fnqypty477yvsq",
            "defined_tags": {
              "Oracle-Tags.CreatedBy": "default/richard.rotter@oracle.com",
              "Oracle-Tags.CreatedOn": "2023-12-02T22:21:32.507Z"
            },
            "display_name": "QMvcn01ngw",
            "freeform_tags": {
              "VCN": "VCN-2023-12-02T22:19:58",
              "okit_model_id": "okit-model-1cdb721d-2479-463b-8771-a88ff9512fde",
              "okit_reference": "okit-c743679c-21aa-45ab-b948-0013d221f674",
              "okit_version": "0.56.0"
            },
            "id": "ocid1.natgateway.oc1.eu-frankfurt-1.aaaaaaaanv74ubm3ytqxzko6hdxtnlliajba6z3jnafry3g7aqfstngpt66a",
            "nat_ip": "138.2.138.145",
            "public_ip_id": "ocid1.publicip.oc1.eu-frankfurt-1.aaaaaaaa3s6bkbissagot23pbhz3gl6m23ovfqy7oduzlz4wdvigflo6gfja",
            "route_table_id": null,
            "state": "AVAILABLE",
            "time_created": "2023-12-03 03:43:51.989 +0000 UTC",
            "timeouts": null,
            "vcn_id": "ocid1.vcn.oc1.eu-frankfurt-1.amaaaaaa6szh2sqacq7axiwqhlxbfjoglwya62fwbhns6ce75lqjmlf55ria"
          },
          "sensitive_attributes": [],
          "private": "eyJlMmJmYjczMC1lY2FhLTExZTYtOGY4OC0zNDM2M2JjN2M0YzAiOnsiY3JlYXRlIjoxMjAwMDAwMDAwMDAwLCJkZWxldGUiOjEyMDAwMDAwMDAwMDAsInVwZGF0ZSI6MTIwMDAwMDAwMDAwMH19",
          "dependencies": [
            "data.oci_identity_region_subscriptions.HomeRegion",
            "oci_core_vcn.Okit_4f4e7209b32c4376a3ac0ec7b51e76fb",
            "oci_identity_compartment.Okit_287ec2af89c941eca1e4c6da503cb322"
          ]
        }
      ]
    },
    {
      "mode": "managed",
      "type": "oci_core_nat_gateway",
      "name": "Okit_6a7018cf56184c22a9fccdb9eb8ed7f7",
      "provider": "provider[\"registry.terraform.io/oracle/oci\"]",
      "instances": [
        {
          "schema_version": 0,
          "attributes": {
            "block_traffic": false,
            "compartment_id": "ocid1.compartment.oc1..aaaaaaaaw54otb3tc2rns2xzfk7phgul4c6edror5pdrl3fnqypty477yvsq",
            "defined_tags": {
              "Oracle-Tags.CreatedBy": "default/richard.rotter@oracle.com",
              "Oracle-Tags.CreatedOn": "2023-12-02T22:44:51.126Z"
            },
            "display_name": "vcn02s01ngw",
            "freeform_tags": {
              "okit_model_id": "okit-model-1cdb721d-2479-463b-8771-a88ff9512fde",
              "okit_reference": "okit-4adaecd8-9681-4d09-ae13-2e1b68b8dac2",
              "okit_version": "0.56.0"
            },
            "id": "ocid1.natgateway.oc1.eu-frankfurt-1.aaaaaaaam3dksc3xnynig5kzgdvw4ottqrkpyyt6m4w4g5raol4xksepgl5a",
            "nat_ip": "193.122.15.60",
            "public_ip_id": "ocid1.publicip.oc1.eu-frankfurt-1.aaaaaaaa7tsrz2yqg7ltu7pulqm3zvskidrgtq6kxspc2gnce4xvdgbxwu3q",
            "route_table_id": null,
            "state": "AVAILABLE",
            "time_created": "2023-12-03 03:43:51.425 +0000 UTC",
            "timeouts": null,
            "vcn_id": "ocid1.vcn.oc1.eu-frankfurt-1.amaaaaaa6szh2sqa23bymjabxoei6ygufr7gwzz45zr4upseio3fqh2zqp5a"
          },
          "sensitive_attributes": [],
          "private": "eyJlMmJmYjczMC1lY2FhLTExZTYtOGY4OC0zNDM2M2JjN2M0YzAiOnsiY3JlYXRlIjoxMjAwMDAwMDAwMDAwLCJkZWxldGUiOjEyMDAwMDAwMDAwMDAsInVwZGF0ZSI6MTIwMDAwMDAwMDAwMH19",
          "dependencies": [
            "data.oci_identity_region_subscriptions.HomeRegion",
            "oci_core_vcn.Okit_8390953137384be49a52d555e79ff270",
            "oci_identity_compartment.Okit_287ec2af89c941eca1e4c6da503cb322"
          ]
        }
      ]
    },
    {
      "mode": "managed",
      "type": "oci_core_network_security_group",
      "name": "Okit_00f6f16495ef4b59bbf8c42d080fb34d",
      "provider": "provider[\"registry.terraform.io/oracle/oci\"]",
      "instances": [
        {
          "schema_version": 0,
          "attributes": {
            "compartment_id": "ocid1.compartment.oc1..aaaaaaaaw54otb3tc2rns2xzfk7phgul4c6edror5pdrl3fnqypty477yvsq",
            "defined_tags": {
              "Oracle-Tags.CreatedBy": "default/richard.rotter@oracle.com",
              "Oracle-Tags.CreatedOn": "2023-12-02T22:50:43.621Z"
            },
            "display_name": "vcn02sn01nsg01-ssh",
            "freeform_tags": {
              "okit_model_id": "okit-model-1cdb721d-2479-463b-8771-a88ff9512fde",
              "okit_reference": "okit-429f152d-5bd6-4d30-bf9c-e515a52d2388",
              "okit_version": "0.56.0"
            },
            "id": "ocid1.networksecuritygroup.oc1.eu-frankfurt-1.aaaaaaaa3xhmz6vmkgnnyb74babsbiazn5ulelyn7ed6dauy7nbpyd5qyaka",
            "state": "AVAILABLE",
            "time_created": "2023-12-03 03:43:51.841 +0000 UTC",
            "timeouts": null,
            "vcn_id": "ocid1.vcn.oc1.eu-frankfurt-1.amaaaaaa6szh2sqa23bymjabxoei6ygufr7gwzz45zr4upseio3fqh2zqp5a"
          },
          "sensitive_attributes": [],
          "private": "eyJlMmJmYjczMC1lY2FhLTExZTYtOGY4OC0zNDM2M2JjN2M0YzAiOnsiY3JlYXRlIjoxMjAwMDAwMDAwMDAwLCJkZWxldGUiOjEyMDAwMDAwMDAwMDAsInVwZGF0ZSI6MTIwMDAwMDAwMDAwMH19",
          "dependencies": [
            "data.oci_identity_region_subscriptions.HomeRegion",
            "oci_core_vcn.Okit_8390953137384be49a52d555e79ff270",
            "oci_identity_compartment.Okit_287ec2af89c941eca1e4c6da503cb322"
          ]
        }
      ]
    },
    {
      "mode": "managed",
      "type": "oci_core_network_security_group",
      "name": "Okit_92e071da07d546e0a53e8acafc9f0787",
      "provider": "provider[\"registry.terraform.io/oracle/oci\"]",
      "instances": [
        {
          "schema_version": 0,
          "attributes": {
            "compartment_id": "ocid1.compartment.oc1..aaaaaaaaw54otb3tc2rns2xzfk7phgul4c6edror5pdrl3fnqypty477yvsq",
            "defined_tags": {
              "Oracle-Tags.CreatedBy": "default/rotter633@gmail.com",
              "Oracle-Tags.CreatedOn": "2023-12-03T02:06:01.721Z"
            },
            "display_name": "QMvn01nsg03-https",
            "freeform_tags": {
              "okit_model_id": "okit-model-1cdb721d-2479-463b-8771-a88ff9512fde",
              "okit_reference": "okit-6746d7f6-5fb3-4398-be70-d24a4b7812db",
              "okit_version": "0.56.0"
            },
            "id": "ocid1.networksecuritygroup.oc1.eu-frankfurt-1.aaaaaaaab4uc5ogyrd2rqv45b64ijob7bx7e4o3k6mrrf46vm3akaf4zuiwa",
            "state": "AVAILABLE",
            "time_created": "2023-12-03 03:43:51.554 +0000 UTC",
            "timeouts": null,
            "vcn_id": "ocid1.vcn.oc1.eu-frankfurt-1.amaaaaaa6szh2sqacq7axiwqhlxbfjoglwya62fwbhns6ce75lqjmlf55ria"
          },
          "sensitive_attributes": [],
          "private": "eyJlMmJmYjczMC1lY2FhLTExZTYtOGY4OC0zNDM2M2JjN2M0YzAiOnsiY3JlYXRlIjoxMjAwMDAwMDAwMDAwLCJkZWxldGUiOjEyMDAwMDAwMDAwMDAsInVwZGF0ZSI6MTIwMDAwMDAwMDAwMH19",
          "dependencies": [
            "data.oci_identity_region_subscriptions.HomeRegion",
            "oci_core_vcn.Okit_4f4e7209b32c4376a3ac0ec7b51e76fb",
            "oci_identity_compartment.Okit_287ec2af89c941eca1e4c6da503cb322"
          ]
        }
      ]
    },
    {
      "mode": "managed",
      "type": "oci_core_network_security_group",
      "name": "Okit_ab8f7d1bbf1c4d2395f83a174b53863f",
      "provider": "provider[\"registry.terraform.io/oracle/oci\"]",
      "instances": [
        {
          "schema_version": 0,
          "attributes": {
            "compartment_id": "ocid1.compartment.oc1..aaaaaaaaw54otb3tc2rns2xzfk7phgul4c6edror5pdrl3fnqypty477yvsq",
            "defined_tags": {
              "Oracle-Tags.CreatedBy": "default/rotter633@gmail.com",
              "Oracle-Tags.CreatedOn": "2023-12-03T02:06:01.842Z"
            },
            "display_name": "QMvn01nsg01-ssh",
            "freeform_tags": {
              "okit_model_id": "okit-model-1cdb721d-2479-463b-8771-a88ff9512fde",
              "okit_reference": "okit-25928395-ccba-46fe-bad5-cb222b766148",
              "okit_version": "0.56.0"
            },
            "id": "ocid1.networksecuritygroup.oc1.eu-frankfurt-1.aaaaaaaazfsx5mnpp57x3umfxqpzxfvnlknpsuplwgd6qohaj32wf7gxhtpa",
            "state": "AVAILABLE",
            "time_created": "2023-12-03 03:43:51.031 +0000 UTC",
            "timeouts": null,
            "vcn_id": "ocid1.vcn.oc1.eu-frankfurt-1.amaaaaaa6szh2sqacq7axiwqhlxbfjoglwya62fwbhns6ce75lqjmlf55ria"
          },
          "sensitive_attributes": [],
          "private": "eyJlMmJmYjczMC1lY2FhLTExZTYtOGY4OC0zNDM2M2JjN2M0YzAiOnsiY3JlYXRlIjoxMjAwMDAwMDAwMDAwLCJkZWxldGUiOjEyMDAwMDAwMDAwMDAsInVwZGF0ZSI6MTIwMDAwMDAwMDAwMH19",
          "dependencies": [
            "data.oci_identity_region_subscriptions.HomeRegion",
            "oci_core_vcn.Okit_4f4e7209b32c4376a3ac0ec7b51e76fb",
            "oci_identity_compartment.Okit_287ec2af89c941eca1e4c6da503cb322"
          ]
        }
      ]
    },
    {
      "mode": "managed",
      "type": "oci_core_network_security_group",
      "name": "Okit_c644c707fdd34618aa9b868197c843e4",
      "provider": "provider[\"registry.terraform.io/oracle/oci\"]",
      "instances": [
        {
          "schema_version": 0,
          "attributes": {
            "compartment_id": "ocid1.compartment.oc1..aaaaaaaaw54otb3tc2rns2xzfk7phgul4c6edror5pdrl3fnqypty477yvsq",
            "defined_tags": {
              "Oracle-Tags.CreatedBy": "default/richard.rotter@oracle.com",
              "Oracle-Tags.CreatedOn": "2023-12-02T22:50:43.621Z"
            },
            "display_name": "vcn02sn01nsg02-http",
            "freeform_tags": {
              "okit_model_id": "okit-model-1cdb721d-2479-463b-8771-a88ff9512fde",
              "okit_reference": "okit-e30f9c15-d30b-479b-ac54-ca71b02070f6",
              "okit_version": "0.56.0"
            },
            "id": "ocid1.networksecuritygroup.oc1.eu-frankfurt-1.aaaaaaaankhpli3uj6wl7gwexgtkfbme3xbohyz3q6lhjnwnnui2keqv4ama",
            "state": "AVAILABLE",
            "time_created": "2023-12-03 03:43:52.777 +0000 UTC",
            "timeouts": null,
            "vcn_id": "ocid1.vcn.oc1.eu-frankfurt-1.amaaaaaa6szh2sqa23bymjabxoei6ygufr7gwzz45zr4upseio3fqh2zqp5a"
          },
          "sensitive_attributes": [],
          "private": "eyJlMmJmYjczMC1lY2FhLTExZTYtOGY4OC0zNDM2M2JjN2M0YzAiOnsiY3JlYXRlIjoxMjAwMDAwMDAwMDAwLCJkZWxldGUiOjEyMDAwMDAwMDAwMDAsInVwZGF0ZSI6MTIwMDAwMDAwMDAwMH19",
          "dependencies": [
            "data.oci_identity_region_subscriptions.HomeRegion",
            "oci_core_vcn.Okit_8390953137384be49a52d555e79ff270",
            "oci_identity_compartment.Okit_287ec2af89c941eca1e4c6da503cb322"
          ]
        }
      ]
    },
    {
      "mode": "managed",
      "type": "oci_core_network_security_group",
      "name": "Okit_cbeb5c7bd1434afaa2009ab7752e416f",
      "provider": "provider[\"registry.terraform.io/oracle/oci\"]",
      "instances": [
        {
          "schema_version": 0,
          "attributes": {
            "compartment_id": "ocid1.compartment.oc1..aaaaaaaaw54otb3tc2rns2xzfk7phgul4c6edror5pdrl3fnqypty477yvsq",
            "defined_tags": {
              "Oracle-Tags.CreatedBy": "default/richard.rotter@oracle.com",
              "Oracle-Tags.CreatedOn": "2023-12-02T22:50:43.621Z"
            },
            "display_name": "vcn02sn01nsg02-https",
            "freeform_tags": {
              "okit_model_id": "okit-model-1cdb721d-2479-463b-8771-a88ff9512fde",
              "okit_reference": "okit-075e6847-aed5-4237-b04c-93e917f6cadd",
              "okit_version": "0.56.0"
            },
            "id": "ocid1.networksecuritygroup.oc1.eu-frankfurt-1.aaaaaaaa323aomeuakdies2fjtpcpqjmd4vz6kz2spqq44evdyxnkoqq3gaa",
            "state": "AVAILABLE",
            "time_created": "2023-12-03 03:43:51.033 +0000 UTC",
            "timeouts": null,
            "vcn_id": "ocid1.vcn.oc1.eu-frankfurt-1.amaaaaaa6szh2sqa23bymjabxoei6ygufr7gwzz45zr4upseio3fqh2zqp5a"
          },
          "sensitive_attributes": [],
          "private": "eyJlMmJmYjczMC1lY2FhLTExZTYtOGY4OC0zNDM2M2JjN2M0YzAiOnsiY3JlYXRlIjoxMjAwMDAwMDAwMDAwLCJkZWxldGUiOjEyMDAwMDAwMDAwMDAsInVwZGF0ZSI6MTIwMDAwMDAwMDAwMH19",
          "dependencies": [
            "data.oci_identity_region_subscriptions.HomeRegion",
            "oci_core_vcn.Okit_8390953137384be49a52d555e79ff270",
            "oci_identity_compartment.Okit_287ec2af89c941eca1e4c6da503cb322"
          ]
        }
      ]
    },
    {
      "mode": "managed",
      "type": "oci_core_network_security_group",
      "name": "Okit_f183bc3fb5e3470cbdb3118ef0ec55d5",
      "provider": "provider[\"registry.terraform.io/oracle/oci\"]",
      "instances": [
        {
          "schema_version": 0,
          "attributes": {
            "compartment_id": "ocid1.compartment.oc1..aaaaaaaaw54otb3tc2rns2xzfk7phgul4c6edror5pdrl3fnqypty477yvsq",
            "defined_tags": {
              "Oracle-Tags.CreatedBy": "default/rotter633@gmail.com",
              "Oracle-Tags.CreatedOn": "2023-12-03T02:06:02.161Z"
            },
            "display_name": "Qvcn01nsg02-http",
            "freeform_tags": {
              "okit_model_id": "okit-model-1cdb721d-2479-463b-8771-a88ff9512fde",
              "okit_reference": "okit-5f45b0b3-da23-4ef7-a298-67a1eba5c422",
              "okit_version": "0.56.0"
            },
            "id": "ocid1.networksecuritygroup.oc1.eu-frankfurt-1.aaaaaaaani5n5op7mo2kobmxobarhvs7zstxtb7o7ipxumllgekbhk65gnrq",
            "state": "AVAILABLE",
            "time_created": "2023-12-03 03:43:51.149 +0000 UTC",
            "timeouts": null,
            "vcn_id": "ocid1.vcn.oc1.eu-frankfurt-1.amaaaaaa6szh2sqacq7axiwqhlxbfjoglwya62fwbhns6ce75lqjmlf55ria"
          },
          "sensitive_attributes": [],
          "private": "eyJlMmJmYjczMC1lY2FhLTExZTYtOGY4OC0zNDM2M2JjN2M0YzAiOnsiY3JlYXRlIjoxMjAwMDAwMDAwMDAwLCJkZWxldGUiOjEyMDAwMDAwMDAwMDAsInVwZGF0ZSI6MTIwMDAwMDAwMDAwMH19",
          "dependencies": [
            "data.oci_identity_region_subscriptions.HomeRegion",
            "oci_core_vcn.Okit_4f4e7209b32c4376a3ac0ec7b51e76fb",
            "oci_identity_compartment.Okit_287ec2af89c941eca1e4c6da503cb322"
          ]
        }
      ]
    },
    {
      "mode": "managed",
      "type": "oci_core_network_security_group_security_rule",
      "name": "Okit_00f6f16495ef4b59bbf8c42d080fb34d_Rule1",
      "provider": "provider[\"registry.terraform.io/oracle/oci\"]",
      "instances": [
        {
          "schema_version": 0,
          "attributes": {
            "description": "ssh traffic",
            "destination": null,
            "destination_type": "",
            "direction": "INGRESS",
            "icmp_options": [],
            "id": "92C604",
            "is_valid": true,
            "network_security_group_id": "ocid1.networksecuritygroup.oc1.eu-frankfurt-1.aaaaaaaa3xhmz6vmkgnnyb74babsbiazn5ulelyn7ed6dauy7nbpyd5qyaka",
            "protocol": "6",
            "source": "0.0.0.0/0",
            "source_type": "CIDR_BLOCK",
            "stateless": false,
            "tcp_options": [
              {
                "destination_port_range": [
                  {
                    "max": 22,
                    "min": 20
                  }
                ],
                "source_port_range": [
                  {
                    "max": 22,
                    "min": 20
                  }
                ]
              }
            ],
            "time_created": "2023-12-03 03:43:54.216 +0000 UTC",
            "timeouts": null,
            "udp_options": []
          },
          "sensitive_attributes": [],
          "private": "eyJlMmJmYjczMC1lY2FhLTExZTYtOGY4OC0zNDM2M2JjN2M0YzAiOnsiY3JlYXRlIjoxMjAwMDAwMDAwMDAwLCJkZWxldGUiOjEyMDAwMDAwMDAwMDAsInVwZGF0ZSI6MTIwMDAwMDAwMDAwMH19",
          "dependencies": [
            "data.oci_identity_region_subscriptions.HomeRegion",
            "oci_core_network_security_group.Okit_00f6f16495ef4b59bbf8c42d080fb34d",
            "oci_core_vcn.Okit_8390953137384be49a52d555e79ff270",
            "oci_identity_compartment.Okit_287ec2af89c941eca1e4c6da503cb322"
          ]
        }
      ]
    },
    {
      "mode": "managed",
      "type": "oci_core_network_security_group_security_rule",
      "name": "Okit_92e071da07d546e0a53e8acafc9f0787_Rule1",
      "provider": "provider[\"registry.terraform.io/oracle/oci\"]",
      "instances": [
        {
          "schema_version": 0,
          "attributes": {
            "description": "htps transport",
            "destination": null,
            "destination_type": "",
            "direction": "INGRESS",
            "icmp_options": [],
            "id": "F4BD26",
            "is_valid": true,
            "network_security_group_id": "ocid1.networksecuritygroup.oc1.eu-frankfurt-1.aaaaaaaab4uc5ogyrd2rqv45b64ijob7bx7e4o3k6mrrf46vm3akaf4zuiwa",
            "protocol": "6",
            "source": "0.0.0.0/0",
            "source_type": "CIDR_BLOCK",
            "stateless": false,
            "tcp_options": [
              {
                "destination_port_range": [
                  {
                    "max": 443,
                    "min": 443
                  }
                ],
                "source_port_range": [
                  {
                    "max": 443,
                    "min": 443
                  }
                ]
              }
            ],
            "time_created": "2023-12-03 03:43:52.3 +0000 UTC",
            "timeouts": null,
            "udp_options": []
          },
          "sensitive_attributes": [],
          "private": "eyJlMmJmYjczMC1lY2FhLTExZTYtOGY4OC0zNDM2M2JjN2M0YzAiOnsiY3JlYXRlIjoxMjAwMDAwMDAwMDAwLCJkZWxldGUiOjEyMDAwMDAwMDAwMDAsInVwZGF0ZSI6MTIwMDAwMDAwMDAwMH19",
          "dependencies": [
            "data.oci_identity_region_subscriptions.HomeRegion",
            "oci_core_network_security_group.Okit_92e071da07d546e0a53e8acafc9f0787",
            "oci_core_vcn.Okit_4f4e7209b32c4376a3ac0ec7b51e76fb",
            "oci_identity_compartment.Okit_287ec2af89c941eca1e4c6da503cb322"
          ]
        }
      ]
    },
    {
      "mode": "managed",
      "type": "oci_core_network_security_group_security_rule",
      "name": "Okit_ab8f7d1bbf1c4d2395f83a174b53863f_Rule1",
      "provider": "provider[\"registry.terraform.io/oracle/oci\"]",
      "instances": [
        {
          "schema_version": 0,
          "attributes": {
            "description": "tcp",
            "destination": null,
            "destination_type": "",
            "direction": "INGRESS",
            "icmp_options": [],
            "id": "B485A7",
            "is_valid": true,
            "network_security_group_id": "ocid1.networksecuritygroup.oc1.eu-frankfurt-1.aaaaaaaazfsx5mnpp57x3umfxqpzxfvnlknpsuplwgd6qohaj32wf7gxhtpa",
            "protocol": "6",
            "source": "0.0.0.0/0",
            "source_type": "CIDR_BLOCK",
            "stateless": false,
            "tcp_options": [
              {
                "destination_port_range": [
                  {
                    "max": 22,
                    "min": 20
                  }
                ],
                "source_port_range": [
                  {
                    "max": 22,
                    "min": 20
                  }
                ]
              }
            ],
            "time_created": "2023-12-03 03:43:51.911 +0000 UTC",
            "timeouts": null,
            "udp_options": []
          },
          "sensitive_attributes": [],
          "private": "eyJlMmJmYjczMC1lY2FhLTExZTYtOGY4OC0zNDM2M2JjN2M0YzAiOnsiY3JlYXRlIjoxMjAwMDAwMDAwMDAwLCJkZWxldGUiOjEyMDAwMDAwMDAwMDAsInVwZGF0ZSI6MTIwMDAwMDAwMDAwMH19",
          "dependencies": [
            "data.oci_identity_region_subscriptions.HomeRegion",
            "oci_core_network_security_group.Okit_ab8f7d1bbf1c4d2395f83a174b53863f",
            "oci_core_vcn.Okit_4f4e7209b32c4376a3ac0ec7b51e76fb",
            "oci_identity_compartment.Okit_287ec2af89c941eca1e4c6da503cb322"
          ]
        }
      ]
    },
    {
      "mode": "managed",
      "type": "oci_core_network_security_group_security_rule",
      "name": "Okit_c644c707fdd34618aa9b868197c843e4_Rule1",
      "provider": "provider[\"registry.terraform.io/oracle/oci\"]",
      "instances": [
        {
          "schema_version": 0,
          "attributes": {
            "description": "http transport",
            "destination": null,
            "destination_type": "",
            "direction": "INGRESS",
            "icmp_options": [],
            "id": "37CA2F",
            "is_valid": true,
            "network_security_group_id": "ocid1.networksecuritygroup.oc1.eu-frankfurt-1.aaaaaaaankhpli3uj6wl7gwexgtkfbme3xbohyz3q6lhjnwnnui2keqv4ama",
            "protocol": "6",
            "source": "0.0.0.0/0",
            "source_type": "CIDR_BLOCK",
            "stateless": false,
            "tcp_options": [
              {
                "destination_port_range": [
                  {
                    "max": 80,
                    "min": 80
                  }
                ],
                "source_port_range": [
                  {
                    "max": 80,
                    "min": 80
                  }
                ]
              }
            ],
            "time_created": "2023-12-03 03:43:53.306 +0000 UTC",
            "timeouts": null,
            "udp_options": []
          },
          "sensitive_attributes": [],
          "private": "eyJlMmJmYjczMC1lY2FhLTExZTYtOGY4OC0zNDM2M2JjN2M0YzAiOnsiY3JlYXRlIjoxMjAwMDAwMDAwMDAwLCJkZWxldGUiOjEyMDAwMDAwMDAwMDAsInVwZGF0ZSI6MTIwMDAwMDAwMDAwMH19",
          "dependencies": [
            "data.oci_identity_region_subscriptions.HomeRegion",
            "oci_core_network_security_group.Okit_c644c707fdd34618aa9b868197c843e4",
            "oci_core_vcn.Okit_8390953137384be49a52d555e79ff270",
            "oci_identity_compartment.Okit_287ec2af89c941eca1e4c6da503cb322"
          ]
        }
      ]
    },
    {
      "mode": "managed",
      "type": "oci_core_network_security_group_security_rule",
      "name": "Okit_cbeb5c7bd1434afaa2009ab7752e416f_Rule1",
      "provider": "provider[\"registry.terraform.io/oracle/oci\"]",
      "instances": [
        {
          "schema_version": 0,
          "attributes": {
            "description": "https",
            "destination": null,
            "destination_type": "",
            "direction": "INGRESS",
            "icmp_options": [],
            "id": "E078E7",
            "is_valid": true,
            "network_security_group_id": "ocid1.networksecuritygroup.oc1.eu-frankfurt-1.aaaaaaaa323aomeuakdies2fjtpcpqjmd4vz6kz2spqq44evdyxnkoqq3gaa",
            "protocol": "6",
            "source": "0.0.0.0/0",
            "source_type": "CIDR_BLOCK",
            "stateless": false,
            "tcp_options": [
              {
                "destination_port_range": [
                  {
                    "max": 80,
                    "min": 80
                  }
                ],
                "source_port_range": [
                  {
                    "max": 80,
                    "min": 80
                  }
                ]
              }
            ],
            "time_created": "2023-12-03 03:43:52.116 +0000 UTC",
            "timeouts": null,
            "udp_options": []
          },
          "sensitive_attributes": [],
          "private": "eyJlMmJmYjczMC1lY2FhLTExZTYtOGY4OC0zNDM2M2JjN2M0YzAiOnsiY3JlYXRlIjoxMjAwMDAwMDAwMDAwLCJkZWxldGUiOjEyMDAwMDAwMDAwMDAsInVwZGF0ZSI6MTIwMDAwMDAwMDAwMH19",
          "dependencies": [
            "data.oci_identity_region_subscriptions.HomeRegion",
            "oci_core_network_security_group.Okit_cbeb5c7bd1434afaa2009ab7752e416f",
            "oci_core_vcn.Okit_8390953137384be49a52d555e79ff270",
            "oci_identity_compartment.Okit_287ec2af89c941eca1e4c6da503cb322"
          ]
        }
      ]
    },
    {
      "mode": "managed",
      "type": "oci_core_network_security_group_security_rule",
      "name": "Okit_f183bc3fb5e3470cbdb3118ef0ec55d5_Rule1",
      "provider": "provider[\"registry.terraform.io/oracle/oci\"]",
      "instances": [
        {
          "schema_version": 0,
          "attributes": {
            "description": "http transport",
            "destination": null,
            "destination_type": "",
            "direction": "INGRESS",
            "icmp_options": [],
            "id": "7374E0",
            "is_valid": true,
            "network_security_group_id": "ocid1.networksecuritygroup.oc1.eu-frankfurt-1.aaaaaaaani5n5op7mo2kobmxobarhvs7zstxtb7o7ipxumllgekbhk65gnrq",
            "protocol": "6",
            "source": "0.0.0.0/0",
            "source_type": "CIDR_BLOCK",
            "stateless": false,
            "tcp_options": [
              {
                "destination_port_range": [
                  {
                    "max": 80,
                    "min": 80
                  }
                ],
                "source_port_range": [
                  {
                    "max": 80,
                    "min": 80
                  }
                ]
              }
            ],
            "time_created": "2023-12-03 03:43:51.956 +0000 UTC",
            "timeouts": null,
            "udp_options": []
          },
          "sensitive_attributes": [],
          "private": "eyJlMmJmYjczMC1lY2FhLTExZTYtOGY4OC0zNDM2M2JjN2M0YzAiOnsiY3JlYXRlIjoxMjAwMDAwMDAwMDAwLCJkZWxldGUiOjEyMDAwMDAwMDAwMDAsInVwZGF0ZSI6MTIwMDAwMDAwMDAwMH19",
          "dependencies": [
            "data.oci_identity_region_subscriptions.HomeRegion",
            "oci_core_network_security_group.Okit_f183bc3fb5e3470cbdb3118ef0ec55d5",
            "oci_core_vcn.Okit_4f4e7209b32c4376a3ac0ec7b51e76fb",
            "oci_identity_compartment.Okit_287ec2af89c941eca1e4c6da503cb322"
          ]
        }
      ]
    },
    {
      "mode": "managed",
      "type": "oci_core_route_table",
      "name": "Okit_2d03e11e26054f5b82f41c59c5659a9b",
      "provider": "provider[\"registry.terraform.io/oracle/oci\"]",
      "instances": [
        {
          "schema_version": 0,
          "attributes": {
            "compartment_id": "ocid1.compartment.oc1..aaaaaaaaw54otb3tc2rns2xzfk7phgul4c6edror5pdrl3fnqypty477yvsq",
            "defined_tags": {
              "Oracle-Tags.CreatedBy": "default/richard.rotter@oracle.com",
              "Oracle-Tags.CreatedOn": "2023-12-02T22:41:47.753Z"
            },
            "display_name": "QMvcn01rt02lpg",
            "freeform_tags": {
              "okit_model_id": "okit-model-1cdb721d-2479-463b-8771-a88ff9512fde",
              "okit_reference": "okit-7d115785-1ed2-4574-9f6c-6235c3b62640",
              "okit_version": "0.56.0"
            },
            "id": "ocid1.routetable.oc1.eu-frankfurt-1.aaaaaaaay7wbvrddyhai6y46iwipvkmqhuyil54p27zbvcrqkj5khq5np3ha",
            "route_rules": [
              {
                "cidr_block": "",
                "description": "",
                "destination": "192.168.0.0/16",
                "destination_type": "CIDR_BLOCK",
                "network_entity_id": "ocid1.localpeeringgateway.oc1.eu-frankfurt-1.aaaaaaaadvmyvcku6eqolh4ofccujbfu6gizc2nehkar2spbbsjgnadkp4lq",
                "route_type": ""
              }
            ],
            "state": "AVAILABLE",
            "time_created": "2023-12-03 03:43:54.5 +0000 UTC",
            "timeouts": null,
            "vcn_id": "ocid1.vcn.oc1.eu-frankfurt-1.amaaaaaa6szh2sqacq7axiwqhlxbfjoglwya62fwbhns6ce75lqjmlf55ria"
          },
          "sensitive_attributes": [],
          "private": "eyJlMmJmYjczMC1lY2FhLTExZTYtOGY4OC0zNDM2M2JjN2M0YzAiOnsiY3JlYXRlIjoxMjAwMDAwMDAwMDAwLCJkZWxldGUiOjEyMDAwMDAwMDAwMDAsInVwZGF0ZSI6MTIwMDAwMDAwMDAwMH19",
          "dependencies": [
            "data.oci_identity_region_subscriptions.HomeRegion",
            "oci_core_local_peering_gateway.Okit_5a4af84244af4b7dbe250c11cac01f9b",
            "oci_core_local_peering_gateway.Okit_d32d792dd3c54baaa6aed2399759d2ee",
            "oci_core_vcn.Okit_4f4e7209b32c4376a3ac0ec7b51e76fb",
            "oci_core_vcn.Okit_8390953137384be49a52d555e79ff270",
            "oci_identity_compartment.Okit_287ec2af89c941eca1e4c6da503cb322"
          ]
        }
      ]
    },
    {
      "mode": "managed",
      "type": "oci_core_route_table",
      "name": "Okit_abcd96909fce4507918b8dc6397baf32",
      "provider": "provider[\"registry.terraform.io/oracle/oci\"]",
      "instances": [
        {
          "schema_version": 0,
          "attributes": {
            "compartment_id": "ocid1.compartment.oc1..aaaaaaaaw54otb3tc2rns2xzfk7phgul4c6edror5pdrl3fnqypty477yvsq",
            "defined_tags": {
              "Oracle-Tags.CreatedBy": "default/richard.rotter@oracle.com",
              "Oracle-Tags.CreatedOn": "2023-12-02T22:21:32.598Z"
            },
            "display_name": "QMvcn01s01",
            "freeform_tags": {
              "VCN": "VCN-2023-12-02T22:19:58",
              "okit_model_id": "okit-model-1cdb721d-2479-463b-8771-a88ff9512fde",
              "okit_reference": "okit-5b13903f-dc69-46eb-867e-4153884da5b8",
              "okit_version": "0.56.0"
            },
            "id": "ocid1.routetable.oc1.eu-frankfurt-1.aaaaaaaat3mnuaaazhxmee56tzs2l2njn2rdslnjyynasv2gcbenhjvhljiq",
            "route_rules": [
              {
                "cidr_block": "",
                "description": "",
                "destination": "0.0.0.0/0",
                "destination_type": "CIDR_BLOCK",
                "network_entity_id": "ocid1.natgateway.oc1.eu-frankfurt-1.aaaaaaaanv74ubm3ytqxzko6hdxtnlliajba6z3jnafry3g7aqfstngpt66a",
                "route_type": ""
              },
              {
                "cidr_block": "",
                "description": "",
                "destination": "all-fra-services-in-oracle-services-network",
                "destination_type": "SERVICE_CIDR_BLOCK",
                "network_entity_id": "ocid1.servicegateway.oc1.eu-frankfurt-1.aaaaaaaamk5enigajqpdudlwyxgrs4zprxy3otqvbig5ch6ast64egzw5quq",
                "route_type": ""
              }
            ],
            "state": "AVAILABLE",
            "time_created": "2023-12-03 03:43:53.024 +0000 UTC",
            "timeouts": null,
            "vcn_id": "ocid1.vcn.oc1.eu-frankfurt-1.amaaaaaa6szh2sqacq7axiwqhlxbfjoglwya62fwbhns6ce75lqjmlf55ria"
          },
          "sensitive_attributes": [],
          "private": "eyJlMmJmYjczMC1lY2FhLTExZTYtOGY4OC0zNDM2M2JjN2M0YzAiOnsiY3JlYXRlIjoxMjAwMDAwMDAwMDAwLCJkZWxldGUiOjEyMDAwMDAwMDAwMDAsInVwZGF0ZSI6MTIwMDAwMDAwMDAwMH19",
          "dependencies": [
            "data.oci_core_services.AllRegionServices",
            "data.oci_identity_region_subscriptions.HomeRegion",
            "oci_core_nat_gateway.Okit_0e044f27d4a349b68f53d3f38debe187",
            "oci_core_service_gateway.Okit_3e83fbf7f2554f3b97b91e36d52dc803",
            "oci_core_vcn.Okit_4f4e7209b32c4376a3ac0ec7b51e76fb",
            "oci_identity_compartment.Okit_287ec2af89c941eca1e4c6da503cb322"
          ]
        }
      ]
    },
    {
      "mode": "managed",
      "type": "oci_core_route_table",
      "name": "Okit_b99bc1cfa7b1488189ad13719289faee",
      "provider": "provider[\"registry.terraform.io/oracle/oci\"]",
      "instances": [
        {
          "schema_version": 0,
          "attributes": {
            "compartment_id": "ocid1.compartment.oc1..aaaaaaaaw54otb3tc2rns2xzfk7phgul4c6edror5pdrl3fnqypty477yvsq",
            "defined_tags": {
              "Oracle-Tags.CreatedBy": "default/richard.rotter@oracle.com",
              "Oracle-Tags.CreatedOn": "2023-12-02T22:40:52.366Z"
            },
            "display_name": "QMvcn02rt02lpg",
            "freeform_tags": {
              "okit_model_id": "okit-model-1cdb721d-2479-463b-8771-a88ff9512fde",
              "okit_reference": "okit-7d1feb0b-b5aa-413e-b591-d827e0cfd29b",
              "okit_version": "0.56.0"
            },
            "id": "ocid1.routetable.oc1.eu-frankfurt-1.aaaaaaaakyiaikdvgzzlif23vtio3odranttedrr47cba4szm3elfrttpgca",
            "route_rules": [
              {
                "cidr_block": "",
                "description": "",
                "destination": "10.0.0.0/16",
                "destination_type": "CIDR_BLOCK",
                "network_entity_id": "ocid1.localpeeringgateway.oc1.eu-frankfurt-1.aaaaaaaafjyf5nzksjp3gu3nxivyko4sibomv2tb63saihz466ofrcsw52sq",
                "route_type": ""
              }
            ],
            "state": "AVAILABLE",
            "time_created": "2023-12-03 03:43:52.217 +0000 UTC",
            "timeouts": null,
            "vcn_id": "ocid1.vcn.oc1.eu-frankfurt-1.amaaaaaa6szh2sqa23bymjabxoei6ygufr7gwzz45zr4upseio3fqh2zqp5a"
          },
          "sensitive_attributes": [],
          "private": "eyJlMmJmYjczMC1lY2FhLTExZTYtOGY4OC0zNDM2M2JjN2M0YzAiOnsiY3JlYXRlIjoxMjAwMDAwMDAwMDAwLCJkZWxldGUiOjEyMDAwMDAwMDAwMDAsInVwZGF0ZSI6MTIwMDAwMDAwMDAwMH19",
          "dependencies": [
            "data.oci_identity_region_subscriptions.HomeRegion",
            "oci_core_local_peering_gateway.Okit_5a4af84244af4b7dbe250c11cac01f9b",
            "oci_core_vcn.Okit_8390953137384be49a52d555e79ff270",
            "oci_identity_compartment.Okit_287ec2af89c941eca1e4c6da503cb322"
          ]
        }
      ]
    },
    {
      "mode": "managed",
      "type": "oci_core_security_list",
      "name": "Okit_0a3e8966a65e419eb04fe1d3f2da172a",
      "provider": "provider[\"registry.terraform.io/oracle/oci\"]",
      "instances": [
        {
          "schema_version": 0,
          "attributes": {
            "compartment_id": "ocid1.compartment.oc1..aaaaaaaaw54otb3tc2rns2xzfk7phgul4c6edror5pdrl3fnqypty477yvsq",
            "defined_tags": {
              "Oracle-Tags.CreatedBy": "default/richard.rotter@oracle.com",
              "Oracle-Tags.CreatedOn": "2023-12-02T22:21:32.779Z"
            },
            "display_name": "QMvcn01sl01",
            "egress_security_rules": [
              {
                "description": "",
                "destination": "0.0.0.0/0",
                "destination_type": "CIDR_BLOCK",
                "icmp_options": [],
                "protocol": "all",
                "stateless": false,
                "tcp_options": [],
                "udp_options": []
              }
            ],
            "freeform_tags": {
              "VCN": "VCN-2023-12-02T22:19:58",
              "okit_model_id": "okit-model-1cdb721d-2479-463b-8771-a88ff9512fde",
              "okit_reference": "okit-0de3ff66-94ef-47cc-9729-71f67922b47f",
              "okit_version": "0.56.0"
            },
            "id": "ocid1.securitylist.oc1.eu-frankfurt-1.aaaaaaaa52fmenofwjkixtmm3wuqv6n4xzqj7ldncqxjwuxwmao5afnibksq",
            "ingress_security_rules": [
              {
                "description": "",
                "icmp_options": [
                  {
                    "code": -1,
                    "type": 3
                  }
                ],
                "protocol": "1",
                "source": "10.0.0.0/16",
                "source_type": "CIDR_BLOCK",
                "stateless": false,
                "tcp_options": [],
                "udp_options": []
              },
              {
                "description": "",
                "icmp_options": [
                  {
                    "code": 4,
                    "type": 3
                  }
                ],
                "protocol": "1",
                "source": "0.0.0.0/0",
                "source_type": "CIDR_BLOCK",
                "stateless": false,
                "tcp_options": [],
                "udp_options": []
              },
              {
                "description": "",
                "icmp_options": [],
                "protocol": "6",
                "source": "10.0.0.0/16",
                "source_type": "CIDR_BLOCK",
                "stateless": false,
                "tcp_options": [
                  {
                    "max": 22,
                    "min": 22,
                    "source_port_range": []
                  }
                ],
                "udp_options": []
              }
            ],
            "state": "AVAILABLE",
            "time_created": "2023-12-03 03:43:51.438 +0000 UTC",
            "timeouts": null,
            "vcn_id": "ocid1.vcn.oc1.eu-frankfurt-1.amaaaaaa6szh2sqacq7axiwqhlxbfjoglwya62fwbhns6ce75lqjmlf55ria"
          },
          "sensitive_attributes": [],
          "private": "eyJlMmJmYjczMC1lY2FhLTExZTYtOGY4OC0zNDM2M2JjN2M0YzAiOnsiY3JlYXRlIjoxMjAwMDAwMDAwMDAwLCJkZWxldGUiOjEyMDAwMDAwMDAwMDAsInVwZGF0ZSI6MTIwMDAwMDAwMDAwMH19",
          "dependencies": [
            "data.oci_identity_region_subscriptions.HomeRegion",
            "oci_core_vcn.Okit_4f4e7209b32c4376a3ac0ec7b51e76fb",
            "oci_identity_compartment.Okit_287ec2af89c941eca1e4c6da503cb322"
          ]
        }
      ]
    },
    {
      "mode": "managed",
      "type": "oci_core_service_gateway",
      "name": "Okit_3e83fbf7f2554f3b97b91e36d52dc803",
      "provider": "provider[\"registry.terraform.io/oracle/oci\"]",
      "instances": [
        {
          "schema_version": 0,
          "attributes": {
            "block_traffic": false,
            "compartment_id": "ocid1.compartment.oc1..aaaaaaaaw54otb3tc2rns2xzfk7phgul4c6edror5pdrl3fnqypty477yvsq",
            "defined_tags": {
              "Oracle-Tags.CreatedBy": "default/richard.rotter@oracle.com",
              "Oracle-Tags.CreatedOn": "2023-12-02T22:21:32.685Z"
            },
            "display_name": "QMvcn01sgw",
            "freeform_tags": {
              "VCN": "VCN-2023-12-02T22:19:58",
              "okit_model_id": "okit-model-1cdb721d-2479-463b-8771-a88ff9512fde",
              "okit_reference": "okit-ea1b9116-5cbf-4f24-9bd7-43c2988f46df",
              "okit_version": "0.56.0"
            },
            "id": "ocid1.servicegateway.oc1.eu-frankfurt-1.aaaaaaaamk5enigajqpdudlwyxgrs4zprxy3otqvbig5ch6ast64egzw5quq",
            "route_table_id": null,
            "services": [
              {
                "service_id": "ocid1.service.oc1.eu-frankfurt-1.aaaaaaaa7ncsqkj6lkz36dehifizupyn6qjqsmtepsegs23yyntnsy7qrvea",
                "service_name": "All FRA Services In Oracle Services Network"
              }
            ],
            "state": "AVAILABLE",
            "time_created": "2023-12-03 03:43:51.514 +0000 UTC",
            "timeouts": null,
            "vcn_id": "ocid1.vcn.oc1.eu-frankfurt-1.amaaaaaa6szh2sqacq7axiwqhlxbfjoglwya62fwbhns6ce75lqjmlf55ria"
          },
          "sensitive_attributes": [],
          "private": "eyJlMmJmYjczMC1lY2FhLTExZTYtOGY4OC0zNDM2M2JjN2M0YzAiOnsiY3JlYXRlIjoxMjAwMDAwMDAwMDAwLCJkZWxldGUiOjEyMDAwMDAwMDAwMDAsInVwZGF0ZSI6MTIwMDAwMDAwMDAwMH19",
          "dependencies": [
            "data.oci_core_services.AllRegionServices",
            "data.oci_identity_region_subscriptions.HomeRegion",
            "oci_core_vcn.Okit_4f4e7209b32c4376a3ac0ec7b51e76fb",
            "oci_identity_compartment.Okit_287ec2af89c941eca1e4c6da503cb322"
          ]
        }
      ]
    },
    {
      "mode": "managed",
      "type": "oci_core_subnet",
      "name": "Okit_496913e2c9ba4e9d961bff582cd07d8f",
      "provider": "provider[\"registry.terraform.io/oracle/oci\"]",
      "instances": [
        {
          "schema_version": 0,
          "attributes": {
            "availability_domain": null,
            "cidr_block": "192.168.2.0/24",
            "compartment_id": "ocid1.compartment.oc1..aaaaaaaaw54otb3tc2rns2xzfk7phgul4c6edror5pdrl3fnqypty477yvsq",
            "defined_tags": {
              "Oracle-Tags.CreatedBy": "default/richard.rotter@oracle.com",
              "Oracle-Tags.CreatedOn": "2023-12-02T22:29:53.808Z"
            },
            "dhcp_options_id": "ocid1.dhcpoptions.oc1.eu-frankfurt-1.aaaaaaaaf47k6vap3ynxozvcfr7ttyekqiruqpi76crb2ejlh445763zgq3q",
            "display_name": "vcn02sn02",
            "dns_label": "vcn02sn02",
            "freeform_tags": {
              "okit_model_id": "okit-model-1cdb721d-2479-463b-8771-a88ff9512fde",
              "okit_reference": "okit-b46066ba-3e88-4b4b-bf1f-6c529b630381",
              "okit_version": "0.56.0"
            },
            "id": "ocid1.subnet.oc1.eu-frankfurt-1.aaaaaaaalst4hskydlibi7ntsutesafxbdmf3l5wwqhp6qxstjpitdiz42oa",
            "ipv6cidr_block": null,
            "ipv6cidr_blocks": [],
            "ipv6virtual_router_ip": null,
            "prohibit_internet_ingress": true,
            "prohibit_public_ip_on_vnic": true,
            "route_table_id": "ocid1.routetable.oc1.eu-frankfurt-1.aaaaaaaarc2d7rgg72eo3qeaphlcglgdckwuftcemfhyaytgpuqf25kqgl5a",
            "security_list_ids": [
              "ocid1.securitylist.oc1.eu-frankfurt-1.aaaaaaaarj2cnxepnsey4pccbsrovltcixa27wtxuluoki3dvb7tu5nijika"
            ],
            "state": "AVAILABLE",
            "subnet_domain_name": "vcn02sn02.qmvcn02.oraclevcn.com",
            "time_created": "2023-12-03 03:43:53.559 +0000 UTC",
            "timeouts": null,
            "vcn_id": "ocid1.vcn.oc1.eu-frankfurt-1.amaaaaaa6szh2sqa23bymjabxoei6ygufr7gwzz45zr4upseio3fqh2zqp5a",
            "virtual_router_ip": "192.168.2.1",
            "virtual_router_mac": "00:00:17:83:E1:34"
          },
          "sensitive_attributes": [],
          "private": "eyJlMmJmYjczMC1lY2FhLTExZTYtOGY4OC0zNDM2M2JjN2M0YzAiOnsiY3JlYXRlIjoxMjAwMDAwMDAwMDAwLCJkZWxldGUiOjEyMDAwMDAwMDAwMDAsInVwZGF0ZSI6MTIwMDAwMDAwMDAwMH19",
          "dependencies": [
            "data.oci_identity_region_subscriptions.HomeRegion",
            "oci_core_default_dhcp_options.Okit_cc2cebc3e9fb4ce7815e3757021af7d6",
            "oci_core_default_route_table.Okit_64fe137b9ab6450189eaaa7238cf9717",
            "oci_core_default_security_list.Okit_225b68a6768245dcb637a72daae53dfa",
            "oci_core_local_peering_gateway.Okit_5a4af84244af4b7dbe250c11cac01f9b",
            "oci_core_nat_gateway.Okit_6a7018cf56184c22a9fccdb9eb8ed7f7",
            "oci_core_vcn.Okit_8390953137384be49a52d555e79ff270",
            "oci_identity_compartment.Okit_287ec2af89c941eca1e4c6da503cb322"
          ]
        }
      ]
    },
    {
      "mode": "managed",
      "type": "oci_core_subnet",
      "name": "Okit_5589bd010f194b2f941eac1a5726d92d",
      "provider": "provider[\"registry.terraform.io/oracle/oci\"]",
      "instances": [
        {
          "schema_version": 0,
          "attributes": {
            "availability_domain": null,
            "cidr_block": "192.168.1.0/24",
            "compartment_id": "ocid1.compartment.oc1..aaaaaaaaw54otb3tc2rns2xzfk7phgul4c6edror5pdrl3fnqypty477yvsq",
            "defined_tags": {
              "Oracle-Tags.CreatedBy": "default/richard.rotter@oracle.com",
              "Oracle-Tags.CreatedOn": "2023-12-02T22:29:03.378Z"
            },
            "dhcp_options_id": "ocid1.dhcpoptions.oc1.eu-frankfurt-1.aaaaaaaaf47k6vap3ynxozvcfr7ttyekqiruqpi76crb2ejlh445763zgq3q",
            "display_name": "QMvcn02s01",
            "dns_label": "qmvcn02s01",
            "freeform_tags": {
              "okit_model_id": "okit-model-1cdb721d-2479-463b-8771-a88ff9512fde",
              "okit_reference": "okit-99d24f14-340a-47c8-bbf6-6198b5228993",
              "okit_version": "0.56.0"
            },
            "id": "ocid1.subnet.oc1.eu-frankfurt-1.aaaaaaaazbdyjz4j5lfrjr5bzaidwhkkrzbmp7s6lhgfxkb2n55lnfm7c4ca",
            "ipv6cidr_block": null,
            "ipv6cidr_blocks": [],
            "ipv6virtual_router_ip": null,
            "prohibit_internet_ingress": true,
            "prohibit_public_ip_on_vnic": true,
            "route_table_id": "ocid1.routetable.oc1.eu-frankfurt-1.aaaaaaaarc2d7rgg72eo3qeaphlcglgdckwuftcemfhyaytgpuqf25kqgl5a",
            "security_list_ids": [
              "ocid1.securitylist.oc1.eu-frankfurt-1.aaaaaaaarj2cnxepnsey4pccbsrovltcixa27wtxuluoki3dvb7tu5nijika"
            ],
            "state": "AVAILABLE",
            "subnet_domain_name": "qmvcn02s01.qmvcn02.oraclevcn.com",
            "time_created": "2023-12-03 03:43:53.239 +0000 UTC",
            "timeouts": null,
            "vcn_id": "ocid1.vcn.oc1.eu-frankfurt-1.amaaaaaa6szh2sqa23bymjabxoei6ygufr7gwzz45zr4upseio3fqh2zqp5a",
            "virtual_router_ip": "192.168.1.1",
            "virtual_router_mac": "00:00:17:83:E1:34"
          },
          "sensitive_attributes": [],
          "private": "eyJlMmJmYjczMC1lY2FhLTExZTYtOGY4OC0zNDM2M2JjN2M0YzAiOnsiY3JlYXRlIjoxMjAwMDAwMDAwMDAwLCJkZWxldGUiOjEyMDAwMDAwMDAwMDAsInVwZGF0ZSI6MTIwMDAwMDAwMDAwMH19",
          "dependencies": [
            "data.oci_identity_region_subscriptions.HomeRegion",
            "oci_core_default_dhcp_options.Okit_cc2cebc3e9fb4ce7815e3757021af7d6",
            "oci_core_default_route_table.Okit_64fe137b9ab6450189eaaa7238cf9717",
            "oci_core_default_security_list.Okit_225b68a6768245dcb637a72daae53dfa",
            "oci_core_local_peering_gateway.Okit_5a4af84244af4b7dbe250c11cac01f9b",
            "oci_core_nat_gateway.Okit_6a7018cf56184c22a9fccdb9eb8ed7f7",
            "oci_core_vcn.Okit_8390953137384be49a52d555e79ff270",
            "oci_identity_compartment.Okit_287ec2af89c941eca1e4c6da503cb322"
          ]
        }
      ]
    },
    {
      "mode": "managed",
      "type": "oci_core_subnet",
      "name": "Okit_7a710c6e067846878a5bed64db66b0cb",
      "provider": "provider[\"registry.terraform.io/oracle/oci\"]",
      "instances": [
        {
          "schema_version": 0,
          "attributes": {
            "availability_domain": null,
            "cidr_block": "10.0.0.0/24",
            "compartment_id": "ocid1.compartment.oc1..aaaaaaaaw54otb3tc2rns2xzfk7phgul4c6edror5pdrl3fnqypty477yvsq",
            "defined_tags": {
              "Oracle-Tags.CreatedBy": "default/richard.rotter@oracle.com",
              "Oracle-Tags.CreatedOn": "2023-12-02T22:21:32.479Z"
            },
            "dhcp_options_id": "ocid1.dhcpoptions.oc1.eu-frankfurt-1.aaaaaaaaxj6fioiaencylmlp66mt7pzvfktdgpzbkdujlqvh2tint2cchxkq",
            "display_name": "QMvnc01s01",
            "dns_label": "sub12022221180",
            "freeform_tags": {
              "VCN": "VCN-2023-12-02T22:19:58",
              "okit_model_id": "okit-model-1cdb721d-2479-463b-8771-a88ff9512fde",
              "okit_reference": "okit-25208d9b-22d6-4308-84f9-2875957bf24c",
              "okit_version": "0.56.0"
            },
            "id": "ocid1.subnet.oc1.eu-frankfurt-1.aaaaaaaaqeyx3fwmnubadm3dkvo5kzbriokna2izjijfr6zy37kkoe7tmgya",
            "ipv6cidr_block": null,
            "ipv6cidr_blocks": [],
            "ipv6virtual_router_ip": null,
            "prohibit_internet_ingress": false,
            "prohibit_public_ip_on_vnic": false,
            "route_table_id": "ocid1.routetable.oc1.eu-frankfurt-1.aaaaaaaa3tioh7b4bsdwmkucpnj5qfzahdmuea3ko7il6znd2d76hw7tuxqq",
            "security_list_ids": [
              "ocid1.securitylist.oc1.eu-frankfurt-1.aaaaaaaa2bn3vg6vneiyymzblum2w7dwk4x64i56smnoj2h7cczcustpnuia"
            ],
            "state": "AVAILABLE",
            "subnet_domain_name": "sub12022221180.qmvcn01.oraclevcn.com",
            "time_created": "2023-12-03 03:43:54.008 +0000 UTC",
            "timeouts": null,
            "vcn_id": "ocid1.vcn.oc1.eu-frankfurt-1.amaaaaaa6szh2sqacq7axiwqhlxbfjoglwya62fwbhns6ce75lqjmlf55ria",
            "virtual_router_ip": "10.0.0.1",
            "virtual_router_mac": "00:00:17:62:AB:20"
          },
          "sensitive_attributes": [],
          "private": "eyJlMmJmYjczMC1lY2FhLTExZTYtOGY4OC0zNDM2M2JjN2M0YzAiOnsiY3JlYXRlIjoxMjAwMDAwMDAwMDAwLCJkZWxldGUiOjEyMDAwMDAwMDAwMDAsInVwZGF0ZSI6MTIwMDAwMDAwMDAwMH19",
          "dependencies": [
            "data.oci_identity_region_subscriptions.HomeRegion",
            "oci_core_default_dhcp_options.Okit_6e70de1d9aa445a9a38415896396ea17",
            "oci_core_default_route_table.Okit_b9883997a0114698a048ef0f9598ffb3",
            "oci_core_default_security_list.Okit_2ede6355d73745c98f12143c49b24a8b",
            "oci_core_internet_gateway.Okit_ddbd6788be5748f1912c7aef51abe4b4",
            "oci_core_vcn.Okit_4f4e7209b32c4376a3ac0ec7b51e76fb",
            "oci_identity_compartment.Okit_287ec2af89c941eca1e4c6da503cb322"
          ]
        }
      ]
    },
    {
      "mode": "managed",
      "type": "oci_core_subnet",
      "name": "Okit_S_1701573713155",
      "provider": "provider[\"registry.terraform.io/oracle/oci\"]",
      "instances": [
        {
          "schema_version": 0,
          "attributes": {
            "availability_domain": null,
            "cidr_block": "172.16.1.0/24",
            "compartment_id": "ocid1.compartment.oc1..aaaaaaaaw54otb3tc2rns2xzfk7phgul4c6edror5pdrl3fnqypty477yvsq",
            "defined_tags": {
              "Oracle-Tags.CreatedBy": "default/rotter633@gmail.com",
              "Oracle-Tags.CreatedOn": "2023-12-03T03:43:52.196Z"
            },
            "dhcp_options_id": "ocid1.dhcpoptions.oc1.eu-frankfurt-1.aaaaaaaahrngix6pdy3y5eu6imrmxsocvt6q2wssdujew6kffywwcz27dzqq",
            "display_name": "QMvcn03s01",
            "dns_label": "qmvcns",
            "freeform_tags": {
              "okit_model_id": "okit-model-1cdb721d-2479-463b-8771-a88ff9512fde",
              "okit_reference": "okit-8e5496a5-b116-454f-85f8-04eb0189ccbc",
              "okit_version": "0.56.0"
            },
            "id": "ocid1.subnet.oc1.eu-frankfurt-1.aaaaaaaam6hbvjqkn3h7fieritvyt2zidxi2cczlv2n5ytielgyuvilivkfq",
            "ipv6cidr_block": null,
            "ipv6cidr_blocks": [],
            "ipv6virtual_router_ip": null,
            "prohibit_internet_ingress": true,
            "prohibit_public_ip_on_vnic": true,
            "route_table_id": "ocid1.routetable.oc1.eu-frankfurt-1.aaaaaaaazrxq4uggjwuaan54qmkvt2sytevusyxt3e2zr3fhe573bzoq47wa",
            "security_list_ids": [
              "ocid1.securitylist.oc1.eu-frankfurt-1.aaaaaaaaruzg72cu4dii47nzrw5h5pwramjhfwqhzuq2o3t5budddalvkecq"
            ],
            "state": "AVAILABLE",
            "subnet_domain_name": "qmvcns.qmvcn03.oraclevcn.com",
            "time_created": "2023-12-03 03:43:52.239 +0000 UTC",
            "timeouts": null,
            "vcn_id": "ocid1.vcn.oc1.eu-frankfurt-1.amaaaaaa6szh2sqadf7rhhnnc4ah332xxguy6nxyodqnaojx6zm455s6siqq",
            "virtual_router_ip": "172.16.1.1",
            "virtual_router_mac": "00:00:17:23:6E:F7"
          },
          "sensitive_attributes": [],
          "private": "eyJlMmJmYjczMC1lY2FhLTExZTYtOGY4OC0zNDM2M2JjN2M0YzAiOnsiY3JlYXRlIjoxMjAwMDAwMDAwMDAwLCJkZWxldGUiOjEyMDAwMDAwMDAwMDAsInVwZGF0ZSI6MTIwMDAwMDAwMDAwMH19",
          "dependencies": [
            "data.oci_identity_region_subscriptions.HomeRegion",
            "oci_core_default_dhcp_options.Okit_cfa95029fa6f44fdb4e720434d576197",
            "oci_core_default_route_table.Okit_e616c240510f4dc0900425526133ad4e",
            "oci_core_default_security_list.Okit_5571ba5143254d86b2ae547b1abb9cca",
            "oci_core_vcn.Okit_f906b12f37c7441f9ddf27f2aaf506bc",
            "oci_identity_compartment.Okit_287ec2af89c941eca1e4c6da503cb322"
          ]
        }
      ]
    },
    {
      "mode": "managed",
      "type": "oci_core_vcn",
      "name": "Okit_4f4e7209b32c4376a3ac0ec7b51e76fb",
      "provider": "provider[\"registry.terraform.io/oracle/oci\"]",
      "instances": [
        {
          "schema_version": 0,
          "attributes": {
            "byoipv6cidr_blocks": [],
            "byoipv6cidr_details": null,
            "cidr_block": "10.0.0.0/16",
            "cidr_blocks": [
              "10.0.0.0/16"
            ],
            "compartment_id": "ocid1.compartment.oc1..aaaaaaaaw54otb3tc2rns2xzfk7phgul4c6edror5pdrl3fnqypty477yvsq",
            "default_dhcp_options_id": "ocid1.dhcpoptions.oc1.eu-frankfurt-1.aaaaaaaaxj6fioiaencylmlp66mt7pzvfktdgpzbkdujlqvh2tint2cchxkq",
            "default_route_table_id": "ocid1.routetable.oc1.eu-frankfurt-1.aaaaaaaa3tioh7b4bsdwmkucpnj5qfzahdmuea3ko7il6znd2d76hw7tuxqq",
            "default_security_list_id": "ocid1.securitylist.oc1.eu-frankfurt-1.aaaaaaaa2bn3vg6vneiyymzblum2w7dwk4x64i56smnoj2h7cczcustpnuia",
            "defined_tags": {
              "Oracle-Tags.CreatedBy": "default/richard.rotter@oracle.com",
              "Oracle-Tags.CreatedOn": "2023-12-02T22:21:31.869Z"
            },
            "display_name": "QMvcn01",
            "dns_label": "qmvcn01",
            "freeform_tags": {
              "VCN": "VCN-2023-12-02T22:19:58",
              "okit_model_id": "okit-model-1cdb721d-2479-463b-8771-a88ff9512fde",
              "okit_reference": "okit-a8cb6425-a809-4576-866a-05a14150e4b9",
              "okit_version": "0.56.0"
            },
            "id": "ocid1.vcn.oc1.eu-frankfurt-1.amaaaaaa6szh2sqacq7axiwqhlxbfjoglwya62fwbhns6ce75lqjmlf55ria",
            "ipv6cidr_blocks": [],
            "ipv6private_cidr_blocks": [],
            "is_ipv6enabled": false,
            "is_oracle_gua_allocation_enabled": null,
            "state": "AVAILABLE",
            "time_created": "2023-12-03 03:43:50.264 +0000 UTC",
            "timeouts": null,
            "vcn_domain_name": "qmvcn01.oraclevcn.com"
          },
          "sensitive_attributes": [],
          "private": "eyJlMmJmYjczMC1lY2FhLTExZTYtOGY4OC0zNDM2M2JjN2M0YzAiOnsiY3JlYXRlIjoxMjAwMDAwMDAwMDAwLCJkZWxldGUiOjEyMDAwMDAwMDAwMDAsInVwZGF0ZSI6MTIwMDAwMDAwMDAwMH19",
          "dependencies": [
            "data.oci_identity_region_subscriptions.HomeRegion",
            "oci_identity_compartment.Okit_287ec2af89c941eca1e4c6da503cb322"
          ]
        }
      ]
    },
    {
      "mode": "managed",
      "type": "oci_core_vcn",
      "name": "Okit_8390953137384be49a52d555e79ff270",
      "provider": "provider[\"registry.terraform.io/oracle/oci\"]",
      "instances": [
        {
          "schema_version": 0,
          "attributes": {
            "byoipv6cidr_blocks": [],
            "byoipv6cidr_details": null,
            "cidr_block": "192.168.0.0/16",
            "cidr_blocks": [
              "192.168.0.0/16"
            ],
            "compartment_id": "ocid1.compartment.oc1..aaaaaaaaw54otb3tc2rns2xzfk7phgul4c6edror5pdrl3fnqypty477yvsq",
            "default_dhcp_options_id": "ocid1.dhcpoptions.oc1.eu-frankfurt-1.aaaaaaaaf47k6vap3ynxozvcfr7ttyekqiruqpi76crb2ejlh445763zgq3q",
            "default_route_table_id": "ocid1.routetable.oc1.eu-frankfurt-1.aaaaaaaarc2d7rgg72eo3qeaphlcglgdckwuftcemfhyaytgpuqf25kqgl5a",
            "default_security_list_id": "ocid1.securitylist.oc1.eu-frankfurt-1.aaaaaaaarj2cnxepnsey4pccbsrovltcixa27wtxuluoki3dvb7tu5nijika",
            "defined_tags": {
              "Oracle-Tags.CreatedBy": "default/richard.rotter@oracle.com",
              "Oracle-Tags.CreatedOn": "2023-12-02T22:23:54.847Z"
            },
            "display_name": "QMvcn02",
            "dns_label": "qmvcn02",
            "freeform_tags": {
              "okit_model_id": "okit-model-1cdb721d-2479-463b-8771-a88ff9512fde",
              "okit_reference": "okit-a0ddce40-7750-42ea-b006-47d401474dae",
              "okit_version": "0.56.0"
            },
            "id": "ocid1.vcn.oc1.eu-frankfurt-1.amaaaaaa6szh2sqa23bymjabxoei6ygufr7gwzz45zr4upseio3fqh2zqp5a",
            "ipv6cidr_blocks": [],
            "ipv6private_cidr_blocks": [],
            "is_ipv6enabled": false,
            "is_oracle_gua_allocation_enabled": null,
            "state": "AVAILABLE",
            "time_created": "2023-12-03 03:43:50.321 +0000 UTC",
            "timeouts": null,
            "vcn_domain_name": "qmvcn02.oraclevcn.com"
          },
          "sensitive_attributes": [],
          "private": "eyJlMmJmYjczMC1lY2FhLTExZTYtOGY4OC0zNDM2M2JjN2M0YzAiOnsiY3JlYXRlIjoxMjAwMDAwMDAwMDAwLCJkZWxldGUiOjEyMDAwMDAwMDAwMDAsInVwZGF0ZSI6MTIwMDAwMDAwMDAwMH19",
          "dependencies": [
            "data.oci_identity_region_subscriptions.HomeRegion",
            "oci_identity_compartment.Okit_287ec2af89c941eca1e4c6da503cb322"
          ]
        }
      ]
    },
    {
      "mode": "managed",
      "type": "oci_core_vcn",
      "name": "Okit_f906b12f37c7441f9ddf27f2aaf506bc",
      "provider": "provider[\"registry.terraform.io/oracle/oci\"]",
      "instances": [
        {
          "schema_version": 0,
          "attributes": {
            "byoipv6cidr_blocks": [],
            "byoipv6cidr_details": null,
            "cidr_block": "172.16.0.0/16",
            "cidr_blocks": [
              "172.16.0.0/16"
            ],
            "compartment_id": "ocid1.compartment.oc1..aaaaaaaaw54otb3tc2rns2xzfk7phgul4c6edror5pdrl3fnqypty477yvsq",
            "default_dhcp_options_id": "ocid1.dhcpoptions.oc1.eu-frankfurt-1.aaaaaaaahrngix6pdy3y5eu6imrmxsocvt6q2wssdujew6kffywwcz27dzqq",
            "default_route_table_id": "ocid1.routetable.oc1.eu-frankfurt-1.aaaaaaaazrxq4uggjwuaan54qmkvt2sytevusyxt3e2zr3fhe573bzoq47wa",
            "default_security_list_id": "ocid1.securitylist.oc1.eu-frankfurt-1.aaaaaaaaruzg72cu4dii47nzrw5h5pwramjhfwqhzuq2o3t5budddalvkecq",
            "defined_tags": {
              "Oracle-Tags.CreatedBy": "default/rotter633@gmail.com",
              "Oracle-Tags.CreatedOn": "2023-12-03T03:19:02.126Z"
            },
            "display_name": "QMvcn03",
            "dns_label": "qmvcn03",
            "freeform_tags": {
              "okit_model_id": "okit-model-1cdb721d-2479-463b-8771-a88ff9512fde",
              "okit_reference": "okit-d0c4941b-07b6-44d1-ba41-83c6130db6d4",
              "okit_version": "0.56.0"
            },
            "id": "ocid1.vcn.oc1.eu-frankfurt-1.amaaaaaa6szh2sqadf7rhhnnc4ah332xxguy6nxyodqnaojx6zm455s6siqq",
            "ipv6cidr_blocks": [],
            "ipv6private_cidr_blocks": [],
            "is_ipv6enabled": false,
            "is_oracle_gua_allocation_enabled": null,
            "state": "AVAILABLE",
            "time_created": "2023-12-03 03:43:50.264 +0000 UTC",
            "timeouts": null,
            "vcn_domain_name": "qmvcn03.oraclevcn.com"
          },
          "sensitive_attributes": [],
          "private": "eyJlMmJmYjczMC1lY2FhLTExZTYtOGY4OC0zNDM2M2JjN2M0YzAiOnsiY3JlYXRlIjoxMjAwMDAwMDAwMDAwLCJkZWxldGUiOjEyMDAwMDAwMDAwMDAsInVwZGF0ZSI6MTIwMDAwMDAwMDAwMH19",
          "dependencies": [
            "data.oci_identity_region_subscriptions.HomeRegion",
            "oci_identity_compartment.Okit_287ec2af89c941eca1e4c6da503cb322"
          ]
        }
      ]
    },
    {
      "mode": "managed",
      "type": "oci_identity_compartment",
      "name": "Okit_287ec2af89c941eca1e4c6da503cb322",
      "provider": "provider[\"registry.terraform.io/oracle/oci\"].home_region",
      "instances": [
        {
          "schema_version": 0,
          "attributes": {
            "compartment_id": "ocid1.compartment.oc1..aaaaaaaazssgidvryyk3ptjq35dstrbjoc3ndub6lznuhnuqgqommezjddfa",
            "defined_tags": {
              "Oracle-Tags.CreatedBy": "default/richard.rotter@oracle.com",
              "Oracle-Tags.CreatedOn": "2023-12-02T22:17:35.342Z"
            },
            "description": "Compartment for Networks",
            "enable_delete": false,
            "freeform_tags": {
              "okit_model_id": "okit-model-1cdb721d-2479-463b-8771-a88ff9512fde",
              "okit_reference": "okit-1f7494ea-58ab-4b81-a9bf-57ecbb14ac7b",
              "okit_version": "0.56.0"
            },
            "id": "ocid1.compartment.oc1..aaaaaaaaw54otb3tc2rns2xzfk7phgul4c6edror5pdrl3fnqypty477yvsq",
            "inactive_state": null,
            "is_accessible": true,
            "name": "QMNetComp",
            "state": "ACTIVE",
            "time_created": "2023-12-02 22:17:35.398 +0000 UTC",
            "timeouts": null
          },
          "sensitive_attributes": [],
          "private": "eyJlMmJmYjczMC1lY2FhLTExZTYtOGY4OC0zNDM2M2JjN2M0YzAiOnsiZGVsZXRlIjo1NDAwMDAwMDAwMDAwfX0=",
          "dependencies": [
            "data.oci_identity_region_subscriptions.HomeRegion"
          ]
        }
      ]
    },
    {
      "mode": "managed",
      "type": "oci_identity_compartment",
      "name": "Okit_6f8394f5a1024176b7c7d011fa004a2d",
      "provider": "provider[\"registry.terraform.io/oracle/oci\"].home_region",
      "instances": [
        {
          "schema_version": 0,
          "attributes": {
            "compartment_id": "ocid1.compartment.oc1..aaaaaaaazssgidvryyk3ptjq35dstrbjoc3ndub6lznuhnuqgqommezjddfa",
            "defined_tags": {
              "Oracle-Tags.CreatedBy": "default/richard.rotter@oracle.com",
              "Oracle-Tags.CreatedOn": "2023-12-02T00:37:27.886Z"
            },
            "description": "compartments for instances",
            "enable_delete": false,
            "freeform_tags": {
              "okit_model_id": "okit-model-1cdb721d-2479-463b-8771-a88ff9512fde",
              "okit_reference": "okit-fa9e9d6f-abb8-4c64-8f38-ed4c7abf62e0",
              "okit_version": "0.56.0"
            },
            "id": "ocid1.compartment.oc1..aaaaaaaaiaj3rw5kmtfzvlapibjednkxqkcowyloo6fd2wahujfi7eqqor7q",
            "inactive_state": null,
            "is_accessible": true,
            "name": "QMInstComp",
            "state": "ACTIVE",
            "time_created": "2023-12-02 00:37:27.961 +0000 UTC",
            "timeouts": null
          },
          "sensitive_attributes": [],
          "private": "eyJlMmJmYjczMC1lY2FhLTExZTYtOGY4OC0zNDM2M2JjN2M0YzAiOnsiZGVsZXRlIjo1NDAwMDAwMDAwMDAwfX0=",
          "dependencies": [
            "data.oci_identity_region_subscriptions.HomeRegion"
          ]
        }
      ]
    }
  ],
  "check_results": null
}
